<Project xmlns="http://schemas.microsoft.com/developer/msbuild/2003">
    <PropertyGroup>
        <ProjectGuid>{92BEB207-5C56-4D00-BD10-136E544ADCC2}</ProjectGuid>
        <MainSource>EverestLite.dpr</MainSource>
        <Base>True</Base>
        <Config Condition="'$(Config)'==''">Debug</Config>
        <TargetedPlatforms>1</TargetedPlatforms>
        <AppType>Console</AppType>
        <FrameworkType>None</FrameworkType>
        <ProjectVersion>18.1</ProjectVersion>
        <Platform Condition="'$(Platform)'==''">Win32</Platform>
    </PropertyGroup>
    <PropertyGroup Condition="'$(Config)'=='Base' or '$(Base)'!=''">
        <Base>true</Base>
    </PropertyGroup>
    <PropertyGroup Condition="('$(Platform)'=='Android' and '$(Base)'=='true') or '$(Base_Android)'!=''">
        <Base_Android>true</Base_Android>
        <CfgParent>Base</CfgParent>
        <Base>true</Base>
    </PropertyGroup>
    <PropertyGroup Condition="('$(Platform)'=='iOSDevice32' and '$(Base)'=='true') or '$(Base_iOSDevice32)'!=''">
        <Base_iOSDevice32>true</Base_iOSDevice32>
        <CfgParent>Base</CfgParent>
        <Base>true</Base>
    </PropertyGroup>
    <PropertyGroup Condition="('$(Platform)'=='iOSDevice64' and '$(Base)'=='true') or '$(Base_iOSDevice64)'!=''">
        <Base_iOSDevice64>true</Base_iOSDevice64>
        <CfgParent>Base</CfgParent>
        <Base>true</Base>
    </PropertyGroup>
    <PropertyGroup Condition="('$(Platform)'=='iOSSimulator' and '$(Base)'=='true') or '$(Base_iOSSimulator)'!=''">
        <Base_iOSSimulator>true</Base_iOSSimulator>
        <CfgParent>Base</CfgParent>
        <Base>true</Base>
    </PropertyGroup>
    <PropertyGroup Condition="('$(Platform)'=='OSX32' and '$(Base)'=='true') or '$(Base_OSX32)'!=''">
        <Base_OSX32>true</Base_OSX32>
        <CfgParent>Base</CfgParent>
        <Base>true</Base>
    </PropertyGroup>
    <PropertyGroup Condition="('$(Platform)'=='Win32' and '$(Base)'=='true') or '$(Base_Win32)'!=''">
        <Base_Win32>true</Base_Win32>
        <CfgParent>Base</CfgParent>
        <Base>true</Base>
    </PropertyGroup>
    <PropertyGroup Condition="('$(Platform)'=='Win64' and '$(Base)'=='true') or '$(Base_Win64)'!=''">
        <Base_Win64>true</Base_Win64>
        <CfgParent>Base</CfgParent>
        <Base>true</Base>
    </PropertyGroup>
    <PropertyGroup Condition="'$(Config)'=='Release' or '$(Cfg_1)'!=''">
        <Cfg_1>true</Cfg_1>
        <CfgParent>Base</CfgParent>
        <Base>true</Base>
    </PropertyGroup>
    <PropertyGroup Condition="'$(Config)'=='Debug' or '$(Cfg_2)'!=''">
        <Cfg_2>true</Cfg_2>
        <CfgParent>Base</CfgParent>
        <Base>true</Base>
    </PropertyGroup>
    <PropertyGroup Condition="('$(Platform)'=='iOSDevice32' and '$(Cfg_2)'=='true') or '$(Cfg_2_iOSDevice32)'!=''">
        <Cfg_2_iOSDevice32>true</Cfg_2_iOSDevice32>
        <CfgParent>Cfg_2</CfgParent>
        <Cfg_2>true</Cfg_2>
        <Base>true</Base>
    </PropertyGroup>
    <PropertyGroup Condition="('$(Platform)'=='iOSDevice64' and '$(Cfg_2)'=='true') or '$(Cfg_2_iOSDevice64)'!=''">
        <Cfg_2_iOSDevice64>true</Cfg_2_iOSDevice64>
        <CfgParent>Cfg_2</CfgParent>
        <Cfg_2>true</Cfg_2>
        <Base>true</Base>
    </PropertyGroup>
    <PropertyGroup Condition="('$(Platform)'=='iOSSimulator' and '$(Cfg_2)'=='true') or '$(Cfg_2_iOSSimulator)'!=''">
        <Cfg_2_iOSSimulator>true</Cfg_2_iOSSimulator>
        <CfgParent>Cfg_2</CfgParent>
        <Cfg_2>true</Cfg_2>
        <Base>true</Base>
    </PropertyGroup>
    <PropertyGroup Condition="('$(Platform)'=='OSX32' and '$(Cfg_2)'=='true') or '$(Cfg_2_OSX32)'!=''">
        <Cfg_2_OSX32>true</Cfg_2_OSX32>
        <CfgParent>Cfg_2</CfgParent>
        <Cfg_2>true</Cfg_2>
        <Base>true</Base>
    </PropertyGroup>
    <PropertyGroup Condition="('$(Platform)'=='Win32' and '$(Cfg_2)'=='true') or '$(Cfg_2_Win32)'!=''">
        <Cfg_2_Win32>true</Cfg_2_Win32>
        <CfgParent>Cfg_2</CfgParent>
        <Cfg_2>true</Cfg_2>
        <Base>true</Base>
    </PropertyGroup>
    <PropertyGroup Condition="'$(Base)'!=''">
        <SanitizedProjectName>EverestLite</SanitizedProjectName>
        <Icon_MainIcon>$(BDS)\bin\delphi_PROJECTICON.ico</Icon_MainIcon>
        <Icns_MainIcns>$(BDS)\bin\delphi_PROJECTICNS.icns</Icns_MainIcns>
        <DCC_UnitSearchPath>$(ex)\Embarcadero\DelphiBerlin\rtl\common\;..\..\..\;..\..\..\dlg;..\..\;$(prj)\Common\Dialogs\AlienSpell\;$(prj)\Common\Dialogs\AlienSpell\Speller\;$(ex)\JEDI_XE\Source;$(gui)\Everest;$(in)\k2;$(in)\l3;$(in)\l3\m0\pas;$(in)\l3\m2;$(gui)\vt;$(ex)\Orpheus;$(ex)\SysTools;$(in)\dd;$(gui)\Everest\Ext;$(gui)\Everest\Ext\Writers;$(in)\m3;$(in)\mg;$(prj)\Common\Dialogs;$(ex)\tb97;$(ex)\DevExpress\ExpressBars\Delphi 6\Sources;$(ex)\DevExpress\ExpressCommon\Delphi 6\Sources;$(ex)\ImageEn\src\;$(ex)\JEDI_XE\Source\Common;$(ex)\JEDI_XE\Source\Windows;$(ex)\Expr;$(gui)\afw;$(vcm);$(gui)\Everest\new;$(in)\evd;$(gui)\Everest\qf;$(gui)\afw\implementation;$(gui)\afw\implementation\Visual;$(gui)\vt\ElClone;$(gui)\vt\ElClone\Source;$(ex)\XMLP;$(ex)\JEDI_XE\GDIPLUS;$(gui)\vt\rx;$(in)\l3\elClone;$(gui)\EverestCommon;$(gui)\vt\combotree;$(prj)\Common\;$(gui)\vcm;$(gui)\vcm\implementation;$(prj)\Common\Utils;$(ex)\ZipForge\Source;$(ex)\docx2rtf;$(ex)\doc2rtf\delphi;$(ex)\DUnit\src;$(in)\ScriptEngine;$(ex)\flash;$(in)\DUnit_Script_Support;$(in)\Shared_Delphi_Tests_Common;$(DCC_UnitSearchPath)</DCC_UnitSearchPath>
        <DCC_S>false</DCC_S>
        <DCC_ExeOutput>$(binout)\exe\1.2</DCC_ExeOutput>
        <VerInfo_Locale>1049</VerInfo_Locale>
        <DCC_F>false</DCC_F>
        <DCC_N>true</DCC_N>
        <DCC_Define>_m0LOGSAV1;ItsLAW;_EverestRelease;evSpellChecker;EverestLite;DebugStackTrace;USE_PROGRESSBAR;GXE;evNotArchi;evDualSpell;NotNeedGarDoc;NotStackInException;evFullNSRC;l3OldRegExpOff;l3NoTrace;UseProjectDefine;NoVGScene;NoVCM;$(DCC_Define)</DCC_Define>
        <DCC_MapFile>3</DCC_MapFile>
        <DCC_UsePackage>vcl;rtl;vclx;indy;vclie;xmlrtl;inetdbbde;inet;inetdbxpress;dbrtl;soaprtl;dsnap;VclSmp;dbexpress;vcldb;dbxcds;inetdb;bdertl;vcldbx;adortl;teeui;teedb;tee;ibxpress;visualclx;visualdbclx;vclactnband;vclshlctrls;dclOfficeXP;AllEverestComponets7;dxcomnd7;dxBarExtItemsD7;$(DCC_UsePackage)</DCC_UsePackage>
        <DCC_K>false</DCC_K>
        <VerInfo_Keys>CompanyName=;FileDescription=;FileVersion=1.0.0.0;InternalName=;LegalCopyright=;LegalTrademarks=;OriginalFilename=;ProductName=;ProductVersion=1.0.0.0;Comments=</VerInfo_Keys>
        <DCC_E>false</DCC_E>
        <DCC_SymbolReferenceInfo>1</DCC_SymbolReferenceInfo>
        <DCC_Namespace>System;Xml;Data;Datasnap;Web;Soap;$(DCC_Namespace)</DCC_Namespace>
        <DCC_BplOutput>$(binout)\BPL</DCC_BplOutput>
        <DCC_DcuOutput>$(binout)\Units</DCC_DcuOutput>
        <DCC_ImageBase>00400000</DCC_ImageBase>
        <DCC_DcpOutput>$(binout)\DCP</DCC_DcpOutput>
    </PropertyGroup>
    <PropertyGroup Condition="'$(Base_Android)'!=''">
        <AUP_WRITE_EXTERNAL_STORAGE>true</AUP_WRITE_EXTERNAL_STORAGE>
        <AUP_ACCESS_FINE_LOCATION>true</AUP_ACCESS_FINE_LOCATION>
        <Android_SplashImage470>$(BDS)\bin\Artwork\Android\FM_SplashImage_470x320.png</Android_SplashImage470>
        <AUP_ACCESS_COARSE_LOCATION>true</AUP_ACCESS_COARSE_LOCATION>
        <Android_LauncherIcon144>$(BDS)\bin\Artwork\Android\FM_LauncherIcon_144x144.png</Android_LauncherIcon144>
        <AUP_CAMERA>true</AUP_CAMERA>
        <Android_SplashImage426>$(BDS)\bin\Artwork\Android\FM_SplashImage_426x320.png</Android_SplashImage426>
        <Android_LauncherIcon96>$(BDS)\bin\Artwork\Android\FM_LauncherIcon_96x96.png</Android_LauncherIcon96>
        <Android_SplashImage640>$(BDS)\bin\Artwork\Android\FM_SplashImage_640x480.png</Android_SplashImage640>
        <AUP_CALL_PHONE>true</AUP_CALL_PHONE>
        <AUP_READ_PHONE_STATE>true</AUP_READ_PHONE_STATE>
        <AUP_READ_CALENDAR>true</AUP_READ_CALENDAR>
        <VerInfo_IncludeVerInfo>true</VerInfo_IncludeVerInfo>
        <BT_BuildType>Debug</BT_BuildType>
        <EnabledSysJars>android-support-v4.dex.jar;cloud-messaging.dex.jar;fmx.dex.jar;google-analytics-v2.dex.jar;google-play-billing.dex.jar;google-play-licensing.dex.jar;google-play-services.dex.jar</EnabledSysJars>
        <AUP_WRITE_CALENDAR>true</AUP_WRITE_CALENDAR>
        <Android_LauncherIcon48>$(BDS)\bin\Artwork\Android\FM_LauncherIcon_48x48.png</Android_LauncherIcon48>
        <Android_SplashImage960>$(BDS)\bin\Artwork\Android\FM_SplashImage_960x720.png</Android_SplashImage960>
        <VerInfo_Keys>package=com.embarcadero.$(MSBuildProjectName);label=$(MSBuildProjectName);versionCode=1;versionName=1.0.0;persistent=False;restoreAnyVersion=False;installLocation=auto;largeHeap=False;theme=TitleBar;hardwareAccelerated=true;apiKey=</VerInfo_Keys>
        <Android_LauncherIcon72>$(BDS)\bin\Artwork\Android\FM_LauncherIcon_72x72.png</Android_LauncherIcon72>
        <AUP_READ_EXTERNAL_STORAGE>true</AUP_READ_EXTERNAL_STORAGE>
        <AUP_INTERNET>true</AUP_INTERNET>
        <Android_LauncherIcon36>$(BDS)\bin\Artwork\Android\FM_LauncherIcon_36x36.png</Android_LauncherIcon36>
    </PropertyGroup>
    <PropertyGroup Condition="'$(Base_iOSDevice32)'!=''">
        <iPad_SpotLight40>$(BDS)\bin\Artwork\iOS\iPad\FM_SpotlightSearchIcon_40x40.png</iPad_SpotLight40>
        <iPad_AppIcon152>$(BDS)\bin\Artwork\iOS\iPad\FM_ApplicationIcon_152x152.png</iPad_AppIcon152>
        <iPad_Launch768x1024>$(BDS)\bin\Artwork\iOS\iPad\FM_LaunchImagePortrait_768x1024.png</iPad_Launch768x1024>
        <iPad_SpotLight80>$(BDS)\bin\Artwork\iOS\iPad\FM_SpotlightSearchIcon_80x80.png</iPad_SpotLight80>
        <iPad_AppIcon76>$(BDS)\bin\Artwork\iOS\iPad\FM_ApplicationIcon_76x76.png</iPad_AppIcon76>
        <iPhone_AppIcon120>$(BDS)\bin\Artwork\iOS\iPhone\FM_ApplicationIcon_120x120.png</iPhone_AppIcon120>
        <iPhone_AppIcon60>$(BDS)\bin\Artwork\iOS\iPhone\FM_ApplicationIcon_60x60.png</iPhone_AppIcon60>
        <VerInfo_BundleId>$(MSBuildProjectName)</VerInfo_BundleId>
        <iPad_Launch1024x768>$(BDS)\bin\Artwork\iOS\iPad\FM_LaunchImageLandscape_1024x768.png</iPad_Launch1024x768>
        <VerInfo_IncludeVerInfo>true</VerInfo_IncludeVerInfo>
        <iPhone_Spotlight80>$(BDS)\bin\Artwork\iOS\iPhone\FM_SpotlightSearchIcon_80x80.png</iPhone_Spotlight80>
        <iPhone_Spotlight40>$(BDS)\bin\Artwork\iOS\iPhone\FM_SpotlightSearchIcon_40x40.png</iPhone_Spotlight40>
        <BT_BuildType>Debug</BT_BuildType>
        <VerInfo_Keys>CFBundleName=$(MSBuildProjectName);CFBundleDevelopmentRegion=en;CFBundleDisplayName=$(MSBuildProjectName);CFBundleIdentifier=$(MSBuildProjectName);CFBundleInfoDictionaryVersion=7.1;CFBundleVersion=1.0.0.0;CFBundlePackageType=APPL;CFBundleSignature=????;LSRequiresIPhoneOS=true;CFBundleAllowMixedLocalizations=YES;CFBundleExecutable=$(MSBuildProjectName);UIDeviceFamily=iPhone &amp; iPad;CFBundleResourceSpecification=ResourceRules.plist;NSLocationAlwaysUsageDescription=The reason for accessing the location information of the user;NSLocationWhenInUseUsageDescription=The reason for accessing the location information of the user;FMLocalNotificationPermission=false;UIBackgroundModes=</VerInfo_Keys>
        <iPad_Launch2048x1536>$(BDS)\bin\Artwork\iOS\iPad\FM_LaunchImageLandscape_2048x1536.png</iPad_Launch2048x1536>
        <iPad_Launch1536x2048>$(BDS)\bin\Artwork\iOS\iPad\FM_LaunchImagePortrait_1536x2048.png</iPad_Launch1536x2048>
        <VerInfo_UIDeviceFamily>iPhoneAndiPad</VerInfo_UIDeviceFamily>
    </PropertyGroup>
    <PropertyGroup Condition="'$(Base_iOSDevice64)'!=''">
        <iPad_SpotLight40>$(BDS)\bin\Artwork\iOS\iPad\FM_SpotlightSearchIcon_40x40.png</iPad_SpotLight40>
        <iPad_AppIcon152>$(BDS)\bin\Artwork\iOS\iPad\FM_ApplicationIcon_152x152.png</iPad_AppIcon152>
        <iPad_Launch768x1024>$(BDS)\bin\Artwork\iOS\iPad\FM_LaunchImagePortrait_768x1024.png</iPad_Launch768x1024>
        <iPad_SpotLight80>$(BDS)\bin\Artwork\iOS\iPad\FM_SpotlightSearchIcon_80x80.png</iPad_SpotLight80>
        <iPad_AppIcon76>$(BDS)\bin\Artwork\iOS\iPad\FM_ApplicationIcon_76x76.png</iPad_AppIcon76>
        <iPhone_AppIcon120>$(BDS)\bin\Artwork\iOS\iPhone\FM_ApplicationIcon_120x120.png</iPhone_AppIcon120>
        <iPhone_AppIcon60>$(BDS)\bin\Artwork\iOS\iPhone\FM_ApplicationIcon_60x60.png</iPhone_AppIcon60>
        <VerInfo_BundleId>$(MSBuildProjectName)</VerInfo_BundleId>
        <iPad_Launch1024x768>$(BDS)\bin\Artwork\iOS\iPad\FM_LaunchImageLandscape_1024x768.png</iPad_Launch1024x768>
        <VerInfo_IncludeVerInfo>true</VerInfo_IncludeVerInfo>
        <iPhone_Spotlight80>$(BDS)\bin\Artwork\iOS\iPhone\FM_SpotlightSearchIcon_80x80.png</iPhone_Spotlight80>
        <iPhone_Spotlight40>$(BDS)\bin\Artwork\iOS\iPhone\FM_SpotlightSearchIcon_40x40.png</iPhone_Spotlight40>
        <BT_BuildType>Debug</BT_BuildType>
        <VerInfo_Keys>CFBundleName=$(MSBuildProjectName);CFBundleDevelopmentRegion=en;CFBundleDisplayName=$(MSBuildProjectName);CFBundleIdentifier=$(MSBuildProjectName);CFBundleInfoDictionaryVersion=7.1;CFBundleVersion=1.0.0.0;CFBundlePackageType=APPL;CFBundleSignature=????;LSRequiresIPhoneOS=true;CFBundleAllowMixedLocalizations=YES;CFBundleExecutable=$(MSBuildProjectName);UIDeviceFamily=iPhone &amp; iPad;CFBundleResourceSpecification=ResourceRules.plist;NSLocationAlwaysUsageDescription=The reason for accessing the location information of the user;NSLocationWhenInUseUsageDescription=The reason for accessing the location information of the user;FMLocalNotificationPermission=false;UIBackgroundModes=</VerInfo_Keys>
        <iPad_Launch2048x1536>$(BDS)\bin\Artwork\iOS\iPad\FM_LaunchImageLandscape_2048x1536.png</iPad_Launch2048x1536>
        <iPad_Launch1536x2048>$(BDS)\bin\Artwork\iOS\iPad\FM_LaunchImagePortrait_1536x2048.png</iPad_Launch1536x2048>
        <VerInfo_UIDeviceFamily>iPhoneAndiPad</VerInfo_UIDeviceFamily>
    </PropertyGroup>
    <PropertyGroup Condition="'$(Base_iOSSimulator)'!=''">
        <iPad_SpotLight40>$(BDS)\bin\Artwork\iOS\iPad\FM_SpotlightSearchIcon_40x40.png</iPad_SpotLight40>
        <iPad_SpotLight80>$(BDS)\bin\Artwork\iOS\iPad\FM_SpotlightSearchIcon_80x80.png</iPad_SpotLight80>
        <iPad_Launch768x1024>$(BDS)\bin\Artwork\iOS\iPad\FM_LaunchImagePortrait_768x1024.png</iPad_Launch768x1024>
        <iPad_AppIcon152>$(BDS)\bin\Artwork\iOS\iPad\FM_ApplicationIcon_152x152.png</iPad_AppIcon152>
        <iPhone_AppIcon120>$(BDS)\bin\Artwork\iOS\iPhone\FM_ApplicationIcon_120x120.png</iPhone_AppIcon120>
        <iPad_AppIcon76>$(BDS)\bin\Artwork\iOS\iPad\FM_ApplicationIcon_76x76.png</iPad_AppIcon76>
        <iPhone_AppIcon60>$(BDS)\bin\Artwork\iOS\iPhone\FM_ApplicationIcon_60x60.png</iPhone_AppIcon60>
        <iPad_Launch1024x768>$(BDS)\bin\Artwork\iOS\iPad\FM_LaunchImageLandscape_1024x768.png</iPad_Launch1024x768>
        <iPhone_Spotlight80>$(BDS)\bin\Artwork\iOS\iPhone\FM_SpotlightSearchIcon_80x80.png</iPhone_Spotlight80>
        <VerInfo_IncludeVerInfo>true</VerInfo_IncludeVerInfo>
        <iPhone_Spotlight40>$(BDS)\bin\Artwork\iOS\iPhone\FM_SpotlightSearchIcon_40x40.png</iPhone_Spotlight40>
        <iPad_Launch1536x2048>$(BDS)\bin\Artwork\iOS\iPad\FM_LaunchImagePortrait_1536x2048.png</iPad_Launch1536x2048>
        <iPad_Launch2048x1536>$(BDS)\bin\Artwork\iOS\iPad\FM_LaunchImageLandscape_2048x1536.png</iPad_Launch2048x1536>
        <VerInfo_Keys>CFBundleName=$(MSBuildProjectName);CFBundleDevelopmentRegion=en;CFBundleDisplayName=$(MSBuildProjectName);CFBundleIdentifier=$(MSBuildProjectName);CFBundleInfoDictionaryVersion=7.1;CFBundleVersion=1.0.0.0;CFBundlePackageType=APPL;CFBundleSignature=????;LSRequiresIPhoneOS=true;CFBundleAllowMixedLocalizations=YES;CFBundleExecutable=$(MSBuildProjectName);UIDeviceFamily=iPhone &amp; iPad;CFBundleResourceSpecification=ResourceRules.plist;NSLocationAlwaysUsageDescription=The reason for accessing the location information of the user;NSLocationWhenInUseUsageDescription=The reason for accessing the location information of the user;FMLocalNotificationPermission=false;UIBackgroundModes=</VerInfo_Keys>
        <VerInfo_UIDeviceFamily>iPhoneAndiPad</VerInfo_UIDeviceFamily>
    </PropertyGroup>
    <PropertyGroup Condition="'$(Base_OSX32)'!=''">
        <Icns_MainIcns>$(BDS)\bin\delphi_PROJECTICNS.icns</Icns_MainIcns>
    </PropertyGroup>
    <PropertyGroup Condition="'$(Base_Win32)'!=''">
        <DCC_Namespace>Winapi;System.Win;Data.Win;Datasnap.Win;Web.Win;Soap.Win;Xml.Win;Bde;$(DCC_Namespace)</DCC_Namespace>
        <VerInfo_Locale>1033</VerInfo_Locale>
        <Icon_MainIcon>EverestLite_Icon.ico</Icon_MainIcon>
    </PropertyGroup>
    <PropertyGroup Condition="'$(Base_Win64)'!=''">
        <Icon_MainIcon>EverestLite_Icon.ico</Icon_MainIcon>
    </PropertyGroup>
    <PropertyGroup Condition="'$(Cfg_1)'!=''">
        <DCC_DebugInformation>0</DCC_DebugInformation>
        <DCC_Define>RELEASE;$(DCC_Define)</DCC_Define>
        <DCC_SymbolReferenceInfo>0</DCC_SymbolReferenceInfo>
        <DCC_LocalDebugSymbols>false</DCC_LocalDebugSymbols>
    </PropertyGroup>
    <PropertyGroup Condition="'$(Cfg_2)'!=''">
        <DCC_Define>DEBUG;$(DCC_Define)</DCC_Define>
        <DCC_GenerateStackFrames>true</DCC_GenerateStackFrames>
        <DCC_Optimize>false</DCC_Optimize>
    </PropertyGroup>
    <PropertyGroup Condition="'$(Cfg_2_iOSDevice32)'!=''">
        <DCC_RemoteDebug>true</DCC_RemoteDebug>
    </PropertyGroup>
    <PropertyGroup Condition="'$(Cfg_2_iOSDevice64)'!=''">
        <DCC_RemoteDebug>true</DCC_RemoteDebug>
    </PropertyGroup>
    <PropertyGroup Condition="'$(Cfg_2_iOSSimulator)'!=''">
        <DCC_RemoteDebug>true</DCC_RemoteDebug>
    </PropertyGroup>
    <PropertyGroup Condition="'$(Cfg_2_OSX32)'!=''">
        <Icns_MainIcns>$(BDS)\bin\delphi_PROJECTICNS.icns</Icns_MainIcns>
    </PropertyGroup>
    <PropertyGroup Condition="'$(Cfg_2_Win32)'!=''">
        <Icon_MainIcon>EverestLite_Icon.ico</Icon_MainIcon>
        <DCC_UnitSearchPath>$(ex)\Embarcadero\DelphiBerlin\vcl\;$(ex)\JEDI_XE\source\include;$(ex)\JEDI_XE\source\include\jedi;$(DCC_UnitSearchPath)</DCC_UnitSearchPath>
        <DCC_UnitAlias>Graphics=VCL.Graphics;Consts=VCL.Consts;Forms=VCL.Forms;Controls=VCL.Controls;ImgList=VCL.ImgList;Dialogs=VCL.Dialogs;StdCtrls=VCL.StdCtrls;ExtCtrls=VCL.ExtCtrls;Clipbrd=VCL.Clipbrd;ComCtrls=VCL.ComCtrls;printers=VCL.printers;buttons=VCL.buttons;Menus=VCL.Menus;checklst=VCL.checklst;Themes=VCL.Themes;ActnList=VCL.ActnList;ToolWin=VCL.ToolWin;StdActns=VCL.StdActns;OleCtrls=VCL.OleCtrls;OleServer=VCL.OleServer;FileCtrl=VCL.FileCtrl;Mask=VCL.Mask;DdeMan=VCL.DdeMan;Tabs=VCL.Tabs;Grids=VCL.Grids;ActiveX=D4ActiveX;$(DCC_UnitAlias)</DCC_UnitAlias>
        <VerInfo_Locale>1033</VerInfo_Locale>
        <Manifest_File>None</Manifest_File>
    </PropertyGroup>
    <ItemGroup>
        <DelphiCompile Include="$(MainSource)">
            <MainSource>MainSource</MainSource>
        </DelphiCompile>
        <DCCReference Include="Main\EDWIN.PAS">
            <Form>EditorWindow</Form>
        </DCCReference>
        <DCCReference Include="..\..\..\DLG\D_MDILST.PAS">
            <Form>MDIListDlg</Form>
        </DCCReference>
        <DCCReference Include="..\..\..\DLG\D_REPCON.PAS">
            <Form>ReplaceConfirmDlg</Form>
        </DCCReference>
        <DCCReference Include="..\..\..\..\Common\Dialogs\brddlg.PAS">
            <Form>BorderDlg</Form>
        </DCCReference>
        <DCCReference Include="..\..\..\..\Common\Dialogs\D_EDMSUB.PAS">
            <Form>NewSubDlg</Form>
        </DCCReference>
        <DCCReference Include="..\..\..\dlg\D_ID.pas">
            <Form>IDDlg</Form>
        </DCCReference>
        <DCCReference Include="..\..\..\dlg\D_Hyperlink.pas">
            <Form>dHyperLink</Form>
        </DCCReference>
        <DCCReference Include="..\..\..\Frames\fr_SubCombo.pas">
            <Form>frSubCombo</Form>
            <DesignClass>TFrame</DesignClass>
        </DCCReference>
        <DCCReference Include="..\..\..\..\Common\Meta\D_Base.pas">
            <Form>BaseDlg</Form>
        </DCCReference>
        <DCCReference Include="..\..\..\dlg\D_DocumentProperties.pas">
            <Form>DocumentPropertiesDlg</Form>
        </DCCReference>
        <DCCReference Include="..\..\MainMDI.pas"/>
        <DCCReference Include="..\..\MainMDIEx.pas">
            <Form>evMainMDIFormEx</Form>
        </DCCReference>
        <DCCReference Include="Main\MainEditor.pas">
            <Form>MainEditorForm</Form>
        </DCCReference>
        <DCCReference Include="MainLiteExpress.pas">
            <Form>MainLiteExpressForm</Form>
        </DCCReference>
        <DCCReference Include="Main.pas">
            <Form>MainForm</Form>
        </DCCReference>
        <DCCReference Include="dmStdResLite.pas">
            <Form>dmStandardRes</Form>
            <DesignClass>TDataModule</DesignClass>
        </DCCReference>
        <DCCReference Include="..\..\..\..\Archi\MetaForms\BottomBtnDlg.pas"/>
        <DCCReference Include="..\..\..\..\Archi\MetaForms\BtnDlg.pas">
            <Form>BtnDlg</Form>
        </DCCReference>
        <DCCReference Include="..\..\..\..\Common\Dialogs\D_Style.pas">
            <Form>StyleDesignDlg</Form>
        </DCCReference>
        <DCCReference Include="..\..\..\..\Common\Dialogs\PreviewFormUnit.pas">
            <Form>PreviewForm</Form>
        </DCCReference>
        <DCCReference Include="W:\common\components\rtl\external\JEDI\Win32API\JwaWinBase.pas"/>
        <DCCReference Include="W:\common\components\rtl\external\JEDI\Win32API\JwaNtStatus.pas"/>
        <DCCReference Include="W:\common\components\rtl\external\JEDI\Win32API\JwaWinNT.pas"/>
        <DCCReference Include="W:\common\components\rtl\external\JEDI\Win32API\JwaWinType.pas"/>
        <BuildConfiguration Include="Debug">
            <Key>Cfg_2</Key>
            <CfgParent>Base</CfgParent>
        </BuildConfiguration>
        <BuildConfiguration Include="Base">
            <Key>Base</Key>
        </BuildConfiguration>
        <BuildConfiguration Include="Release">
            <Key>Cfg_1</Key>
            <CfgParent>Base</CfgParent>
        </BuildConfiguration>
    </ItemGroup>
    <ProjectExtensions>
        <Borland.Personality>Delphi.Personality.12</Borland.Personality>
        <Borland.ProjectType/>
        <BorlandProject>
            <Delphi.Personality>
                <Source>
                    <Source Name="MainSource">EverestLite.dpr</Source>
                </Source>
                <VersionInfo>
                    <VersionInfo Name="IncludeVerInfo">False</VersionInfo>
                    <VersionInfo Name="AutoIncBuild">False</VersionInfo>
                    <VersionInfo Name="MajorVer">1</VersionInfo>
                    <VersionInfo Name="MinorVer">0</VersionInfo>
                    <VersionInfo Name="Release">0</VersionInfo>
                    <VersionInfo Name="Build">0</VersionInfo>
                    <VersionInfo Name="Debug">False</VersionInfo>
                    <VersionInfo Name="PreRelease">False</VersionInfo>
                    <VersionInfo Name="Special">False</VersionInfo>
                    <VersionInfo Name="Private">False</VersionInfo>
                    <VersionInfo Name="DLL">False</VersionInfo>
                    <VersionInfo Name="Locale">1049</VersionInfo>
                    <VersionInfo Name="CodePage">1251</VersionInfo>
                </VersionInfo>
                <VersionInfoKeys>
                    <VersionInfoKeys Name="CompanyName"/>
                    <VersionInfoKeys Name="FileDescription"/>
                    <VersionInfoKeys Name="FileVersion">1.0.0.0</VersionInfoKeys>
                    <VersionInfoKeys Name="InternalName"/>
                    <VersionInfoKeys Name="LegalCopyright"/>
                    <VersionInfoKeys Name="LegalTrademarks"/>
                    <VersionInfoKeys Name="OriginalFilename"/>
                    <VersionInfoKeys Name="ProductName"/>
                    <VersionInfoKeys Name="ProductVersion">1.0.0.0</VersionInfoKeys>
                    <VersionInfoKeys Name="Comments"/>
                </VersionInfoKeys>
                <Excluded_Packages>
                    <Excluded_Packages Name="$(BDSBIN)\bcboffice2k240.bpl">Embarcadero C++Builder Office 2000 Servers Package</Excluded_Packages>
                    <Excluded_Packages Name="$(BDSBIN)\bcbofficexp240.bpl">Embarcadero C++Builder Office XP Servers Package</Excluded_Packages>
                    <Excluded_Packages Name="$(BDSBIN)\dcloffice2k240.bpl">Microsoft Office 2000 Sample Automation Server Wrapper Components</Excluded_Packages>
                    <Excluded_Packages Name="$(BDSBIN)\dclofficexp240.bpl">Microsoft Office XP Sample Automation Server Wrapper Components</Excluded_Packages>
                </Excluded_Packages>
            </Delphi.Personality>
            <Platforms>
                <Platform value="Android">False</Platform>
                <Platform value="iOSDevice32">False</Platform>
                <Platform value="iOSDevice64">False</Platform>
                <Platform value="iOSSimulator">False</Platform>
                <Platform value="OSX32">False</Platform>
                <Platform value="Win32">True</Platform>
                <Platform value="Win64">False</Platform>
            </Platforms>
        </BorlandProject>
        <ProjectFileVersion>12</ProjectFileVersion>
    </ProjectExtensions>
    <Import Project="$(BDS)\Bin\CodeGear.Delphi.Targets" Condition="Exists('$(BDS)\Bin\CodeGear.Delphi.Targets')"/>
    <Import Project="$(APPDATA)\Embarcadero\$(BDSAPPDATABASEDIR)\$(PRODUCTVERSION)\UserTools.proj" Condition="Exists('$(APPDATA)\Embarcadero\$(BDSAPPDATABASEDIR)\$(PRODUCTVERSION)\UserTools.proj')"/>
</Project>
