
Microsoft Visual Studio Solution File, Format Version 10.00
# Visual Studio 2008
Project("{8BC9CEB8-8B4A-11D0-8D11-00A0C91BC942}") = "assert_detector", "assert_detector\assert_detector.vcproj", "{694B01F9-EA56-4EF2-999F-CB8B443AC3DC}"
EndProject
Global
	GlobalSection(SolutionConfigurationPlatforms) = preSolution
		Debug|Win32 = Debug|Win32
		Release|Win32 = Release|Win32
	EndGlobalSection
	GlobalSection(ProjectConfigurationPlatforms) = postSolution
		{694B01F9-EA56-4EF2-999F-CB8B443AC3DC}.Debug|Win32.ActiveCfg = Debug|Win32
		{694B01F9-EA56-4EF2-999F-CB8B443AC3DC}.Debug|Win32.Build.0 = Debug|Win32
		{694B01F9-EA56-4EF2-999F-CB8B443AC3DC}.Release|Win32.ActiveCfg = Release|Win32
		{694B01F9-EA56-4EF2-999F-CB8B443AC3DC}.Release|Win32.Build.0 = Release|Win32
	EndGlobalSection
	GlobalSection(SolutionProperties) = preSolution
		HideSolutionNode = FALSE
	EndGlobalSection
EndGlobal
