<Project xmlns="http://schemas.microsoft.com/developer/msbuild/2003">
    <PropertyGroup>
        <ProjectGuid>{B4ADDF2C-E8E2-4A1A-801D-48F75EBABB2A}</ProjectGuid>
        <MainSource>DailyTest.dpr</MainSource>
        <Base>True</Base>
        <Config Condition="'$(Config)'==''">Debug</Config>
        <TargetedPlatforms>1</TargetedPlatforms>
        <AppType>Console</AppType>
        <FrameworkType>None</FrameworkType>
        <ProjectVersion>14.6</ProjectVersion>
        <Platform Condition="'$(Platform)'==''">Win32</Platform>
    </PropertyGroup>
    <PropertyGroup Condition="'$(Config)'=='Base' or '$(Base)'!=''">
        <Base>true</Base>
    </PropertyGroup>
    <PropertyGroup Condition="('$(Platform)'=='OSX32' and '$(Base)'=='true') or '$(Base_OSX32)'!=''">
        <Base_OSX32>true</Base_OSX32>
        <CfgParent>Base</CfgParent>
        <Base>true</Base>
    </PropertyGroup>
    <PropertyGroup Condition="('$(Platform)'=='Win32' and '$(Base)'=='true') or '$(Base_Win32)'!=''">
        <Base_Win32>true</Base_Win32>
        <CfgParent>Base</CfgParent>
        <Base>true</Base>
    </PropertyGroup>
    <PropertyGroup Condition="('$(Platform)'=='Win64' and '$(Base)'=='true') or '$(Base_Win64)'!=''">
        <Base_Win64>true</Base_Win64>
        <CfgParent>Base</CfgParent>
        <Base>true</Base>
    </PropertyGroup>
    <PropertyGroup Condition="'$(Config)'=='Release' or '$(Cfg_1)'!=''">
        <Cfg_1>true</Cfg_1>
        <CfgParent>Base</CfgParent>
        <Base>true</Base>
    </PropertyGroup>
    <PropertyGroup Condition="'$(Config)'=='Debug' or '$(Cfg_2)'!=''">
        <Cfg_2>true</Cfg_2>
        <CfgParent>Base</CfgParent>
        <Base>true</Base>
    </PropertyGroup>
    <PropertyGroup Condition="('$(Platform)'=='OSX32' and '$(Cfg_2)'=='true') or '$(Cfg_2_OSX32)'!=''">
        <Cfg_2_OSX32>true</Cfg_2_OSX32>
        <CfgParent>Cfg_2</CfgParent>
        <Cfg_2>true</Cfg_2>
        <Base>true</Base>
    </PropertyGroup>
    <PropertyGroup Condition="('$(Platform)'=='Win32' and '$(Cfg_2)'=='true') or '$(Cfg_2_Win32)'!=''">
        <Cfg_2_Win32>true</Cfg_2_Win32>
        <CfgParent>Cfg_2</CfgParent>
        <Cfg_2>true</Cfg_2>
        <Base>true</Base>
    </PropertyGroup>
    <PropertyGroup Condition="'$(Base)'!=''">
        <DCC_RangeChecking>true</DCC_RangeChecking>
        <DCC_Namespace>System;Xml;Data;Datasnap;Web;Soap;$(DCC_Namespace)</DCC_Namespace>
        <DCC_N>true</DCC_N>
        <DCC_DcuOutput>$(binout)\Units</DCC_DcuOutput>
        <DCC_ExeOutput>$(binout)\exe</DCC_ExeOutput>
        <VerInfo_Locale>1049</VerInfo_Locale>
        <DCC_Define>nsTest;Nemesis;_afwNoProcessMessages;DebugStackTrace;__m0LOGSAV1;UseProjectDefine;l3Trace;USE_JEDI_JCL;evNSRCPlus;_NoKPageTool;_MTDORB;$(DCC_Define)</DCC_Define>
        <DCC_MapFile>3</DCC_MapFile>
        <DebugSourcePath>U:\Everest\new\;J:\L3\;U:\Everest\;$(DebugSourcePath)</DebugSourcePath>
        <DCC_RemoteDebug>true</DCC_RemoteDebug>
        <DCC_ImageBase>00400000</DCC_ImageBase>
        <DCC_F>false</DCC_F>
        <DCC_UnitSearchPath>$(ex)\Orpheus;$(ex)\SysTools;$(in)\l3;$(in)\k2;$(gui)\afw;$(gui)\vt;$(ex)\Expr;$(gui)\Everest;$(gui)\Everest\ext;$(gui)\vcm;$(gui)\vt\RX;$(gui)\Everest\new;$(in)\l3\m2;$(ex)\ImageEn\src;$(in)\mg;$(in)\evd;$(gui)\Everest\qf;$(gui)\afw\implementation;$(gui)\afw\implementation\Visual;$(ex)\XMLP;$(gui)\everest_engine\bcb;$(gui)\VT\elClone\Source;$(ex)\JEDI_XE\GDIPLUS;$(in)\l3\m0\pas;$(in)\l3\ElClone;$(in)\dd;$(in)\m3;$(gui)\Everest_Engine;$(ex)\DUnit\src;$(in)\DUnitTuning;$(in)\Daily;$(gui)\VCM\implementation;$(gui)\VCM\implementation\Components;$(gui)\VCM\implementation\Visual;$(ex)\tb97;$(gui)\VT\combotree;$(gui)\EverestCommon;$(gui)\Daily;$(ex)\MTDOrb\src\orbint;$(ex)\MTDOrb\src;$(ex)\MTDOrb\build;$(ex)\MTDOrb\src\orb;$(ex)\VGScene;$(gui)\Nemesis;W:\common\components\rtl\Garant\ScriptEngine;W:\common\components\rtl\Garant\ScriptTestLibrary;$(ex)\flash;$(ex)\doc2rtf\delphi;$(ex)\docx2rtf;$(in)\DUnit_Script_Support;$(ex)\JEDI_XE\source;$(ex)\JEDI_XE\source\common;$(ex)\JEDI_XE\source\windows;$(ex)\JEDI_XE\source\include;$(ex)\JEDI_XE\source\include\jedi;$(ex)\JEDI_XE\Win32API;$(in)\DA;$(DCC_UnitSearchPath)</DCC_UnitSearchPath>
        <VerInfo_Keys>CompanyName=;FileDescription=;FileVersion=1.0.0.0;InternalName=;LegalCopyright=;LegalTrademarks=;OriginalFilename=;ProductName=;ProductVersion=1.0.0.0;Comments=</VerInfo_Keys>
        <DCC_IntegerOverflowCheck>true</DCC_IntegerOverflowCheck>
        <DCC_Optimize>false</DCC_Optimize>
        <DCC_K>false</DCC_K>
        <DCC_DcpOutput>$(binout)\DCP</DCC_DcpOutput>
        <DCC_BplOutput>$(binout)\BPL</DCC_BplOutput>
        <DCC_UsePackage>vclx;vcl;rtl;indy;dsnapcon;dsnap;dbrtl;vcldb;VclSmp;adortl;bdertl;vcldbx;ibxpress;teeui;teedb;tee;dss;visualclx;visualdbclx;vclactnband;vclshlctrls;IntrawebDB_50_70;Intraweb_50_70;Rave50CLX;Rave50VCL;dclOfficeXP;AllEverestComponets7;dxcomnd7;dxBarExtItemsD7;dxBarD7;$(DCC_UsePackage)</DCC_UsePackage>
        <DCC_S>false</DCC_S>
        <DCC_E>false</DCC_E>
    </PropertyGroup>
    <PropertyGroup Condition="'$(Base_OSX32)'!=''">
        <Icns_MainIcns>$(BDS)\bin\delphi_PROJECTICNS.icns</Icns_MainIcns>
    </PropertyGroup>
    <PropertyGroup Condition="'$(Base_Win32)'!=''">
        <DCC_Namespace>Winapi;System.Win;Data.Win;Datasnap.Win;Web.Win;Soap.Win;Xml.Win;Bde;$(DCC_Namespace)</DCC_Namespace>
        <Icon_MainIcon>DailyTest_Icon.ico</Icon_MainIcon>
        <VerInfo_Locale>1033</VerInfo_Locale>
    </PropertyGroup>
    <PropertyGroup Condition="'$(Base_Win64)'!=''">
        <Icon_MainIcon>DailyTest_Icon.ico</Icon_MainIcon>
    </PropertyGroup>
    <PropertyGroup Condition="'$(Cfg_1)'!=''">
        <DCC_DebugInformation>false</DCC_DebugInformation>
        <DCC_Define>RELEASE;$(DCC_Define)</DCC_Define>
        <DCC_SymbolReferenceInfo>0</DCC_SymbolReferenceInfo>
        <DCC_LocalDebugSymbols>false</DCC_LocalDebugSymbols>
    </PropertyGroup>
    <PropertyGroup Condition="'$(Cfg_2)'!=''">
        <DCC_GenerateStackFrames>true</DCC_GenerateStackFrames>
        <DCC_Define>DEBUG;$(DCC_Define)</DCC_Define>
    </PropertyGroup>
    <PropertyGroup Condition="'$(Cfg_2_OSX32)'!=''">
        <Icns_MainIcns>$(BDS)\bin\delphi_PROJECTICNS.icns</Icns_MainIcns>
    </PropertyGroup>
    <PropertyGroup Condition="'$(Cfg_2_Win32)'!=''">
        <DCC_UnitSearchPath>$(ex)\Embarcadero\Delphi\rtl\common\;$(ex)\Embarcadero\Delphi\vcl\;$(DCC_UnitSearchPath)</DCC_UnitSearchPath>
        <Manifest_File>None</Manifest_File>
        <DCC_Define>_l3NoTrace;$(DCC_Define)</DCC_Define>
        <DCC_UnitAlias>Graphics=VCL.Graphics;Forms=VCL.Forms;Consts=VCL.Consts;Controls=VCL.Controls;ExtCtrls=VCL.ExtCtrls;StdCtrls=VCL.StdCtrls;ImgList=VCL.ImgList;Dialogs=VCL.Dialogs;Menus=VCL.Menus;ClipBrd=VCL.ClipBrd;ComCtrls=VCL.ComCtrls;printers=VCL.printers;buttons=VCL.buttons;checklst=VCL.checklst;ActnList=VCL.ActnList;Themes=VCL.Themes;ExtDlgs=VCL.ExtDlgs;Mask=VCL.Mask;ToolWin=VCL.ToolWin;StdActns=VCL.StdActns;OleCtrls=VCL.OleCtrls;OleServer=VCL.OleServer;FileCtrl=VCL.FileCtrl;$(DCC_UnitAlias)</DCC_UnitAlias>
        <VerInfo_Locale>1033</VerInfo_Locale>
    </PropertyGroup>
    <ItemGroup>
        <DelphiCompile Include="$(MainSource)">
            <MainSource>MainSource</MainSource>
        </DelphiCompile>
        <BuildConfiguration Include="Debug">
            <Key>Cfg_2</Key>
            <CfgParent>Base</CfgParent>
        </BuildConfiguration>
        <BuildConfiguration Include="Base">
            <Key>Base</Key>
        </BuildConfiguration>
        <BuildConfiguration Include="Release">
            <Key>Cfg_1</Key>
            <CfgParent>Base</CfgParent>
        </BuildConfiguration>
    </ItemGroup>
    <ProjectExtensions>
        <Borland.Personality>Delphi.Personality.12</Borland.Personality>
        <Borland.ProjectType/>
        <BorlandProject>
            <Delphi.Personality>
                <Source>
                    <Source Name="MainSource">DailyTest.dpr</Source>
                </Source>
                <VersionInfo>
                    <VersionInfo Name="IncludeVerInfo">False</VersionInfo>
                    <VersionInfo Name="AutoIncBuild">False</VersionInfo>
                    <VersionInfo Name="MajorVer">1</VersionInfo>
                    <VersionInfo Name="MinorVer">0</VersionInfo>
                    <VersionInfo Name="Release">0</VersionInfo>
                    <VersionInfo Name="Build">0</VersionInfo>
                    <VersionInfo Name="Debug">False</VersionInfo>
                    <VersionInfo Name="PreRelease">False</VersionInfo>
                    <VersionInfo Name="Special">False</VersionInfo>
                    <VersionInfo Name="Private">False</VersionInfo>
                    <VersionInfo Name="DLL">False</VersionInfo>
                    <VersionInfo Name="Locale">1049</VersionInfo>
                    <VersionInfo Name="CodePage">1251</VersionInfo>
                </VersionInfo>
                <VersionInfoKeys>
                    <VersionInfoKeys Name="CompanyName"/>
                    <VersionInfoKeys Name="FileDescription"/>
                    <VersionInfoKeys Name="FileVersion">1.0.0.0</VersionInfoKeys>
                    <VersionInfoKeys Name="InternalName"/>
                    <VersionInfoKeys Name="LegalCopyright"/>
                    <VersionInfoKeys Name="LegalTrademarks"/>
                    <VersionInfoKeys Name="OriginalFilename"/>
                    <VersionInfoKeys Name="ProductName"/>
                    <VersionInfoKeys Name="ProductVersion">1.0.0.0</VersionInfoKeys>
                    <VersionInfoKeys Name="Comments"/>
                </VersionInfoKeys>
                <Excluded_Packages>
                    <Excluded_Packages Name="$(BDSBIN)\dcloffice2k180.bpl">Microsoft Office 2000 Sample Automation Server Wrapper Components</Excluded_Packages>
                    <Excluded_Packages Name="$(BDSBIN)\dclofficexp180.bpl">Microsoft Office XP Sample Automation Server Wrapper Components</Excluded_Packages>
                </Excluded_Packages>
            </Delphi.Personality>
            <Platforms>
                <Platform value="OSX32">False</Platform>
                <Platform value="Win32">True</Platform>
                <Platform value="Win64">False</Platform>
            </Platforms>
            <ModelSupport>False</ModelSupport>
        </BorlandProject>
        <ProjectFileVersion>12</ProjectFileVersion>
    </ProjectExtensions>
    <Import Project="$(BDS)\Bin\CodeGear.Delphi.Targets" Condition="Exists('$(BDS)\Bin\CodeGear.Delphi.Targets')"/>
    <Import Project="$(APPDATA)\Embarcadero\$(BDSAPPDATABASEDIR)\$(PRODUCTVERSION)\UserTools.proj" Condition="Exists('$(APPDATA)\Embarcadero\$(BDSAPPDATABASEDIR)\$(PRODUCTVERSION)\UserTools.proj')"/>
</Project>
