
Microsoft Visual Studio Solution File, Format Version 10.00
# Visual Studio 2008
Project("{8BC9CEB8-8B4A-11D0-8D11-00A0C91BC942}") = "GbaConsultingCrypt_corba", "w:\garantPIL\implementation\Projects\libs\GbaConsultingCrypt_corba.vcproj", "{A477F60F-FECA-1BAD-295A-5D5B54487D10}"
EndProject
Project("{8BC9CEB8-8B4A-11D0-8D11-00A0C91BC942}") = "cchlp1", "w:\garantPIL\implementation\Projects\libs\cchlp1.vcproj", "{39612A29-FECA-1BAD-EB33-8C3654487D10}"
EndProject
Project("{8BC9CEB8-8B4A-11D0-8D11-00A0C91BC942}") = "cchlp2", "w:\garantPIL\implementation\Projects\libs\cchlp2.vcproj", "{09612A29-FECA-1BAD-EB30-8C3654487D10}"
EndProject
Project("{8BC9CEB8-8B4A-11D0-8D11-00A0C91BC942}") = "evd", "w:\garantPIL\implementation\Projects\libs\evd.vcproj", "{690472BA-FECA-1BAD-6206-8A6354487D10}"
EndProject
Project("{8BC9CEB8-8B4A-11D0-8D11-00A0C91BC942}") = "dummies_tools", "w:\garantPIL\implementation\Projects\libs_tools\dummies_tools.vcproj", "{EB6A6EBA-FECA-1BAD-A20E-AC8215D6D1CE}"
EndProject
Project("{8BC9CEB8-8B4A-11D0-8D11-00A0C91BC942}") = "gc_gl", "w:\garantPIL\implementation\Projects\libs_tools\gc_gl.vcproj", "{E902620B-FECA-1BAD-691E-8A0215D6D1CE}"
EndProject
Project("{8BC9CEB8-8B4A-11D0-8D11-00A0C91BC942}") = "gc_gsplit", "w:\garantPIL\implementation\Projects\libs_tools\gc_gsplit.vcproj", "{7F943232-FECA-1BAD-6A87-E36715D6D1CE}"
EndProject
Project("{8BC9CEB8-8B4A-11D0-8D11-00A0C91BC942}") = "gc_tools", "w:\garantPIL\implementation\Projects\libs_tools\gc_tools.vcproj", "{786C5D01-FECA-1BAD-99B7-9CE115D6D1CE}"
EndProject
Project("{8BC9CEB8-8B4A-11D0-8D11-00A0C91BC942}") = "gmcsources_gm", "w:\garantPIL\implementation\Projects\libs_tools\gmcsources_gm.vcproj", "{7B47494E-FECA-1BAD-DD47-AE5015D6D1CE}"
EndProject
Project("{8BC9CEB8-8B4A-11D0-8D11-00A0C91BC942}") = "gsplitcsources_gsplit", "w:\garantPIL\implementation\Projects\libs_tools\gsplitcsources_gsplit.vcproj", "{ADD7B41B-FECA-1BAD-081A-C75F15D6D1CE}"
EndProject
Project("{8BC9CEB8-8B4A-11D0-8D11-00A0C91BC942}") = "gsscreen_enumparas", "w:\garantPIL\implementation\Projects\libs_tools\gsscreen_enumparas.vcproj", "{657A2105-FECA-1BAD-59F6-4D8615D6D1CE}"
EndProject
Project("{8BC9CEB8-8B4A-11D0-8D11-00A0C91BC942}") = "gsscreen_gc", "w:\garantPIL\implementation\Projects\libs_tools\gsscreen_gc.vcproj", "{4D47490F-FECA-1BAD-D954-CE5015D6D1CE}"
EndProject
Project("{8BC9CEB8-8B4A-11D0-8D11-00A0C91BC942}") = "hisynccsources_hisync", "w:\garantPIL\implementation\Projects\libs_tools\hisynccsources_hisync.vcproj", "{BAD9FC68-FECA-1BAD-8F2B-B7BB15D6D1CE}"
EndProject
Project("{8BC9CEB8-8B4A-11D0-8D11-00A0C91BC942}") = "lex_tools", "w:\garantPIL\implementation\Projects\libs_tools\lex_tools.vcproj", "{BBDC5D07-FECA-1BAD-99DB-A7E115D6D1CE}"
EndProject
Project("{8BC9CEB8-8B4A-11D0-8D11-00A0C91BC942}") = "vcontrol_ggu", "w:\garantPIL\implementation\Projects\libs_tools\vcontrol_ggu.vcproj", "{EA4D9DD3-FECA-1BAD-949E-BEFD15D6D1CE}"
EndProject
Project("{8BC9CEB8-8B4A-11D0-8D11-00A0C91BC942}") = "zlib_tools", "w:\garantPIL\implementation\Projects\libs_tools\zlib_tools.vcproj", "{B67C5D7D-FECA-1BAD-9E7B-7DE115D6D1CE}"
EndProject
Project("{8BC9CEB8-8B4A-11D0-8D11-00A0C91BC942}") = "ContextSearch", "w:\shared\project\ContextSearch.vcproj", "{86151B4D-FECA-1BAD-FD78-7B754C17A721}"
	ProjectSection(ProjectDependencies) = postProject
		{E90470AD-FECA-1BAD-437E-8A634C17A721} = {E90470AD-FECA-1BAD-437E-8A634C17A721}
	EndProjectSection
EndProject
Project("{8BC9CEB8-8B4A-11D0-8D11-00A0C91BC942}") = "Core", "w:\shared\project\Core.vcproj", "{7904311E-FECA-1BAD-5847-8A674C17A721}"
EndProject
Project("{8BC9CEB8-8B4A-11D0-8D11-00A0C91BC942}") = "GCL", "w:\shared\project\GCL.vcproj", "{E90470AD-FECA-1BAD-437E-8A634C17A721}"
EndProject
Project("{8BC9CEB8-8B4A-11D0-8D11-00A0C91BC942}") = "T_NSRC_Compiler", "targets_tools\T_NSRC_Compiler.vcproj", "{2ECF3121-53AD-4631-ADE4-DC84155A9A85}"
	ProjectSection(ProjectDependencies) = postProject
		{BBDC5D07-FECA-1BAD-99DB-A7E115D6D1CE} = {BBDC5D07-FECA-1BAD-99DB-A7E115D6D1CE}
		{4D47490F-FECA-1BAD-D954-CE5015D6D1CE} = {4D47490F-FECA-1BAD-D954-CE5015D6D1CE}
		{7904311E-FECA-1BAD-5847-8A674C17A721} = {7904311E-FECA-1BAD-5847-8A674C17A721}
		{09612A29-FECA-1BAD-EB30-8C3654487D10} = {09612A29-FECA-1BAD-EB30-8C3654487D10}
		{39612A29-FECA-1BAD-EB33-8C3654487D10} = {39612A29-FECA-1BAD-EB33-8C3654487D10}
		{B67C5D7D-FECA-1BAD-9E7B-7DE115D6D1CE} = {B67C5D7D-FECA-1BAD-9E7B-7DE115D6D1CE}
		{E90470AD-FECA-1BAD-437E-8A634C17A721} = {E90470AD-FECA-1BAD-437E-8A634C17A721}
		{EB6A6EBA-FECA-1BAD-A20E-AC8215D6D1CE} = {EB6A6EBA-FECA-1BAD-A20E-AC8215D6D1CE}
		{690472BA-FECA-1BAD-6206-8A6354487D10} = {690472BA-FECA-1BAD-6206-8A6354487D10}
		{EA4D9DD3-FECA-1BAD-949E-BEFD15D6D1CE} = {EA4D9DD3-FECA-1BAD-949E-BEFD15D6D1CE}
		{A90415D9-FECA-1BAD-143A-8A6554487D10} = {A90415D9-FECA-1BAD-143A-8A6554487D10}
	EndProjectSection
EndProject
Project("{8BC9CEB8-8B4A-11D0-8D11-00A0C91BC942}") = "gkdb", "libs\gkdb.vcproj", "{09041548-FECA-1BAD-1D20-8A6554487D10}"
EndProject
Project("{8BC9CEB8-8B4A-11D0-8D11-00A0C91BC942}") = "T_NDT_Dumper", "targets_tools\T_NDT_Dumper.vcproj", "{2A01D0ED-006E-4DA5-A8DD-1EBA749963AD}"
	ProjectSection(ProjectDependencies) = postProject
		{4D47490F-FECA-1BAD-D954-CE5015D6D1CE} = {4D47490F-FECA-1BAD-D954-CE5015D6D1CE}
		{7904311E-FECA-1BAD-5847-8A674C17A721} = {7904311E-FECA-1BAD-5847-8A674C17A721}
		{09612A29-FECA-1BAD-EB30-8C3654487D10} = {09612A29-FECA-1BAD-EB30-8C3654487D10}
		{39612A29-FECA-1BAD-EB33-8C3654487D10} = {39612A29-FECA-1BAD-EB33-8C3654487D10}
		{09041548-FECA-1BAD-1D20-8A6554487D10} = {09041548-FECA-1BAD-1D20-8A6554487D10}
		{86151B4D-FECA-1BAD-FD78-7B754C17A721} = {86151B4D-FECA-1BAD-FD78-7B754C17A721}
		{B67C5D7D-FECA-1BAD-9E7B-7DE115D6D1CE} = {B67C5D7D-FECA-1BAD-9E7B-7DE115D6D1CE}
		{4F41B0AA-FECA-1BAD-4304-EE3F54487D10} = {4F41B0AA-FECA-1BAD-4304-EE3F54487D10}
		{EA4D9DD3-FECA-1BAD-949E-BEFD15D6D1CE} = {EA4D9DD3-FECA-1BAD-949E-BEFD15D6D1CE}
		{A90415D9-FECA-1BAD-143A-8A6554487D10} = {A90415D9-FECA-1BAD-143A-8A6554487D10}
		{D94FF1F4-FECA-1BAD-56ED-8EDB4C17A721} = {D94FF1F4-FECA-1BAD-56ED-8EDB4C17A721}
	EndProjectSection
EndProject
Project("{8BC9CEB8-8B4A-11D0-8D11-00A0C91BC942}") = "gctx", "libs\gctx.vcproj", "{A90415D9-FECA-1BAD-143A-8A6554487D10}"
EndProject
Project("{8BC9CEB8-8B4A-11D0-8D11-00A0C91BC942}") = "SearchBase", "libs\SearchBase.vcproj", "{4F41B0AA-FECA-1BAD-4304-EE3F54487D10}"
EndProject
Project("{8BC9CEB8-8B4A-11D0-8D11-00A0C91BC942}") = "T_NDTS_Comparer", "targets_tools\T_NDTS_Comparer.vcproj", "{321950C5-FECA-1BAD-45F3-3BB1721DD994}"
	ProjectSection(ProjectDependencies) = postProject
		{4D47490F-FECA-1BAD-D954-CE5015D6D1CE} = {4D47490F-FECA-1BAD-D954-CE5015D6D1CE}
		{7904311E-FECA-1BAD-5847-8A674C17A721} = {7904311E-FECA-1BAD-5847-8A674C17A721}
		{09612A29-FECA-1BAD-EB30-8C3654487D10} = {09612A29-FECA-1BAD-EB30-8C3654487D10}
		{39612A29-FECA-1BAD-EB33-8C3654487D10} = {39612A29-FECA-1BAD-EB33-8C3654487D10}
		{09041548-FECA-1BAD-1D20-8A6554487D10} = {09041548-FECA-1BAD-1D20-8A6554487D10}
		{B67C5D7D-FECA-1BAD-9E7B-7DE115D6D1CE} = {B67C5D7D-FECA-1BAD-9E7B-7DE115D6D1CE}
		{4F41B0AA-FECA-1BAD-4304-EE3F54487D10} = {4F41B0AA-FECA-1BAD-4304-EE3F54487D10}
		{E90470AD-FECA-1BAD-437E-8A634C17A721} = {E90470AD-FECA-1BAD-437E-8A634C17A721}
		{690072B5-FECA-1BAD-62F6-8A23EA80585A} = {690072B5-FECA-1BAD-62F6-8A23EA80585A}
		{EB6A6EBA-FECA-1BAD-A20E-AC8215D6D1CE} = {EB6A6EBA-FECA-1BAD-A20E-AC8215D6D1CE}
		{EA4D9DD3-FECA-1BAD-949E-BEFD15D6D1CE} = {EA4D9DD3-FECA-1BAD-949E-BEFD15D6D1CE}
		{A90415D9-FECA-1BAD-143A-8A6554487D10} = {A90415D9-FECA-1BAD-143A-8A6554487D10}
		{D94FF1F4-FECA-1BAD-56ED-8EDB4C17A721} = {D94FF1F4-FECA-1BAD-56ED-8EDB4C17A721}
	EndProjectSection
EndProject
Project("{8BC9CEB8-8B4A-11D0-8D11-00A0C91BC942}") = "Morpho", "..\..\..\shared\project\Morpho.vcproj", "{D94FF1F4-FECA-1BAD-56ED-8EDB4C17A721}"
EndProject
Project("{8BC9CEB8-8B4A-11D0-8D11-00A0C91BC942}") = "T_Morpho_Builder", "targets_tools\T_MorphoBuilder.vcproj", "{A955C7D9-FECA-1BAD-343A-8F78721DD994}"
	ProjectSection(ProjectDependencies) = postProject
		{4D47490F-FECA-1BAD-D954-CE5015D6D1CE} = {4D47490F-FECA-1BAD-D954-CE5015D6D1CE}
		{7904311E-FECA-1BAD-5847-8A674C17A721} = {7904311E-FECA-1BAD-5847-8A674C17A721}
		{09612A29-FECA-1BAD-EB30-8C3654487D10} = {09612A29-FECA-1BAD-EB30-8C3654487D10}
		{39612A29-FECA-1BAD-EB33-8C3654487D10} = {39612A29-FECA-1BAD-EB33-8C3654487D10}
		{09041548-FECA-1BAD-1D20-8A6554487D10} = {09041548-FECA-1BAD-1D20-8A6554487D10}
		{86151B4D-FECA-1BAD-FD78-7B754C17A721} = {86151B4D-FECA-1BAD-FD78-7B754C17A721}
		{A90415D9-FECA-1BAD-143A-8A6554487D10} = {A90415D9-FECA-1BAD-143A-8A6554487D10}
		{D94FF1F4-FECA-1BAD-56ED-8EDB4C17A721} = {D94FF1F4-FECA-1BAD-56ED-8EDB4C17A721}
	EndProjectSection
EndProject
Project("{8BC9CEB8-8B4A-11D0-8D11-00A0C91BC942}") = "mrglib_gm", "libs_tools\mrglib_gm.vcproj", "{5D1E830D-FECA-1BAD-7975-CBCC15D6D1CE}"
EndProject
Project("{8BC9CEB8-8B4A-11D0-8D11-00A0C91BC942}") = "gsscreen_gm", "libs_tools\gsscreen_gm.vcproj", "{AD47490F-FECA-1BAD-D95A-CE5015D6D1CE}"
EndProject
Project("{8BC9CEB8-8B4A-11D0-8D11-00A0C91BC942}") = "T_NDT_Merger", "targets_tools\T_NDT_Merger.vcproj", "{C135EE1F-95C5-4793-BD29-C1D8C6F16C57}"
	ProjectSection(ProjectDependencies) = postProject
		{BBDC5D07-FECA-1BAD-99DB-A7E115D6D1CE} = {BBDC5D07-FECA-1BAD-99DB-A7E115D6D1CE}
		{5D1E830D-FECA-1BAD-7975-CBCC15D6D1CE} = {5D1E830D-FECA-1BAD-7975-CBCC15D6D1CE}
		{AD47490F-FECA-1BAD-D95A-CE5015D6D1CE} = {AD47490F-FECA-1BAD-D95A-CE5015D6D1CE}
		{7904311E-FECA-1BAD-5847-8A674C17A721} = {7904311E-FECA-1BAD-5847-8A674C17A721}
		{09612A29-FECA-1BAD-EB30-8C3654487D10} = {09612A29-FECA-1BAD-EB30-8C3654487D10}
		{39612A29-FECA-1BAD-EB33-8C3654487D10} = {39612A29-FECA-1BAD-EB33-8C3654487D10}
		{B67C5D7D-FECA-1BAD-9E7B-7DE115D6D1CE} = {B67C5D7D-FECA-1BAD-9E7B-7DE115D6D1CE}
		{E90470AD-FECA-1BAD-437E-8A634C17A721} = {E90470AD-FECA-1BAD-437E-8A634C17A721}
		{690472BA-FECA-1BAD-6206-8A6354487D10} = {690472BA-FECA-1BAD-6206-8A6354487D10}
		{EA4D9DD3-FECA-1BAD-949E-BEFD15D6D1CE} = {EA4D9DD3-FECA-1BAD-949E-BEFD15D6D1CE}
		{A90415D9-FECA-1BAD-143A-8A6554487D10} = {A90415D9-FECA-1BAD-143A-8A6554487D10}
	EndProjectSection
EndProject
Project("{8BC9CEB8-8B4A-11D0-8D11-00A0C91BC942}") = "DBExt", "..\component\cpp\garantCore\project\DBExt.vcproj", "{690072B5-FECA-1BAD-62F6-8A23EA80585A}"
EndProject
Project("{8BC9CEB8-8B4A-11D0-8D11-00A0C91BC942}") = "T_NDT_ContextBuilder", "targets_tools\T_NDT_ContextBuilder.vcproj", "{FC225EB5-CEA5-44A5-B58F-326BCE53908B}"
	ProjectSection(ProjectDependencies) = postProject
		{AD47490F-FECA-1BAD-D95A-CE5015D6D1CE} = {AD47490F-FECA-1BAD-D95A-CE5015D6D1CE}
		{7904311E-FECA-1BAD-5847-8A674C17A721} = {7904311E-FECA-1BAD-5847-8A674C17A721}
		{09612A29-FECA-1BAD-EB30-8C3654487D10} = {09612A29-FECA-1BAD-EB30-8C3654487D10}
		{39612A29-FECA-1BAD-EB33-8C3654487D10} = {39612A29-FECA-1BAD-EB33-8C3654487D10}
		{09041548-FECA-1BAD-1D20-8A6554487D10} = {09041548-FECA-1BAD-1D20-8A6554487D10}
		{86151B4D-FECA-1BAD-FD78-7B754C17A721} = {86151B4D-FECA-1BAD-FD78-7B754C17A721}
		{B67C5D7D-FECA-1BAD-9E7B-7DE115D6D1CE} = {B67C5D7D-FECA-1BAD-9E7B-7DE115D6D1CE}
		{4F41B0AA-FECA-1BAD-4304-EE3F54487D10} = {4F41B0AA-FECA-1BAD-4304-EE3F54487D10}
		{690472BA-FECA-1BAD-6206-8A6354487D10} = {690472BA-FECA-1BAD-6206-8A6354487D10}
		{EA4D9DD3-FECA-1BAD-949E-BEFD15D6D1CE} = {EA4D9DD3-FECA-1BAD-949E-BEFD15D6D1CE}
		{A90415D9-FECA-1BAD-143A-8A6554487D10} = {A90415D9-FECA-1BAD-143A-8A6554487D10}
		{D94FF1F4-FECA-1BAD-56ED-8EDB4C17A721} = {D94FF1F4-FECA-1BAD-56ED-8EDB4C17A721}
	EndProjectSection
EndProject
Global
	GlobalSection(SolutionConfigurationPlatforms) = preSolution
		Debug|Win32 = Debug|Win32
		Debug|x64 = Debug|x64
		Final|Win32 = Final|Win32
		Final|x64 = Final|x64
		Purify_Debug|Win32 = Purify_Debug|Win32
		Purify_Debug|x64 = Purify_Debug|x64
		Purify_Release|Win32 = Purify_Release|Win32
		Purify_Release|x64 = Purify_Release|x64
		Release|Win32 = Release|Win32
		Release|x64 = Release|x64
	EndGlobalSection
	GlobalSection(ProjectConfigurationPlatforms) = postSolution
		{A477F60F-FECA-1BAD-295A-5D5B54487D10}.Debug|Win32.ActiveCfg = Debug|Win32
		{A477F60F-FECA-1BAD-295A-5D5B54487D10}.Debug|Win32.Build.0 = Debug|Win32
		{A477F60F-FECA-1BAD-295A-5D5B54487D10}.Debug|x64.ActiveCfg = Debug|x64
		{A477F60F-FECA-1BAD-295A-5D5B54487D10}.Debug|x64.Build.0 = Debug|x64
		{A477F60F-FECA-1BAD-295A-5D5B54487D10}.Final|Win32.ActiveCfg = Final|Win32
		{A477F60F-FECA-1BAD-295A-5D5B54487D10}.Final|Win32.Build.0 = Final|Win32
		{A477F60F-FECA-1BAD-295A-5D5B54487D10}.Final|x64.ActiveCfg = Final|x64
		{A477F60F-FECA-1BAD-295A-5D5B54487D10}.Final|x64.Build.0 = Final|x64
		{A477F60F-FECA-1BAD-295A-5D5B54487D10}.Purify_Debug|Win32.ActiveCfg = Purify_Debug|Win32
		{A477F60F-FECA-1BAD-295A-5D5B54487D10}.Purify_Debug|Win32.Build.0 = Purify_Debug|Win32
		{A477F60F-FECA-1BAD-295A-5D5B54487D10}.Purify_Debug|x64.ActiveCfg = Purify_Debug|x64
		{A477F60F-FECA-1BAD-295A-5D5B54487D10}.Purify_Debug|x64.Build.0 = Purify_Debug|x64
		{A477F60F-FECA-1BAD-295A-5D5B54487D10}.Purify_Release|Win32.ActiveCfg = Purify_Release|Win32
		{A477F60F-FECA-1BAD-295A-5D5B54487D10}.Purify_Release|Win32.Build.0 = Purify_Release|Win32
		{A477F60F-FECA-1BAD-295A-5D5B54487D10}.Purify_Release|x64.ActiveCfg = Purify_Release|x64
		{A477F60F-FECA-1BAD-295A-5D5B54487D10}.Purify_Release|x64.Build.0 = Purify_Release|x64
		{A477F60F-FECA-1BAD-295A-5D5B54487D10}.Release|Win32.ActiveCfg = Release|Win32
		{A477F60F-FECA-1BAD-295A-5D5B54487D10}.Release|Win32.Build.0 = Release|Win32
		{A477F60F-FECA-1BAD-295A-5D5B54487D10}.Release|x64.ActiveCfg = Release|x64
		{A477F60F-FECA-1BAD-295A-5D5B54487D10}.Release|x64.Build.0 = Release|x64
		{39612A29-FECA-1BAD-EB33-8C3654487D10}.Debug|Win32.ActiveCfg = Debug|Win32
		{39612A29-FECA-1BAD-EB33-8C3654487D10}.Debug|Win32.Build.0 = Debug|Win32
		{39612A29-FECA-1BAD-EB33-8C3654487D10}.Debug|x64.ActiveCfg = Debug|x64
		{39612A29-FECA-1BAD-EB33-8C3654487D10}.Debug|x64.Build.0 = Debug|x64
		{39612A29-FECA-1BAD-EB33-8C3654487D10}.Final|Win32.ActiveCfg = Final|Win32
		{39612A29-FECA-1BAD-EB33-8C3654487D10}.Final|Win32.Build.0 = Final|Win32
		{39612A29-FECA-1BAD-EB33-8C3654487D10}.Final|x64.ActiveCfg = Final|x64
		{39612A29-FECA-1BAD-EB33-8C3654487D10}.Final|x64.Build.0 = Final|x64
		{39612A29-FECA-1BAD-EB33-8C3654487D10}.Purify_Debug|Win32.ActiveCfg = Purify_Debug|Win32
		{39612A29-FECA-1BAD-EB33-8C3654487D10}.Purify_Debug|Win32.Build.0 = Purify_Debug|Win32
		{39612A29-FECA-1BAD-EB33-8C3654487D10}.Purify_Debug|x64.ActiveCfg = Purify_Debug|x64
		{39612A29-FECA-1BAD-EB33-8C3654487D10}.Purify_Debug|x64.Build.0 = Purify_Debug|x64
		{39612A29-FECA-1BAD-EB33-8C3654487D10}.Purify_Release|Win32.ActiveCfg = Purify_Release|Win32
		{39612A29-FECA-1BAD-EB33-8C3654487D10}.Purify_Release|Win32.Build.0 = Purify_Release|Win32
		{39612A29-FECA-1BAD-EB33-8C3654487D10}.Purify_Release|x64.ActiveCfg = Purify_Release|x64
		{39612A29-FECA-1BAD-EB33-8C3654487D10}.Purify_Release|x64.Build.0 = Purify_Release|x64
		{39612A29-FECA-1BAD-EB33-8C3654487D10}.Release|Win32.ActiveCfg = Release|Win32
		{39612A29-FECA-1BAD-EB33-8C3654487D10}.Release|Win32.Build.0 = Release|Win32
		{39612A29-FECA-1BAD-EB33-8C3654487D10}.Release|x64.ActiveCfg = Release|x64
		{39612A29-FECA-1BAD-EB33-8C3654487D10}.Release|x64.Build.0 = Release|x64
		{09612A29-FECA-1BAD-EB30-8C3654487D10}.Debug|Win32.ActiveCfg = Debug|Win32
		{09612A29-FECA-1BAD-EB30-8C3654487D10}.Debug|Win32.Build.0 = Debug|Win32
		{09612A29-FECA-1BAD-EB30-8C3654487D10}.Debug|x64.ActiveCfg = Debug|x64
		{09612A29-FECA-1BAD-EB30-8C3654487D10}.Debug|x64.Build.0 = Debug|x64
		{09612A29-FECA-1BAD-EB30-8C3654487D10}.Final|Win32.ActiveCfg = Final|Win32
		{09612A29-FECA-1BAD-EB30-8C3654487D10}.Final|Win32.Build.0 = Final|Win32
		{09612A29-FECA-1BAD-EB30-8C3654487D10}.Final|x64.ActiveCfg = Final|x64
		{09612A29-FECA-1BAD-EB30-8C3654487D10}.Final|x64.Build.0 = Final|x64
		{09612A29-FECA-1BAD-EB30-8C3654487D10}.Purify_Debug|Win32.ActiveCfg = Purify_Debug|Win32
		{09612A29-FECA-1BAD-EB30-8C3654487D10}.Purify_Debug|Win32.Build.0 = Purify_Debug|Win32
		{09612A29-FECA-1BAD-EB30-8C3654487D10}.Purify_Debug|x64.ActiveCfg = Purify_Debug|x64
		{09612A29-FECA-1BAD-EB30-8C3654487D10}.Purify_Debug|x64.Build.0 = Purify_Debug|x64
		{09612A29-FECA-1BAD-EB30-8C3654487D10}.Purify_Release|Win32.ActiveCfg = Purify_Release|Win32
		{09612A29-FECA-1BAD-EB30-8C3654487D10}.Purify_Release|Win32.Build.0 = Purify_Release|Win32
		{09612A29-FECA-1BAD-EB30-8C3654487D10}.Purify_Release|x64.ActiveCfg = Purify_Release|x64
		{09612A29-FECA-1BAD-EB30-8C3654487D10}.Purify_Release|x64.Build.0 = Purify_Release|x64
		{09612A29-FECA-1BAD-EB30-8C3654487D10}.Release|Win32.ActiveCfg = Release|Win32
		{09612A29-FECA-1BAD-EB30-8C3654487D10}.Release|Win32.Build.0 = Release|Win32
		{09612A29-FECA-1BAD-EB30-8C3654487D10}.Release|x64.ActiveCfg = Release|x64
		{09612A29-FECA-1BAD-EB30-8C3654487D10}.Release|x64.Build.0 = Release|x64
		{690472BA-FECA-1BAD-6206-8A6354487D10}.Debug|Win32.ActiveCfg = Debug|Win32
		{690472BA-FECA-1BAD-6206-8A6354487D10}.Debug|Win32.Build.0 = Debug|Win32
		{690472BA-FECA-1BAD-6206-8A6354487D10}.Debug|x64.ActiveCfg = Debug|x64
		{690472BA-FECA-1BAD-6206-8A6354487D10}.Debug|x64.Build.0 = Debug|x64
		{690472BA-FECA-1BAD-6206-8A6354487D10}.Final|Win32.ActiveCfg = Final|Win32
		{690472BA-FECA-1BAD-6206-8A6354487D10}.Final|Win32.Build.0 = Final|Win32
		{690472BA-FECA-1BAD-6206-8A6354487D10}.Final|x64.ActiveCfg = Final|x64
		{690472BA-FECA-1BAD-6206-8A6354487D10}.Final|x64.Build.0 = Final|x64
		{690472BA-FECA-1BAD-6206-8A6354487D10}.Purify_Debug|Win32.ActiveCfg = Purify_Debug|Win32
		{690472BA-FECA-1BAD-6206-8A6354487D10}.Purify_Debug|Win32.Build.0 = Purify_Debug|Win32
		{690472BA-FECA-1BAD-6206-8A6354487D10}.Purify_Debug|x64.ActiveCfg = Purify_Debug|x64
		{690472BA-FECA-1BAD-6206-8A6354487D10}.Purify_Debug|x64.Build.0 = Purify_Debug|x64
		{690472BA-FECA-1BAD-6206-8A6354487D10}.Purify_Release|Win32.ActiveCfg = Purify_Release|Win32
		{690472BA-FECA-1BAD-6206-8A6354487D10}.Purify_Release|Win32.Build.0 = Purify_Release|Win32
		{690472BA-FECA-1BAD-6206-8A6354487D10}.Purify_Release|x64.ActiveCfg = Purify_Release|x64
		{690472BA-FECA-1BAD-6206-8A6354487D10}.Purify_Release|x64.Build.0 = Purify_Release|x64
		{690472BA-FECA-1BAD-6206-8A6354487D10}.Release|Win32.ActiveCfg = Release|Win32
		{690472BA-FECA-1BAD-6206-8A6354487D10}.Release|Win32.Build.0 = Release|Win32
		{690472BA-FECA-1BAD-6206-8A6354487D10}.Release|x64.ActiveCfg = Release|x64
		{690472BA-FECA-1BAD-6206-8A6354487D10}.Release|x64.Build.0 = Release|x64
		{EB6A6EBA-FECA-1BAD-A20E-AC8215D6D1CE}.Debug|Win32.ActiveCfg = Debug|Win32
		{EB6A6EBA-FECA-1BAD-A20E-AC8215D6D1CE}.Debug|Win32.Build.0 = Debug|Win32
		{EB6A6EBA-FECA-1BAD-A20E-AC8215D6D1CE}.Debug|x64.ActiveCfg = Debug|x64
		{EB6A6EBA-FECA-1BAD-A20E-AC8215D6D1CE}.Debug|x64.Build.0 = Debug|x64
		{EB6A6EBA-FECA-1BAD-A20E-AC8215D6D1CE}.Final|Win32.ActiveCfg = Final|Win32
		{EB6A6EBA-FECA-1BAD-A20E-AC8215D6D1CE}.Final|Win32.Build.0 = Final|Win32
		{EB6A6EBA-FECA-1BAD-A20E-AC8215D6D1CE}.Final|x64.ActiveCfg = Final|x64
		{EB6A6EBA-FECA-1BAD-A20E-AC8215D6D1CE}.Final|x64.Build.0 = Final|x64
		{EB6A6EBA-FECA-1BAD-A20E-AC8215D6D1CE}.Purify_Debug|Win32.ActiveCfg = Purify_Debug|Win32
		{EB6A6EBA-FECA-1BAD-A20E-AC8215D6D1CE}.Purify_Debug|Win32.Build.0 = Purify_Debug|Win32
		{EB6A6EBA-FECA-1BAD-A20E-AC8215D6D1CE}.Purify_Debug|x64.ActiveCfg = Purify_Debug|x64
		{EB6A6EBA-FECA-1BAD-A20E-AC8215D6D1CE}.Purify_Debug|x64.Build.0 = Purify_Debug|x64
		{EB6A6EBA-FECA-1BAD-A20E-AC8215D6D1CE}.Purify_Release|Win32.ActiveCfg = Purify_Release|Win32
		{EB6A6EBA-FECA-1BAD-A20E-AC8215D6D1CE}.Purify_Release|Win32.Build.0 = Purify_Release|Win32
		{EB6A6EBA-FECA-1BAD-A20E-AC8215D6D1CE}.Purify_Release|x64.ActiveCfg = Purify_Release|x64
		{EB6A6EBA-FECA-1BAD-A20E-AC8215D6D1CE}.Purify_Release|x64.Build.0 = Purify_Release|x64
		{EB6A6EBA-FECA-1BAD-A20E-AC8215D6D1CE}.Release|Win32.ActiveCfg = Release|Win32
		{EB6A6EBA-FECA-1BAD-A20E-AC8215D6D1CE}.Release|Win32.Build.0 = Release|Win32
		{EB6A6EBA-FECA-1BAD-A20E-AC8215D6D1CE}.Release|x64.ActiveCfg = Release|x64
		{EB6A6EBA-FECA-1BAD-A20E-AC8215D6D1CE}.Release|x64.Build.0 = Release|x64
		{E902620B-FECA-1BAD-691E-8A0215D6D1CE}.Debug|Win32.ActiveCfg = Debug|Win32
		{E902620B-FECA-1BAD-691E-8A0215D6D1CE}.Debug|Win32.Build.0 = Debug|Win32
		{E902620B-FECA-1BAD-691E-8A0215D6D1CE}.Debug|x64.ActiveCfg = Debug|x64
		{E902620B-FECA-1BAD-691E-8A0215D6D1CE}.Debug|x64.Build.0 = Debug|x64
		{E902620B-FECA-1BAD-691E-8A0215D6D1CE}.Final|Win32.ActiveCfg = Final|Win32
		{E902620B-FECA-1BAD-691E-8A0215D6D1CE}.Final|Win32.Build.0 = Final|Win32
		{E902620B-FECA-1BAD-691E-8A0215D6D1CE}.Final|x64.ActiveCfg = Final|x64
		{E902620B-FECA-1BAD-691E-8A0215D6D1CE}.Final|x64.Build.0 = Final|x64
		{E902620B-FECA-1BAD-691E-8A0215D6D1CE}.Purify_Debug|Win32.ActiveCfg = Purify_Debug|Win32
		{E902620B-FECA-1BAD-691E-8A0215D6D1CE}.Purify_Debug|Win32.Build.0 = Purify_Debug|Win32
		{E902620B-FECA-1BAD-691E-8A0215D6D1CE}.Purify_Debug|x64.ActiveCfg = Purify_Debug|x64
		{E902620B-FECA-1BAD-691E-8A0215D6D1CE}.Purify_Debug|x64.Build.0 = Purify_Debug|x64
		{E902620B-FECA-1BAD-691E-8A0215D6D1CE}.Purify_Release|Win32.ActiveCfg = Purify_Release|Win32
		{E902620B-FECA-1BAD-691E-8A0215D6D1CE}.Purify_Release|Win32.Build.0 = Purify_Release|Win32
		{E902620B-FECA-1BAD-691E-8A0215D6D1CE}.Purify_Release|x64.ActiveCfg = Purify_Release|x64
		{E902620B-FECA-1BAD-691E-8A0215D6D1CE}.Purify_Release|x64.Build.0 = Purify_Release|x64
		{E902620B-FECA-1BAD-691E-8A0215D6D1CE}.Release|Win32.ActiveCfg = Release|Win32
		{E902620B-FECA-1BAD-691E-8A0215D6D1CE}.Release|Win32.Build.0 = Release|Win32
		{E902620B-FECA-1BAD-691E-8A0215D6D1CE}.Release|x64.ActiveCfg = Release|x64
		{E902620B-FECA-1BAD-691E-8A0215D6D1CE}.Release|x64.Build.0 = Release|x64
		{7F943232-FECA-1BAD-6A87-E36715D6D1CE}.Debug|Win32.ActiveCfg = Debug|Win32
		{7F943232-FECA-1BAD-6A87-E36715D6D1CE}.Debug|Win32.Build.0 = Debug|Win32
		{7F943232-FECA-1BAD-6A87-E36715D6D1CE}.Debug|x64.ActiveCfg = Debug|x64
		{7F943232-FECA-1BAD-6A87-E36715D6D1CE}.Debug|x64.Build.0 = Debug|x64
		{7F943232-FECA-1BAD-6A87-E36715D6D1CE}.Final|Win32.ActiveCfg = Final|Win32
		{7F943232-FECA-1BAD-6A87-E36715D6D1CE}.Final|Win32.Build.0 = Final|Win32
		{7F943232-FECA-1BAD-6A87-E36715D6D1CE}.Final|x64.ActiveCfg = Final|x64
		{7F943232-FECA-1BAD-6A87-E36715D6D1CE}.Final|x64.Build.0 = Final|x64
		{7F943232-FECA-1BAD-6A87-E36715D6D1CE}.Purify_Debug|Win32.ActiveCfg = Purify_Debug|Win32
		{7F943232-FECA-1BAD-6A87-E36715D6D1CE}.Purify_Debug|Win32.Build.0 = Purify_Debug|Win32
		{7F943232-FECA-1BAD-6A87-E36715D6D1CE}.Purify_Debug|x64.ActiveCfg = Purify_Debug|x64
		{7F943232-FECA-1BAD-6A87-E36715D6D1CE}.Purify_Debug|x64.Build.0 = Purify_Debug|x64
		{7F943232-FECA-1BAD-6A87-E36715D6D1CE}.Purify_Release|Win32.ActiveCfg = Purify_Release|Win32
		{7F943232-FECA-1BAD-6A87-E36715D6D1CE}.Purify_Release|Win32.Build.0 = Purify_Release|Win32
		{7F943232-FECA-1BAD-6A87-E36715D6D1CE}.Purify_Release|x64.ActiveCfg = Purify_Release|x64
		{7F943232-FECA-1BAD-6A87-E36715D6D1CE}.Purify_Release|x64.Build.0 = Purify_Release|x64
		{7F943232-FECA-1BAD-6A87-E36715D6D1CE}.Release|Win32.ActiveCfg = Release|Win32
		{7F943232-FECA-1BAD-6A87-E36715D6D1CE}.Release|Win32.Build.0 = Release|Win32
		{7F943232-FECA-1BAD-6A87-E36715D6D1CE}.Release|x64.ActiveCfg = Release|x64
		{7F943232-FECA-1BAD-6A87-E36715D6D1CE}.Release|x64.Build.0 = Release|x64
		{786C5D01-FECA-1BAD-99B7-9CE115D6D1CE}.Debug|Win32.ActiveCfg = Debug|Win32
		{786C5D01-FECA-1BAD-99B7-9CE115D6D1CE}.Debug|Win32.Build.0 = Debug|Win32
		{786C5D01-FECA-1BAD-99B7-9CE115D6D1CE}.Debug|x64.ActiveCfg = Debug|x64
		{786C5D01-FECA-1BAD-99B7-9CE115D6D1CE}.Debug|x64.Build.0 = Debug|x64
		{786C5D01-FECA-1BAD-99B7-9CE115D6D1CE}.Final|Win32.ActiveCfg = Final|Win32
		{786C5D01-FECA-1BAD-99B7-9CE115D6D1CE}.Final|Win32.Build.0 = Final|Win32
		{786C5D01-FECA-1BAD-99B7-9CE115D6D1CE}.Final|x64.ActiveCfg = Final|x64
		{786C5D01-FECA-1BAD-99B7-9CE115D6D1CE}.Final|x64.Build.0 = Final|x64
		{786C5D01-FECA-1BAD-99B7-9CE115D6D1CE}.Purify_Debug|Win32.ActiveCfg = Purify_Debug|Win32
		{786C5D01-FECA-1BAD-99B7-9CE115D6D1CE}.Purify_Debug|Win32.Build.0 = Purify_Debug|Win32
		{786C5D01-FECA-1BAD-99B7-9CE115D6D1CE}.Purify_Debug|x64.ActiveCfg = Purify_Debug|x64
		{786C5D01-FECA-1BAD-99B7-9CE115D6D1CE}.Purify_Debug|x64.Build.0 = Purify_Debug|x64
		{786C5D01-FECA-1BAD-99B7-9CE115D6D1CE}.Purify_Release|Win32.ActiveCfg = Purify_Release|Win32
		{786C5D01-FECA-1BAD-99B7-9CE115D6D1CE}.Purify_Release|Win32.Build.0 = Purify_Release|Win32
		{786C5D01-FECA-1BAD-99B7-9CE115D6D1CE}.Purify_Release|x64.ActiveCfg = Purify_Release|x64
		{786C5D01-FECA-1BAD-99B7-9CE115D6D1CE}.Purify_Release|x64.Build.0 = Purify_Release|x64
		{786C5D01-FECA-1BAD-99B7-9CE115D6D1CE}.Release|Win32.ActiveCfg = Release|Win32
		{786C5D01-FECA-1BAD-99B7-9CE115D6D1CE}.Release|Win32.Build.0 = Release|Win32
		{786C5D01-FECA-1BAD-99B7-9CE115D6D1CE}.Release|x64.ActiveCfg = Release|x64
		{786C5D01-FECA-1BAD-99B7-9CE115D6D1CE}.Release|x64.Build.0 = Release|x64
		{7B47494E-FECA-1BAD-DD47-AE5015D6D1CE}.Debug|Win32.ActiveCfg = Debug|Win32
		{7B47494E-FECA-1BAD-DD47-AE5015D6D1CE}.Debug|Win32.Build.0 = Debug|Win32
		{7B47494E-FECA-1BAD-DD47-AE5015D6D1CE}.Debug|x64.ActiveCfg = Debug|x64
		{7B47494E-FECA-1BAD-DD47-AE5015D6D1CE}.Debug|x64.Build.0 = Debug|x64
		{7B47494E-FECA-1BAD-DD47-AE5015D6D1CE}.Final|Win32.ActiveCfg = Final|Win32
		{7B47494E-FECA-1BAD-DD47-AE5015D6D1CE}.Final|Win32.Build.0 = Final|Win32
		{7B47494E-FECA-1BAD-DD47-AE5015D6D1CE}.Final|x64.ActiveCfg = Final|x64
		{7B47494E-FECA-1BAD-DD47-AE5015D6D1CE}.Final|x64.Build.0 = Final|x64
		{7B47494E-FECA-1BAD-DD47-AE5015D6D1CE}.Purify_Debug|Win32.ActiveCfg = Purify_Debug|Win32
		{7B47494E-FECA-1BAD-DD47-AE5015D6D1CE}.Purify_Debug|Win32.Build.0 = Purify_Debug|Win32
		{7B47494E-FECA-1BAD-DD47-AE5015D6D1CE}.Purify_Debug|x64.ActiveCfg = Purify_Debug|x64
		{7B47494E-FECA-1BAD-DD47-AE5015D6D1CE}.Purify_Debug|x64.Build.0 = Purify_Debug|x64
		{7B47494E-FECA-1BAD-DD47-AE5015D6D1CE}.Purify_Release|Win32.ActiveCfg = Purify_Release|Win32
		{7B47494E-FECA-1BAD-DD47-AE5015D6D1CE}.Purify_Release|Win32.Build.0 = Purify_Release|Win32
		{7B47494E-FECA-1BAD-DD47-AE5015D6D1CE}.Purify_Release|x64.ActiveCfg = Purify_Release|x64
		{7B47494E-FECA-1BAD-DD47-AE5015D6D1CE}.Purify_Release|x64.Build.0 = Purify_Release|x64
		{7B47494E-FECA-1BAD-DD47-AE5015D6D1CE}.Release|Win32.ActiveCfg = Release|Win32
		{7B47494E-FECA-1BAD-DD47-AE5015D6D1CE}.Release|Win32.Build.0 = Release|Win32
		{7B47494E-FECA-1BAD-DD47-AE5015D6D1CE}.Release|x64.ActiveCfg = Release|x64
		{7B47494E-FECA-1BAD-DD47-AE5015D6D1CE}.Release|x64.Build.0 = Release|x64
		{ADD7B41B-FECA-1BAD-081A-C75F15D6D1CE}.Debug|Win32.ActiveCfg = Debug|Win32
		{ADD7B41B-FECA-1BAD-081A-C75F15D6D1CE}.Debug|Win32.Build.0 = Debug|Win32
		{ADD7B41B-FECA-1BAD-081A-C75F15D6D1CE}.Debug|x64.ActiveCfg = Debug|x64
		{ADD7B41B-FECA-1BAD-081A-C75F15D6D1CE}.Debug|x64.Build.0 = Debug|x64
		{ADD7B41B-FECA-1BAD-081A-C75F15D6D1CE}.Final|Win32.ActiveCfg = Final|Win32
		{ADD7B41B-FECA-1BAD-081A-C75F15D6D1CE}.Final|Win32.Build.0 = Final|Win32
		{ADD7B41B-FECA-1BAD-081A-C75F15D6D1CE}.Final|x64.ActiveCfg = Final|x64
		{ADD7B41B-FECA-1BAD-081A-C75F15D6D1CE}.Final|x64.Build.0 = Final|x64
		{ADD7B41B-FECA-1BAD-081A-C75F15D6D1CE}.Purify_Debug|Win32.ActiveCfg = Purify_Debug|Win32
		{ADD7B41B-FECA-1BAD-081A-C75F15D6D1CE}.Purify_Debug|Win32.Build.0 = Purify_Debug|Win32
		{ADD7B41B-FECA-1BAD-081A-C75F15D6D1CE}.Purify_Debug|x64.ActiveCfg = Purify_Debug|x64
		{ADD7B41B-FECA-1BAD-081A-C75F15D6D1CE}.Purify_Debug|x64.Build.0 = Purify_Debug|x64
		{ADD7B41B-FECA-1BAD-081A-C75F15D6D1CE}.Purify_Release|Win32.ActiveCfg = Purify_Release|Win32
		{ADD7B41B-FECA-1BAD-081A-C75F15D6D1CE}.Purify_Release|Win32.Build.0 = Purify_Release|Win32
		{ADD7B41B-FECA-1BAD-081A-C75F15D6D1CE}.Purify_Release|x64.ActiveCfg = Purify_Release|x64
		{ADD7B41B-FECA-1BAD-081A-C75F15D6D1CE}.Purify_Release|x64.Build.0 = Purify_Release|x64
		{ADD7B41B-FECA-1BAD-081A-C75F15D6D1CE}.Release|Win32.ActiveCfg = Release|Win32
		{ADD7B41B-FECA-1BAD-081A-C75F15D6D1CE}.Release|Win32.Build.0 = Release|Win32
		{ADD7B41B-FECA-1BAD-081A-C75F15D6D1CE}.Release|x64.ActiveCfg = Release|x64
		{ADD7B41B-FECA-1BAD-081A-C75F15D6D1CE}.Release|x64.Build.0 = Release|x64
		{657A2105-FECA-1BAD-59F6-4D8615D6D1CE}.Debug|Win32.ActiveCfg = Debug|Win32
		{657A2105-FECA-1BAD-59F6-4D8615D6D1CE}.Debug|Win32.Build.0 = Debug|Win32
		{657A2105-FECA-1BAD-59F6-4D8615D6D1CE}.Debug|x64.ActiveCfg = Debug|x64
		{657A2105-FECA-1BAD-59F6-4D8615D6D1CE}.Debug|x64.Build.0 = Debug|x64
		{657A2105-FECA-1BAD-59F6-4D8615D6D1CE}.Final|Win32.ActiveCfg = Final|Win32
		{657A2105-FECA-1BAD-59F6-4D8615D6D1CE}.Final|Win32.Build.0 = Final|Win32
		{657A2105-FECA-1BAD-59F6-4D8615D6D1CE}.Final|x64.ActiveCfg = Final|x64
		{657A2105-FECA-1BAD-59F6-4D8615D6D1CE}.Final|x64.Build.0 = Final|x64
		{657A2105-FECA-1BAD-59F6-4D8615D6D1CE}.Purify_Debug|Win32.ActiveCfg = Purify_Debug|Win32
		{657A2105-FECA-1BAD-59F6-4D8615D6D1CE}.Purify_Debug|Win32.Build.0 = Purify_Debug|Win32
		{657A2105-FECA-1BAD-59F6-4D8615D6D1CE}.Purify_Debug|x64.ActiveCfg = Purify_Debug|x64
		{657A2105-FECA-1BAD-59F6-4D8615D6D1CE}.Purify_Debug|x64.Build.0 = Purify_Debug|x64
		{657A2105-FECA-1BAD-59F6-4D8615D6D1CE}.Purify_Release|Win32.ActiveCfg = Purify_Release|Win32
		{657A2105-FECA-1BAD-59F6-4D8615D6D1CE}.Purify_Release|Win32.Build.0 = Purify_Release|Win32
		{657A2105-FECA-1BAD-59F6-4D8615D6D1CE}.Purify_Release|x64.ActiveCfg = Purify_Release|x64
		{657A2105-FECA-1BAD-59F6-4D8615D6D1CE}.Purify_Release|x64.Build.0 = Purify_Release|x64
		{657A2105-FECA-1BAD-59F6-4D8615D6D1CE}.Release|Win32.ActiveCfg = Release|Win32
		{657A2105-FECA-1BAD-59F6-4D8615D6D1CE}.Release|Win32.Build.0 = Release|Win32
		{657A2105-FECA-1BAD-59F6-4D8615D6D1CE}.Release|x64.ActiveCfg = Release|x64
		{657A2105-FECA-1BAD-59F6-4D8615D6D1CE}.Release|x64.Build.0 = Release|x64
		{4D47490F-FECA-1BAD-D954-CE5015D6D1CE}.Debug|Win32.ActiveCfg = Debug|Win32
		{4D47490F-FECA-1BAD-D954-CE5015D6D1CE}.Debug|Win32.Build.0 = Debug|Win32
		{4D47490F-FECA-1BAD-D954-CE5015D6D1CE}.Debug|x64.ActiveCfg = Debug|x64
		{4D47490F-FECA-1BAD-D954-CE5015D6D1CE}.Debug|x64.Build.0 = Debug|x64
		{4D47490F-FECA-1BAD-D954-CE5015D6D1CE}.Final|Win32.ActiveCfg = Final|Win32
		{4D47490F-FECA-1BAD-D954-CE5015D6D1CE}.Final|Win32.Build.0 = Final|Win32
		{4D47490F-FECA-1BAD-D954-CE5015D6D1CE}.Final|x64.ActiveCfg = Final|x64
		{4D47490F-FECA-1BAD-D954-CE5015D6D1CE}.Final|x64.Build.0 = Final|x64
		{4D47490F-FECA-1BAD-D954-CE5015D6D1CE}.Purify_Debug|Win32.ActiveCfg = Purify_Debug|Win32
		{4D47490F-FECA-1BAD-D954-CE5015D6D1CE}.Purify_Debug|Win32.Build.0 = Purify_Debug|Win32
		{4D47490F-FECA-1BAD-D954-CE5015D6D1CE}.Purify_Debug|x64.ActiveCfg = Purify_Debug|x64
		{4D47490F-FECA-1BAD-D954-CE5015D6D1CE}.Purify_Debug|x64.Build.0 = Purify_Debug|x64
		{4D47490F-FECA-1BAD-D954-CE5015D6D1CE}.Purify_Release|Win32.ActiveCfg = Purify_Release|Win32
		{4D47490F-FECA-1BAD-D954-CE5015D6D1CE}.Purify_Release|Win32.Build.0 = Purify_Release|Win32
		{4D47490F-FECA-1BAD-D954-CE5015D6D1CE}.Purify_Release|x64.ActiveCfg = Purify_Release|x64
		{4D47490F-FECA-1BAD-D954-CE5015D6D1CE}.Purify_Release|x64.Build.0 = Purify_Release|x64
		{4D47490F-FECA-1BAD-D954-CE5015D6D1CE}.Release|Win32.ActiveCfg = Release|Win32
		{4D47490F-FECA-1BAD-D954-CE5015D6D1CE}.Release|Win32.Build.0 = Release|Win32
		{4D47490F-FECA-1BAD-D954-CE5015D6D1CE}.Release|x64.ActiveCfg = Release|x64
		{4D47490F-FECA-1BAD-D954-CE5015D6D1CE}.Release|x64.Build.0 = Release|x64
		{BAD9FC68-FECA-1BAD-8F2B-B7BB15D6D1CE}.Debug|Win32.ActiveCfg = Debug|Win32
		{BAD9FC68-FECA-1BAD-8F2B-B7BB15D6D1CE}.Debug|Win32.Build.0 = Debug|Win32
		{BAD9FC68-FECA-1BAD-8F2B-B7BB15D6D1CE}.Debug|x64.ActiveCfg = Debug|x64
		{BAD9FC68-FECA-1BAD-8F2B-B7BB15D6D1CE}.Debug|x64.Build.0 = Debug|x64
		{BAD9FC68-FECA-1BAD-8F2B-B7BB15D6D1CE}.Final|Win32.ActiveCfg = Final|Win32
		{BAD9FC68-FECA-1BAD-8F2B-B7BB15D6D1CE}.Final|Win32.Build.0 = Final|Win32
		{BAD9FC68-FECA-1BAD-8F2B-B7BB15D6D1CE}.Final|x64.ActiveCfg = Final|x64
		{BAD9FC68-FECA-1BAD-8F2B-B7BB15D6D1CE}.Final|x64.Build.0 = Final|x64
		{BAD9FC68-FECA-1BAD-8F2B-B7BB15D6D1CE}.Purify_Debug|Win32.ActiveCfg = Purify_Debug|Win32
		{BAD9FC68-FECA-1BAD-8F2B-B7BB15D6D1CE}.Purify_Debug|Win32.Build.0 = Purify_Debug|Win32
		{BAD9FC68-FECA-1BAD-8F2B-B7BB15D6D1CE}.Purify_Debug|x64.ActiveCfg = Purify_Debug|x64
		{BAD9FC68-FECA-1BAD-8F2B-B7BB15D6D1CE}.Purify_Debug|x64.Build.0 = Purify_Debug|x64
		{BAD9FC68-FECA-1BAD-8F2B-B7BB15D6D1CE}.Purify_Release|Win32.ActiveCfg = Purify_Release|Win32
		{BAD9FC68-FECA-1BAD-8F2B-B7BB15D6D1CE}.Purify_Release|Win32.Build.0 = Purify_Release|Win32
		{BAD9FC68-FECA-1BAD-8F2B-B7BB15D6D1CE}.Purify_Release|x64.ActiveCfg = Purify_Release|x64
		{BAD9FC68-FECA-1BAD-8F2B-B7BB15D6D1CE}.Purify_Release|x64.Build.0 = Purify_Release|x64
		{BAD9FC68-FECA-1BAD-8F2B-B7BB15D6D1CE}.Release|Win32.ActiveCfg = Release|Win32
		{BAD9FC68-FECA-1BAD-8F2B-B7BB15D6D1CE}.Release|Win32.Build.0 = Release|Win32
		{BAD9FC68-FECA-1BAD-8F2B-B7BB15D6D1CE}.Release|x64.ActiveCfg = Release|x64
		{BAD9FC68-FECA-1BAD-8F2B-B7BB15D6D1CE}.Release|x64.Build.0 = Release|x64
		{BBDC5D07-FECA-1BAD-99DB-A7E115D6D1CE}.Debug|Win32.ActiveCfg = Debug|Win32
		{BBDC5D07-FECA-1BAD-99DB-A7E115D6D1CE}.Debug|Win32.Build.0 = Debug|Win32
		{BBDC5D07-FECA-1BAD-99DB-A7E115D6D1CE}.Debug|x64.ActiveCfg = Debug|x64
		{BBDC5D07-FECA-1BAD-99DB-A7E115D6D1CE}.Debug|x64.Build.0 = Debug|x64
		{BBDC5D07-FECA-1BAD-99DB-A7E115D6D1CE}.Final|Win32.ActiveCfg = Final|Win32
		{BBDC5D07-FECA-1BAD-99DB-A7E115D6D1CE}.Final|Win32.Build.0 = Final|Win32
		{BBDC5D07-FECA-1BAD-99DB-A7E115D6D1CE}.Final|x64.ActiveCfg = Final|x64
		{BBDC5D07-FECA-1BAD-99DB-A7E115D6D1CE}.Final|x64.Build.0 = Final|x64
		{BBDC5D07-FECA-1BAD-99DB-A7E115D6D1CE}.Purify_Debug|Win32.ActiveCfg = Purify_Debug|Win32
		{BBDC5D07-FECA-1BAD-99DB-A7E115D6D1CE}.Purify_Debug|Win32.Build.0 = Purify_Debug|Win32
		{BBDC5D07-FECA-1BAD-99DB-A7E115D6D1CE}.Purify_Debug|x64.ActiveCfg = Purify_Debug|x64
		{BBDC5D07-FECA-1BAD-99DB-A7E115D6D1CE}.Purify_Debug|x64.Build.0 = Purify_Debug|x64
		{BBDC5D07-FECA-1BAD-99DB-A7E115D6D1CE}.Purify_Release|Win32.ActiveCfg = Purify_Release|Win32
		{BBDC5D07-FECA-1BAD-99DB-A7E115D6D1CE}.Purify_Release|Win32.Build.0 = Purify_Release|Win32
		{BBDC5D07-FECA-1BAD-99DB-A7E115D6D1CE}.Purify_Release|x64.ActiveCfg = Purify_Release|x64
		{BBDC5D07-FECA-1BAD-99DB-A7E115D6D1CE}.Purify_Release|x64.Build.0 = Purify_Release|x64
		{BBDC5D07-FECA-1BAD-99DB-A7E115D6D1CE}.Release|Win32.ActiveCfg = Release|Win32
		{BBDC5D07-FECA-1BAD-99DB-A7E115D6D1CE}.Release|Win32.Build.0 = Release|Win32
		{BBDC5D07-FECA-1BAD-99DB-A7E115D6D1CE}.Release|x64.ActiveCfg = Release|x64
		{BBDC5D07-FECA-1BAD-99DB-A7E115D6D1CE}.Release|x64.Build.0 = Release|x64
		{EA4D9DD3-FECA-1BAD-949E-BEFD15D6D1CE}.Debug|Win32.ActiveCfg = Debug|Win32
		{EA4D9DD3-FECA-1BAD-949E-BEFD15D6D1CE}.Debug|Win32.Build.0 = Debug|Win32
		{EA4D9DD3-FECA-1BAD-949E-BEFD15D6D1CE}.Debug|x64.ActiveCfg = Debug|x64
		{EA4D9DD3-FECA-1BAD-949E-BEFD15D6D1CE}.Debug|x64.Build.0 = Debug|x64
		{EA4D9DD3-FECA-1BAD-949E-BEFD15D6D1CE}.Final|Win32.ActiveCfg = Final|Win32
		{EA4D9DD3-FECA-1BAD-949E-BEFD15D6D1CE}.Final|Win32.Build.0 = Final|Win32
		{EA4D9DD3-FECA-1BAD-949E-BEFD15D6D1CE}.Final|x64.ActiveCfg = Final|x64
		{EA4D9DD3-FECA-1BAD-949E-BEFD15D6D1CE}.Final|x64.Build.0 = Final|x64
		{EA4D9DD3-FECA-1BAD-949E-BEFD15D6D1CE}.Purify_Debug|Win32.ActiveCfg = Purify_Debug|Win32
		{EA4D9DD3-FECA-1BAD-949E-BEFD15D6D1CE}.Purify_Debug|Win32.Build.0 = Purify_Debug|Win32
		{EA4D9DD3-FECA-1BAD-949E-BEFD15D6D1CE}.Purify_Debug|x64.ActiveCfg = Purify_Debug|x64
		{EA4D9DD3-FECA-1BAD-949E-BEFD15D6D1CE}.Purify_Debug|x64.Build.0 = Purify_Debug|x64
		{EA4D9DD3-FECA-1BAD-949E-BEFD15D6D1CE}.Purify_Release|Win32.ActiveCfg = Purify_Release|Win32
		{EA4D9DD3-FECA-1BAD-949E-BEFD15D6D1CE}.Purify_Release|Win32.Build.0 = Purify_Release|Win32
		{EA4D9DD3-FECA-1BAD-949E-BEFD15D6D1CE}.Purify_Release|x64.ActiveCfg = Purify_Release|x64
		{EA4D9DD3-FECA-1BAD-949E-BEFD15D6D1CE}.Purify_Release|x64.Build.0 = Purify_Release|x64
		{EA4D9DD3-FECA-1BAD-949E-BEFD15D6D1CE}.Release|Win32.ActiveCfg = Release|Win32
		{EA4D9DD3-FECA-1BAD-949E-BEFD15D6D1CE}.Release|Win32.Build.0 = Release|Win32
		{EA4D9DD3-FECA-1BAD-949E-BEFD15D6D1CE}.Release|x64.ActiveCfg = Release|x64
		{EA4D9DD3-FECA-1BAD-949E-BEFD15D6D1CE}.Release|x64.Build.0 = Release|x64
		{B67C5D7D-FECA-1BAD-9E7B-7DE115D6D1CE}.Debug|Win32.ActiveCfg = Debug|Win32
		{B67C5D7D-FECA-1BAD-9E7B-7DE115D6D1CE}.Debug|Win32.Build.0 = Debug|Win32
		{B67C5D7D-FECA-1BAD-9E7B-7DE115D6D1CE}.Debug|x64.ActiveCfg = Debug|x64
		{B67C5D7D-FECA-1BAD-9E7B-7DE115D6D1CE}.Debug|x64.Build.0 = Debug|x64
		{B67C5D7D-FECA-1BAD-9E7B-7DE115D6D1CE}.Final|Win32.ActiveCfg = Final|Win32
		{B67C5D7D-FECA-1BAD-9E7B-7DE115D6D1CE}.Final|Win32.Build.0 = Final|Win32
		{B67C5D7D-FECA-1BAD-9E7B-7DE115D6D1CE}.Final|x64.ActiveCfg = Final|x64
		{B67C5D7D-FECA-1BAD-9E7B-7DE115D6D1CE}.Final|x64.Build.0 = Final|x64
		{B67C5D7D-FECA-1BAD-9E7B-7DE115D6D1CE}.Purify_Debug|Win32.ActiveCfg = Purify_Debug|Win32
		{B67C5D7D-FECA-1BAD-9E7B-7DE115D6D1CE}.Purify_Debug|Win32.Build.0 = Purify_Debug|Win32
		{B67C5D7D-FECA-1BAD-9E7B-7DE115D6D1CE}.Purify_Debug|x64.ActiveCfg = Purify_Debug|x64
		{B67C5D7D-FECA-1BAD-9E7B-7DE115D6D1CE}.Purify_Debug|x64.Build.0 = Purify_Debug|x64
		{B67C5D7D-FECA-1BAD-9E7B-7DE115D6D1CE}.Purify_Release|Win32.ActiveCfg = Purify_Release|Win32
		{B67C5D7D-FECA-1BAD-9E7B-7DE115D6D1CE}.Purify_Release|Win32.Build.0 = Purify_Release|Win32
		{B67C5D7D-FECA-1BAD-9E7B-7DE115D6D1CE}.Purify_Release|x64.ActiveCfg = Purify_Release|x64
		{B67C5D7D-FECA-1BAD-9E7B-7DE115D6D1CE}.Purify_Release|x64.Build.0 = Purify_Release|x64
		{B67C5D7D-FECA-1BAD-9E7B-7DE115D6D1CE}.Release|Win32.ActiveCfg = Release|Win32
		{B67C5D7D-FECA-1BAD-9E7B-7DE115D6D1CE}.Release|Win32.Build.0 = Release|Win32
		{B67C5D7D-FECA-1BAD-9E7B-7DE115D6D1CE}.Release|x64.ActiveCfg = Release|x64
		{B67C5D7D-FECA-1BAD-9E7B-7DE115D6D1CE}.Release|x64.Build.0 = Release|x64
		{86151B4D-FECA-1BAD-FD78-7B754C17A721}.Debug|Win32.ActiveCfg = Debug|Win32
		{86151B4D-FECA-1BAD-FD78-7B754C17A721}.Debug|Win32.Build.0 = Debug|Win32
		{86151B4D-FECA-1BAD-FD78-7B754C17A721}.Debug|x64.ActiveCfg = Debug|x64
		{86151B4D-FECA-1BAD-FD78-7B754C17A721}.Debug|x64.Build.0 = Debug|x64
		{86151B4D-FECA-1BAD-FD78-7B754C17A721}.Final|Win32.ActiveCfg = Final|Win32
		{86151B4D-FECA-1BAD-FD78-7B754C17A721}.Final|Win32.Build.0 = Final|Win32
		{86151B4D-FECA-1BAD-FD78-7B754C17A721}.Final|x64.ActiveCfg = Final|x64
		{86151B4D-FECA-1BAD-FD78-7B754C17A721}.Final|x64.Build.0 = Final|x64
		{86151B4D-FECA-1BAD-FD78-7B754C17A721}.Purify_Debug|Win32.ActiveCfg = Purify_Debug|Win32
		{86151B4D-FECA-1BAD-FD78-7B754C17A721}.Purify_Debug|Win32.Build.0 = Purify_Debug|Win32
		{86151B4D-FECA-1BAD-FD78-7B754C17A721}.Purify_Debug|x64.ActiveCfg = Purify_Debug|x64
		{86151B4D-FECA-1BAD-FD78-7B754C17A721}.Purify_Debug|x64.Build.0 = Purify_Debug|x64
		{86151B4D-FECA-1BAD-FD78-7B754C17A721}.Purify_Release|Win32.ActiveCfg = Purify_Release|Win32
		{86151B4D-FECA-1BAD-FD78-7B754C17A721}.Purify_Release|Win32.Build.0 = Purify_Release|Win32
		{86151B4D-FECA-1BAD-FD78-7B754C17A721}.Purify_Release|x64.ActiveCfg = Purify_Release|x64
		{86151B4D-FECA-1BAD-FD78-7B754C17A721}.Purify_Release|x64.Build.0 = Purify_Release|x64
		{86151B4D-FECA-1BAD-FD78-7B754C17A721}.Release|Win32.ActiveCfg = Release|Win32
		{86151B4D-FECA-1BAD-FD78-7B754C17A721}.Release|Win32.Build.0 = Release|Win32
		{86151B4D-FECA-1BAD-FD78-7B754C17A721}.Release|x64.ActiveCfg = Release|x64
		{86151B4D-FECA-1BAD-FD78-7B754C17A721}.Release|x64.Build.0 = Release|x64
		{7904311E-FECA-1BAD-5847-8A674C17A721}.Debug|Win32.ActiveCfg = Debug|Win32
		{7904311E-FECA-1BAD-5847-8A674C17A721}.Debug|Win32.Build.0 = Debug|Win32
		{7904311E-FECA-1BAD-5847-8A674C17A721}.Debug|x64.ActiveCfg = Debug|x64
		{7904311E-FECA-1BAD-5847-8A674C17A721}.Debug|x64.Build.0 = Debug|x64
		{7904311E-FECA-1BAD-5847-8A674C17A721}.Final|Win32.ActiveCfg = Final|Win32
		{7904311E-FECA-1BAD-5847-8A674C17A721}.Final|Win32.Build.0 = Final|Win32
		{7904311E-FECA-1BAD-5847-8A674C17A721}.Final|x64.ActiveCfg = Final|x64
		{7904311E-FECA-1BAD-5847-8A674C17A721}.Final|x64.Build.0 = Final|x64
		{7904311E-FECA-1BAD-5847-8A674C17A721}.Purify_Debug|Win32.ActiveCfg = Purify_Debug|Win32
		{7904311E-FECA-1BAD-5847-8A674C17A721}.Purify_Debug|Win32.Build.0 = Purify_Debug|Win32
		{7904311E-FECA-1BAD-5847-8A674C17A721}.Purify_Debug|x64.ActiveCfg = Purify_Debug|x64
		{7904311E-FECA-1BAD-5847-8A674C17A721}.Purify_Debug|x64.Build.0 = Purify_Debug|x64
		{7904311E-FECA-1BAD-5847-8A674C17A721}.Purify_Release|Win32.ActiveCfg = Purify_Release|Win32
		{7904311E-FECA-1BAD-5847-8A674C17A721}.Purify_Release|Win32.Build.0 = Purify_Release|Win32
		{7904311E-FECA-1BAD-5847-8A674C17A721}.Purify_Release|x64.ActiveCfg = Purify_Release|x64
		{7904311E-FECA-1BAD-5847-8A674C17A721}.Purify_Release|x64.Build.0 = Purify_Release|x64
		{7904311E-FECA-1BAD-5847-8A674C17A721}.Release|Win32.ActiveCfg = Release|Win32
		{7904311E-FECA-1BAD-5847-8A674C17A721}.Release|Win32.Build.0 = Release|Win32
		{7904311E-FECA-1BAD-5847-8A674C17A721}.Release|x64.ActiveCfg = Release|x64
		{7904311E-FECA-1BAD-5847-8A674C17A721}.Release|x64.Build.0 = Release|x64
		{E90470AD-FECA-1BAD-437E-8A634C17A721}.Debug|Win32.ActiveCfg = Debug|Win32
		{E90470AD-FECA-1BAD-437E-8A634C17A721}.Debug|Win32.Build.0 = Debug|Win32
		{E90470AD-FECA-1BAD-437E-8A634C17A721}.Debug|x64.ActiveCfg = Debug|x64
		{E90470AD-FECA-1BAD-437E-8A634C17A721}.Debug|x64.Build.0 = Debug|x64
		{E90470AD-FECA-1BAD-437E-8A634C17A721}.Final|Win32.ActiveCfg = Final|Win32
		{E90470AD-FECA-1BAD-437E-8A634C17A721}.Final|Win32.Build.0 = Final|Win32
		{E90470AD-FECA-1BAD-437E-8A634C17A721}.Final|x64.ActiveCfg = Final|x64
		{E90470AD-FECA-1BAD-437E-8A634C17A721}.Final|x64.Build.0 = Final|x64
		{E90470AD-FECA-1BAD-437E-8A634C17A721}.Purify_Debug|Win32.ActiveCfg = Purify_Debug|Win32
		{E90470AD-FECA-1BAD-437E-8A634C17A721}.Purify_Debug|Win32.Build.0 = Purify_Debug|Win32
		{E90470AD-FECA-1BAD-437E-8A634C17A721}.Purify_Debug|x64.ActiveCfg = Purify_Debug|x64
		{E90470AD-FECA-1BAD-437E-8A634C17A721}.Purify_Debug|x64.Build.0 = Purify_Debug|x64
		{E90470AD-FECA-1BAD-437E-8A634C17A721}.Purify_Release|Win32.ActiveCfg = Purify_Release|Win32
		{E90470AD-FECA-1BAD-437E-8A634C17A721}.Purify_Release|Win32.Build.0 = Purify_Release|Win32
		{E90470AD-FECA-1BAD-437E-8A634C17A721}.Purify_Release|x64.ActiveCfg = Purify_Release|x64
		{E90470AD-FECA-1BAD-437E-8A634C17A721}.Purify_Release|x64.Build.0 = Purify_Release|x64
		{E90470AD-FECA-1BAD-437E-8A634C17A721}.Release|Win32.ActiveCfg = Release|Win32
		{E90470AD-FECA-1BAD-437E-8A634C17A721}.Release|Win32.Build.0 = Release|Win32
		{E90470AD-FECA-1BAD-437E-8A634C17A721}.Release|x64.ActiveCfg = Release|x64
		{E90470AD-FECA-1BAD-437E-8A634C17A721}.Release|x64.Build.0 = Release|x64
		{2ECF3121-53AD-4631-ADE4-DC84155A9A85}.Debug|Win32.ActiveCfg = Debug|Win32
		{2ECF3121-53AD-4631-ADE4-DC84155A9A85}.Debug|Win32.Build.0 = Debug|Win32
		{2ECF3121-53AD-4631-ADE4-DC84155A9A85}.Debug|x64.ActiveCfg = Debug|x64
		{2ECF3121-53AD-4631-ADE4-DC84155A9A85}.Debug|x64.Build.0 = Debug|x64
		{2ECF3121-53AD-4631-ADE4-DC84155A9A85}.Final|Win32.ActiveCfg = Final|Win32
		{2ECF3121-53AD-4631-ADE4-DC84155A9A85}.Final|Win32.Build.0 = Final|Win32
		{2ECF3121-53AD-4631-ADE4-DC84155A9A85}.Final|x64.ActiveCfg = Final|x64
		{2ECF3121-53AD-4631-ADE4-DC84155A9A85}.Final|x64.Build.0 = Final|x64
		{2ECF3121-53AD-4631-ADE4-DC84155A9A85}.Purify_Debug|Win32.ActiveCfg = Purify_Debug|Win32
		{2ECF3121-53AD-4631-ADE4-DC84155A9A85}.Purify_Debug|Win32.Build.0 = Purify_Debug|Win32
		{2ECF3121-53AD-4631-ADE4-DC84155A9A85}.Purify_Debug|x64.ActiveCfg = Purify_Debug|x64
		{2ECF3121-53AD-4631-ADE4-DC84155A9A85}.Purify_Debug|x64.Build.0 = Purify_Debug|x64
		{2ECF3121-53AD-4631-ADE4-DC84155A9A85}.Purify_Release|Win32.ActiveCfg = Purify_Release|Win32
		{2ECF3121-53AD-4631-ADE4-DC84155A9A85}.Purify_Release|Win32.Build.0 = Purify_Release|Win32
		{2ECF3121-53AD-4631-ADE4-DC84155A9A85}.Purify_Release|x64.ActiveCfg = Purify_Release|x64
		{2ECF3121-53AD-4631-ADE4-DC84155A9A85}.Purify_Release|x64.Build.0 = Purify_Release|x64
		{2ECF3121-53AD-4631-ADE4-DC84155A9A85}.Release|Win32.ActiveCfg = Release|Win32
		{2ECF3121-53AD-4631-ADE4-DC84155A9A85}.Release|Win32.Build.0 = Release|Win32
		{2ECF3121-53AD-4631-ADE4-DC84155A9A85}.Release|x64.ActiveCfg = Release|x64
		{2ECF3121-53AD-4631-ADE4-DC84155A9A85}.Release|x64.Build.0 = Release|x64
		{09041548-FECA-1BAD-1D20-8A6554487D10}.Debug|Win32.ActiveCfg = Debug|Win32
		{09041548-FECA-1BAD-1D20-8A6554487D10}.Debug|Win32.Build.0 = Debug|Win32
		{09041548-FECA-1BAD-1D20-8A6554487D10}.Debug|x64.ActiveCfg = Debug|x64
		{09041548-FECA-1BAD-1D20-8A6554487D10}.Debug|x64.Build.0 = Debug|x64
		{09041548-FECA-1BAD-1D20-8A6554487D10}.Final|Win32.ActiveCfg = Final|Win32
		{09041548-FECA-1BAD-1D20-8A6554487D10}.Final|Win32.Build.0 = Final|Win32
		{09041548-FECA-1BAD-1D20-8A6554487D10}.Final|x64.ActiveCfg = Final|x64
		{09041548-FECA-1BAD-1D20-8A6554487D10}.Final|x64.Build.0 = Final|x64
		{09041548-FECA-1BAD-1D20-8A6554487D10}.Purify_Debug|Win32.ActiveCfg = Purify_Debug|Win32
		{09041548-FECA-1BAD-1D20-8A6554487D10}.Purify_Debug|Win32.Build.0 = Purify_Debug|Win32
		{09041548-FECA-1BAD-1D20-8A6554487D10}.Purify_Debug|x64.ActiveCfg = Purify_Debug|x64
		{09041548-FECA-1BAD-1D20-8A6554487D10}.Purify_Debug|x64.Build.0 = Purify_Debug|x64
		{09041548-FECA-1BAD-1D20-8A6554487D10}.Purify_Release|Win32.ActiveCfg = Purify_Release|Win32
		{09041548-FECA-1BAD-1D20-8A6554487D10}.Purify_Release|Win32.Build.0 = Purify_Release|Win32
		{09041548-FECA-1BAD-1D20-8A6554487D10}.Purify_Release|x64.ActiveCfg = Purify_Release|x64
		{09041548-FECA-1BAD-1D20-8A6554487D10}.Purify_Release|x64.Build.0 = Purify_Release|x64
		{09041548-FECA-1BAD-1D20-8A6554487D10}.Release|Win32.ActiveCfg = Release|Win32
		{09041548-FECA-1BAD-1D20-8A6554487D10}.Release|Win32.Build.0 = Release|Win32
		{09041548-FECA-1BAD-1D20-8A6554487D10}.Release|x64.ActiveCfg = Release|x64
		{09041548-FECA-1BAD-1D20-8A6554487D10}.Release|x64.Build.0 = Release|x64
		{2A01D0ED-006E-4DA5-A8DD-1EBA749963AD}.Debug|Win32.ActiveCfg = Debug|Win32
		{2A01D0ED-006E-4DA5-A8DD-1EBA749963AD}.Debug|Win32.Build.0 = Debug|Win32
		{2A01D0ED-006E-4DA5-A8DD-1EBA749963AD}.Debug|x64.ActiveCfg = Debug|x64
		{2A01D0ED-006E-4DA5-A8DD-1EBA749963AD}.Debug|x64.Build.0 = Debug|x64
		{2A01D0ED-006E-4DA5-A8DD-1EBA749963AD}.Final|Win32.ActiveCfg = Final|Win32
		{2A01D0ED-006E-4DA5-A8DD-1EBA749963AD}.Final|Win32.Build.0 = Final|Win32
		{2A01D0ED-006E-4DA5-A8DD-1EBA749963AD}.Final|x64.ActiveCfg = Final|x64
		{2A01D0ED-006E-4DA5-A8DD-1EBA749963AD}.Final|x64.Build.0 = Final|x64
		{2A01D0ED-006E-4DA5-A8DD-1EBA749963AD}.Purify_Debug|Win32.ActiveCfg = Purify_Debug|Win32
		{2A01D0ED-006E-4DA5-A8DD-1EBA749963AD}.Purify_Debug|Win32.Build.0 = Purify_Debug|Win32
		{2A01D0ED-006E-4DA5-A8DD-1EBA749963AD}.Purify_Debug|x64.ActiveCfg = Purify_Debug|x64
		{2A01D0ED-006E-4DA5-A8DD-1EBA749963AD}.Purify_Debug|x64.Build.0 = Purify_Debug|x64
		{2A01D0ED-006E-4DA5-A8DD-1EBA749963AD}.Purify_Release|Win32.ActiveCfg = Purify_Release|Win32
		{2A01D0ED-006E-4DA5-A8DD-1EBA749963AD}.Purify_Release|Win32.Build.0 = Purify_Release|Win32
		{2A01D0ED-006E-4DA5-A8DD-1EBA749963AD}.Purify_Release|x64.ActiveCfg = Purify_Release|x64
		{2A01D0ED-006E-4DA5-A8DD-1EBA749963AD}.Purify_Release|x64.Build.0 = Purify_Release|x64
		{2A01D0ED-006E-4DA5-A8DD-1EBA749963AD}.Release|Win32.ActiveCfg = Release|Win32
		{2A01D0ED-006E-4DA5-A8DD-1EBA749963AD}.Release|Win32.Build.0 = Release|Win32
		{2A01D0ED-006E-4DA5-A8DD-1EBA749963AD}.Release|x64.ActiveCfg = Release|x64
		{2A01D0ED-006E-4DA5-A8DD-1EBA749963AD}.Release|x64.Build.0 = Release|x64
		{A90415D9-FECA-1BAD-143A-8A6554487D10}.Debug|Win32.ActiveCfg = Debug|Win32
		{A90415D9-FECA-1BAD-143A-8A6554487D10}.Debug|Win32.Build.0 = Debug|Win32
		{A90415D9-FECA-1BAD-143A-8A6554487D10}.Debug|x64.ActiveCfg = Debug|x64
		{A90415D9-FECA-1BAD-143A-8A6554487D10}.Debug|x64.Build.0 = Debug|x64
		{A90415D9-FECA-1BAD-143A-8A6554487D10}.Final|Win32.ActiveCfg = Final|Win32
		{A90415D9-FECA-1BAD-143A-8A6554487D10}.Final|Win32.Build.0 = Final|Win32
		{A90415D9-FECA-1BAD-143A-8A6554487D10}.Final|x64.ActiveCfg = Final|x64
		{A90415D9-FECA-1BAD-143A-8A6554487D10}.Final|x64.Build.0 = Final|x64
		{A90415D9-FECA-1BAD-143A-8A6554487D10}.Purify_Debug|Win32.ActiveCfg = Purify_Debug|Win32
		{A90415D9-FECA-1BAD-143A-8A6554487D10}.Purify_Debug|Win32.Build.0 = Purify_Debug|Win32
		{A90415D9-FECA-1BAD-143A-8A6554487D10}.Purify_Debug|x64.ActiveCfg = Purify_Debug|x64
		{A90415D9-FECA-1BAD-143A-8A6554487D10}.Purify_Debug|x64.Build.0 = Purify_Debug|x64
		{A90415D9-FECA-1BAD-143A-8A6554487D10}.Purify_Release|Win32.ActiveCfg = Purify_Release|Win32
		{A90415D9-FECA-1BAD-143A-8A6554487D10}.Purify_Release|Win32.Build.0 = Purify_Release|Win32
		{A90415D9-FECA-1BAD-143A-8A6554487D10}.Purify_Release|x64.ActiveCfg = Purify_Release|x64
		{A90415D9-FECA-1BAD-143A-8A6554487D10}.Purify_Release|x64.Build.0 = Purify_Release|x64
		{A90415D9-FECA-1BAD-143A-8A6554487D10}.Release|Win32.ActiveCfg = Release|Win32
		{A90415D9-FECA-1BAD-143A-8A6554487D10}.Release|Win32.Build.0 = Release|Win32
		{A90415D9-FECA-1BAD-143A-8A6554487D10}.Release|x64.ActiveCfg = Release|x64
		{A90415D9-FECA-1BAD-143A-8A6554487D10}.Release|x64.Build.0 = Release|x64
		{4F41B0AA-FECA-1BAD-4304-EE3F54487D10}.Debug|Win32.ActiveCfg = Debug|Win32
		{4F41B0AA-FECA-1BAD-4304-EE3F54487D10}.Debug|Win32.Build.0 = Debug|Win32
		{4F41B0AA-FECA-1BAD-4304-EE3F54487D10}.Debug|x64.ActiveCfg = Debug|x64
		{4F41B0AA-FECA-1BAD-4304-EE3F54487D10}.Debug|x64.Build.0 = Debug|x64
		{4F41B0AA-FECA-1BAD-4304-EE3F54487D10}.Final|Win32.ActiveCfg = Final|Win32
		{4F41B0AA-FECA-1BAD-4304-EE3F54487D10}.Final|Win32.Build.0 = Final|Win32
		{4F41B0AA-FECA-1BAD-4304-EE3F54487D10}.Final|x64.ActiveCfg = Final|x64
		{4F41B0AA-FECA-1BAD-4304-EE3F54487D10}.Final|x64.Build.0 = Final|x64
		{4F41B0AA-FECA-1BAD-4304-EE3F54487D10}.Purify_Debug|Win32.ActiveCfg = Purify_Debug|Win32
		{4F41B0AA-FECA-1BAD-4304-EE3F54487D10}.Purify_Debug|Win32.Build.0 = Purify_Debug|Win32
		{4F41B0AA-FECA-1BAD-4304-EE3F54487D10}.Purify_Debug|x64.ActiveCfg = Purify_Debug|x64
		{4F41B0AA-FECA-1BAD-4304-EE3F54487D10}.Purify_Debug|x64.Build.0 = Purify_Debug|x64
		{4F41B0AA-FECA-1BAD-4304-EE3F54487D10}.Purify_Release|Win32.ActiveCfg = Purify_Release|Win32
		{4F41B0AA-FECA-1BAD-4304-EE3F54487D10}.Purify_Release|Win32.Build.0 = Purify_Release|Win32
		{4F41B0AA-FECA-1BAD-4304-EE3F54487D10}.Purify_Release|x64.ActiveCfg = Purify_Release|x64
		{4F41B0AA-FECA-1BAD-4304-EE3F54487D10}.Purify_Release|x64.Build.0 = Purify_Release|x64
		{4F41B0AA-FECA-1BAD-4304-EE3F54487D10}.Release|Win32.ActiveCfg = Release|Win32
		{4F41B0AA-FECA-1BAD-4304-EE3F54487D10}.Release|Win32.Build.0 = Release|Win32
		{4F41B0AA-FECA-1BAD-4304-EE3F54487D10}.Release|x64.ActiveCfg = Release|x64
		{4F41B0AA-FECA-1BAD-4304-EE3F54487D10}.Release|x64.Build.0 = Release|x64
		{321950C5-FECA-1BAD-45F3-3BB1721DD994}.Debug|Win32.ActiveCfg = Debug|Win32
		{321950C5-FECA-1BAD-45F3-3BB1721DD994}.Debug|Win32.Build.0 = Debug|Win32
		{321950C5-FECA-1BAD-45F3-3BB1721DD994}.Debug|x64.ActiveCfg = Debug|x64
		{321950C5-FECA-1BAD-45F3-3BB1721DD994}.Debug|x64.Build.0 = Debug|x64
		{321950C5-FECA-1BAD-45F3-3BB1721DD994}.Final|Win32.ActiveCfg = Final|Win32
		{321950C5-FECA-1BAD-45F3-3BB1721DD994}.Final|Win32.Build.0 = Final|Win32
		{321950C5-FECA-1BAD-45F3-3BB1721DD994}.Final|x64.ActiveCfg = Final|x64
		{321950C5-FECA-1BAD-45F3-3BB1721DD994}.Final|x64.Build.0 = Final|x64
		{321950C5-FECA-1BAD-45F3-3BB1721DD994}.Purify_Debug|Win32.ActiveCfg = Purify_Debug|Win32
		{321950C5-FECA-1BAD-45F3-3BB1721DD994}.Purify_Debug|Win32.Build.0 = Purify_Debug|Win32
		{321950C5-FECA-1BAD-45F3-3BB1721DD994}.Purify_Debug|x64.ActiveCfg = Purify_Debug|x64
		{321950C5-FECA-1BAD-45F3-3BB1721DD994}.Purify_Debug|x64.Build.0 = Purify_Debug|x64
		{321950C5-FECA-1BAD-45F3-3BB1721DD994}.Purify_Release|Win32.ActiveCfg = Purify_Release|Win32
		{321950C5-FECA-1BAD-45F3-3BB1721DD994}.Purify_Release|Win32.Build.0 = Purify_Release|Win32
		{321950C5-FECA-1BAD-45F3-3BB1721DD994}.Purify_Release|x64.ActiveCfg = Purify_Release|x64
		{321950C5-FECA-1BAD-45F3-3BB1721DD994}.Purify_Release|x64.Build.0 = Purify_Release|x64
		{321950C5-FECA-1BAD-45F3-3BB1721DD994}.Release|Win32.ActiveCfg = Release|Win32
		{321950C5-FECA-1BAD-45F3-3BB1721DD994}.Release|Win32.Build.0 = Release|Win32
		{321950C5-FECA-1BAD-45F3-3BB1721DD994}.Release|x64.ActiveCfg = Release|x64
		{321950C5-FECA-1BAD-45F3-3BB1721DD994}.Release|x64.Build.0 = Release|x64
		{D94FF1F4-FECA-1BAD-56ED-8EDB4C17A721}.Debug|Win32.ActiveCfg = Debug|Win32
		{D94FF1F4-FECA-1BAD-56ED-8EDB4C17A721}.Debug|Win32.Build.0 = Debug|Win32
		{D94FF1F4-FECA-1BAD-56ED-8EDB4C17A721}.Debug|x64.ActiveCfg = Debug|x64
		{D94FF1F4-FECA-1BAD-56ED-8EDB4C17A721}.Debug|x64.Build.0 = Debug|x64
		{D94FF1F4-FECA-1BAD-56ED-8EDB4C17A721}.Final|Win32.ActiveCfg = Final|Win32
		{D94FF1F4-FECA-1BAD-56ED-8EDB4C17A721}.Final|Win32.Build.0 = Final|Win32
		{D94FF1F4-FECA-1BAD-56ED-8EDB4C17A721}.Final|x64.ActiveCfg = Final|x64
		{D94FF1F4-FECA-1BAD-56ED-8EDB4C17A721}.Final|x64.Build.0 = Final|x64
		{D94FF1F4-FECA-1BAD-56ED-8EDB4C17A721}.Purify_Debug|Win32.ActiveCfg = Purify_Debug|Win32
		{D94FF1F4-FECA-1BAD-56ED-8EDB4C17A721}.Purify_Debug|Win32.Build.0 = Purify_Debug|Win32
		{D94FF1F4-FECA-1BAD-56ED-8EDB4C17A721}.Purify_Debug|x64.ActiveCfg = Purify_Debug|x64
		{D94FF1F4-FECA-1BAD-56ED-8EDB4C17A721}.Purify_Debug|x64.Build.0 = Purify_Debug|x64
		{D94FF1F4-FECA-1BAD-56ED-8EDB4C17A721}.Purify_Release|Win32.ActiveCfg = Purify_Release|Win32
		{D94FF1F4-FECA-1BAD-56ED-8EDB4C17A721}.Purify_Release|Win32.Build.0 = Purify_Release|Win32
		{D94FF1F4-FECA-1BAD-56ED-8EDB4C17A721}.Purify_Release|x64.ActiveCfg = Purify_Release|x64
		{D94FF1F4-FECA-1BAD-56ED-8EDB4C17A721}.Purify_Release|x64.Build.0 = Purify_Release|x64
		{D94FF1F4-FECA-1BAD-56ED-8EDB4C17A721}.Release|Win32.ActiveCfg = Release|Win32
		{D94FF1F4-FECA-1BAD-56ED-8EDB4C17A721}.Release|Win32.Build.0 = Release|Win32
		{D94FF1F4-FECA-1BAD-56ED-8EDB4C17A721}.Release|x64.ActiveCfg = Release|x64
		{D94FF1F4-FECA-1BAD-56ED-8EDB4C17A721}.Release|x64.Build.0 = Release|x64
		{A955C7D9-FECA-1BAD-343A-8F78721DD994}.Debug|Win32.ActiveCfg = Debug|Win32
		{A955C7D9-FECA-1BAD-343A-8F78721DD994}.Debug|Win32.Build.0 = Debug|Win32
		{A955C7D9-FECA-1BAD-343A-8F78721DD994}.Debug|x64.ActiveCfg = Debug|x64
		{A955C7D9-FECA-1BAD-343A-8F78721DD994}.Debug|x64.Build.0 = Debug|x64
		{A955C7D9-FECA-1BAD-343A-8F78721DD994}.Final|Win32.ActiveCfg = Final|Win32
		{A955C7D9-FECA-1BAD-343A-8F78721DD994}.Final|Win32.Build.0 = Final|Win32
		{A955C7D9-FECA-1BAD-343A-8F78721DD994}.Final|x64.ActiveCfg = Final|x64
		{A955C7D9-FECA-1BAD-343A-8F78721DD994}.Final|x64.Build.0 = Final|x64
		{A955C7D9-FECA-1BAD-343A-8F78721DD994}.Purify_Debug|Win32.ActiveCfg = Purify_Debug|Win32
		{A955C7D9-FECA-1BAD-343A-8F78721DD994}.Purify_Debug|Win32.Build.0 = Purify_Debug|Win32
		{A955C7D9-FECA-1BAD-343A-8F78721DD994}.Purify_Debug|x64.ActiveCfg = Purify_Debug|x64
		{A955C7D9-FECA-1BAD-343A-8F78721DD994}.Purify_Debug|x64.Build.0 = Purify_Debug|x64
		{A955C7D9-FECA-1BAD-343A-8F78721DD994}.Purify_Release|Win32.ActiveCfg = Purify_Release|Win32
		{A955C7D9-FECA-1BAD-343A-8F78721DD994}.Purify_Release|Win32.Build.0 = Purify_Release|Win32
		{A955C7D9-FECA-1BAD-343A-8F78721DD994}.Purify_Release|x64.ActiveCfg = Purify_Release|x64
		{A955C7D9-FECA-1BAD-343A-8F78721DD994}.Purify_Release|x64.Build.0 = Purify_Release|x64
		{A955C7D9-FECA-1BAD-343A-8F78721DD994}.Release|Win32.ActiveCfg = Release|Win32
		{A955C7D9-FECA-1BAD-343A-8F78721DD994}.Release|Win32.Build.0 = Release|Win32
		{A955C7D9-FECA-1BAD-343A-8F78721DD994}.Release|x64.ActiveCfg = Release|x64
		{A955C7D9-FECA-1BAD-343A-8F78721DD994}.Release|x64.Build.0 = Release|x64
		{5D1E830D-FECA-1BAD-7975-CBCC15D6D1CE}.Debug|Win32.ActiveCfg = Debug|Win32
		{5D1E830D-FECA-1BAD-7975-CBCC15D6D1CE}.Debug|Win32.Build.0 = Debug|Win32
		{5D1E830D-FECA-1BAD-7975-CBCC15D6D1CE}.Debug|x64.ActiveCfg = Debug|x64
		{5D1E830D-FECA-1BAD-7975-CBCC15D6D1CE}.Debug|x64.Build.0 = Debug|x64
		{5D1E830D-FECA-1BAD-7975-CBCC15D6D1CE}.Final|Win32.ActiveCfg = Final|Win32
		{5D1E830D-FECA-1BAD-7975-CBCC15D6D1CE}.Final|Win32.Build.0 = Final|Win32
		{5D1E830D-FECA-1BAD-7975-CBCC15D6D1CE}.Final|x64.ActiveCfg = Final|x64
		{5D1E830D-FECA-1BAD-7975-CBCC15D6D1CE}.Final|x64.Build.0 = Final|x64
		{5D1E830D-FECA-1BAD-7975-CBCC15D6D1CE}.Purify_Debug|Win32.ActiveCfg = Purify_Debug|Win32
		{5D1E830D-FECA-1BAD-7975-CBCC15D6D1CE}.Purify_Debug|Win32.Build.0 = Purify_Debug|Win32
		{5D1E830D-FECA-1BAD-7975-CBCC15D6D1CE}.Purify_Debug|x64.ActiveCfg = Purify_Debug|x64
		{5D1E830D-FECA-1BAD-7975-CBCC15D6D1CE}.Purify_Debug|x64.Build.0 = Purify_Debug|x64
		{5D1E830D-FECA-1BAD-7975-CBCC15D6D1CE}.Purify_Release|Win32.ActiveCfg = Purify_Release|Win32
		{5D1E830D-FECA-1BAD-7975-CBCC15D6D1CE}.Purify_Release|Win32.Build.0 = Purify_Release|Win32
		{5D1E830D-FECA-1BAD-7975-CBCC15D6D1CE}.Purify_Release|x64.ActiveCfg = Purify_Release|x64
		{5D1E830D-FECA-1BAD-7975-CBCC15D6D1CE}.Purify_Release|x64.Build.0 = Purify_Release|x64
		{5D1E830D-FECA-1BAD-7975-CBCC15D6D1CE}.Release|Win32.ActiveCfg = Release|Win32
		{5D1E830D-FECA-1BAD-7975-CBCC15D6D1CE}.Release|Win32.Build.0 = Release|Win32
		{5D1E830D-FECA-1BAD-7975-CBCC15D6D1CE}.Release|x64.ActiveCfg = Release|x64
		{5D1E830D-FECA-1BAD-7975-CBCC15D6D1CE}.Release|x64.Build.0 = Release|x64
		{AD47490F-FECA-1BAD-D95A-CE5015D6D1CE}.Debug|Win32.ActiveCfg = Debug|Win32
		{AD47490F-FECA-1BAD-D95A-CE5015D6D1CE}.Debug|Win32.Build.0 = Debug|Win32
		{AD47490F-FECA-1BAD-D95A-CE5015D6D1CE}.Debug|x64.ActiveCfg = Debug|x64
		{AD47490F-FECA-1BAD-D95A-CE5015D6D1CE}.Debug|x64.Build.0 = Debug|x64
		{AD47490F-FECA-1BAD-D95A-CE5015D6D1CE}.Final|Win32.ActiveCfg = Final|Win32
		{AD47490F-FECA-1BAD-D95A-CE5015D6D1CE}.Final|Win32.Build.0 = Final|Win32
		{AD47490F-FECA-1BAD-D95A-CE5015D6D1CE}.Final|x64.ActiveCfg = Final|x64
		{AD47490F-FECA-1BAD-D95A-CE5015D6D1CE}.Final|x64.Build.0 = Final|x64
		{AD47490F-FECA-1BAD-D95A-CE5015D6D1CE}.Purify_Debug|Win32.ActiveCfg = Purify_Debug|Win32
		{AD47490F-FECA-1BAD-D95A-CE5015D6D1CE}.Purify_Debug|Win32.Build.0 = Purify_Debug|Win32
		{AD47490F-FECA-1BAD-D95A-CE5015D6D1CE}.Purify_Debug|x64.ActiveCfg = Purify_Debug|x64
		{AD47490F-FECA-1BAD-D95A-CE5015D6D1CE}.Purify_Debug|x64.Build.0 = Purify_Debug|x64
		{AD47490F-FECA-1BAD-D95A-CE5015D6D1CE}.Purify_Release|Win32.ActiveCfg = Purify_Release|Win32
		{AD47490F-FECA-1BAD-D95A-CE5015D6D1CE}.Purify_Release|Win32.Build.0 = Purify_Release|Win32
		{AD47490F-FECA-1BAD-D95A-CE5015D6D1CE}.Purify_Release|x64.ActiveCfg = Purify_Release|x64
		{AD47490F-FECA-1BAD-D95A-CE5015D6D1CE}.Purify_Release|x64.Build.0 = Purify_Release|x64
		{AD47490F-FECA-1BAD-D95A-CE5015D6D1CE}.Release|Win32.ActiveCfg = Release|Win32
		{AD47490F-FECA-1BAD-D95A-CE5015D6D1CE}.Release|Win32.Build.0 = Release|Win32
		{AD47490F-FECA-1BAD-D95A-CE5015D6D1CE}.Release|x64.ActiveCfg = Release|x64
		{AD47490F-FECA-1BAD-D95A-CE5015D6D1CE}.Release|x64.Build.0 = Release|x64
		{C135EE1F-95C5-4793-BD29-C1D8C6F16C57}.Debug|Win32.ActiveCfg = Debug|Win32
		{C135EE1F-95C5-4793-BD29-C1D8C6F16C57}.Debug|Win32.Build.0 = Debug|Win32
		{C135EE1F-95C5-4793-BD29-C1D8C6F16C57}.Debug|x64.ActiveCfg = Debug|x64
		{C135EE1F-95C5-4793-BD29-C1D8C6F16C57}.Debug|x64.Build.0 = Debug|x64
		{C135EE1F-95C5-4793-BD29-C1D8C6F16C57}.Final|Win32.ActiveCfg = Final|Win32
		{C135EE1F-95C5-4793-BD29-C1D8C6F16C57}.Final|Win32.Build.0 = Final|Win32
		{C135EE1F-95C5-4793-BD29-C1D8C6F16C57}.Final|x64.ActiveCfg = Final|x64
		{C135EE1F-95C5-4793-BD29-C1D8C6F16C57}.Final|x64.Build.0 = Final|x64
		{C135EE1F-95C5-4793-BD29-C1D8C6F16C57}.Purify_Debug|Win32.ActiveCfg = Purify_Debug|Win32
		{C135EE1F-95C5-4793-BD29-C1D8C6F16C57}.Purify_Debug|Win32.Build.0 = Purify_Debug|Win32
		{C135EE1F-95C5-4793-BD29-C1D8C6F16C57}.Purify_Debug|x64.ActiveCfg = Purify_Debug|x64
		{C135EE1F-95C5-4793-BD29-C1D8C6F16C57}.Purify_Debug|x64.Build.0 = Purify_Debug|x64
		{C135EE1F-95C5-4793-BD29-C1D8C6F16C57}.Purify_Release|Win32.ActiveCfg = Purify_Release|Win32
		{C135EE1F-95C5-4793-BD29-C1D8C6F16C57}.Purify_Release|Win32.Build.0 = Purify_Release|Win32
		{C135EE1F-95C5-4793-BD29-C1D8C6F16C57}.Purify_Release|x64.ActiveCfg = Purify_Release|x64
		{C135EE1F-95C5-4793-BD29-C1D8C6F16C57}.Purify_Release|x64.Build.0 = Purify_Release|x64
		{C135EE1F-95C5-4793-BD29-C1D8C6F16C57}.Release|Win32.ActiveCfg = Release|Win32
		{C135EE1F-95C5-4793-BD29-C1D8C6F16C57}.Release|Win32.Build.0 = Release|Win32
		{C135EE1F-95C5-4793-BD29-C1D8C6F16C57}.Release|x64.ActiveCfg = Release|x64
		{C135EE1F-95C5-4793-BD29-C1D8C6F16C57}.Release|x64.Build.0 = Release|x64
		{690072B5-FECA-1BAD-62F6-8A23EA80585A}.Debug|Win32.ActiveCfg = Debug|Win32
		{690072B5-FECA-1BAD-62F6-8A23EA80585A}.Debug|Win32.Build.0 = Debug|Win32
		{690072B5-FECA-1BAD-62F6-8A23EA80585A}.Debug|x64.ActiveCfg = Debug|x64
		{690072B5-FECA-1BAD-62F6-8A23EA80585A}.Debug|x64.Build.0 = Debug|x64
		{690072B5-FECA-1BAD-62F6-8A23EA80585A}.Final|Win32.ActiveCfg = Final|Win32
		{690072B5-FECA-1BAD-62F6-8A23EA80585A}.Final|Win32.Build.0 = Final|Win32
		{690072B5-FECA-1BAD-62F6-8A23EA80585A}.Final|x64.ActiveCfg = Final|x64
		{690072B5-FECA-1BAD-62F6-8A23EA80585A}.Final|x64.Build.0 = Final|x64
		{690072B5-FECA-1BAD-62F6-8A23EA80585A}.Purify_Debug|Win32.ActiveCfg = Purify_Debug|Win32
		{690072B5-FECA-1BAD-62F6-8A23EA80585A}.Purify_Debug|Win32.Build.0 = Purify_Debug|Win32
		{690072B5-FECA-1BAD-62F6-8A23EA80585A}.Purify_Debug|x64.ActiveCfg = Purify_Debug|x64
		{690072B5-FECA-1BAD-62F6-8A23EA80585A}.Purify_Debug|x64.Build.0 = Purify_Debug|x64
		{690072B5-FECA-1BAD-62F6-8A23EA80585A}.Purify_Release|Win32.ActiveCfg = Purify_Release|Win32
		{690072B5-FECA-1BAD-62F6-8A23EA80585A}.Purify_Release|Win32.Build.0 = Purify_Release|Win32
		{690072B5-FECA-1BAD-62F6-8A23EA80585A}.Purify_Release|x64.ActiveCfg = Purify_Release|x64
		{690072B5-FECA-1BAD-62F6-8A23EA80585A}.Purify_Release|x64.Build.0 = Purify_Release|x64
		{690072B5-FECA-1BAD-62F6-8A23EA80585A}.Release|Win32.ActiveCfg = Release|Win32
		{690072B5-FECA-1BAD-62F6-8A23EA80585A}.Release|Win32.Build.0 = Release|Win32
		{690072B5-FECA-1BAD-62F6-8A23EA80585A}.Release|x64.ActiveCfg = Release|x64
		{690072B5-FECA-1BAD-62F6-8A23EA80585A}.Release|x64.Build.0 = Release|x64
		{FC225EB5-CEA5-44A5-B58F-326BCE53908B}.Debug|Win32.ActiveCfg = Debug|Win32
		{FC225EB5-CEA5-44A5-B58F-326BCE53908B}.Debug|Win32.Build.0 = Debug|Win32
		{FC225EB5-CEA5-44A5-B58F-326BCE53908B}.Debug|x64.ActiveCfg = Debug|x64
		{FC225EB5-CEA5-44A5-B58F-326BCE53908B}.Debug|x64.Build.0 = Debug|x64
		{FC225EB5-CEA5-44A5-B58F-326BCE53908B}.Final|Win32.ActiveCfg = Final|Win32
		{FC225EB5-CEA5-44A5-B58F-326BCE53908B}.Final|Win32.Build.0 = Final|Win32
		{FC225EB5-CEA5-44A5-B58F-326BCE53908B}.Final|x64.ActiveCfg = Final|x64
		{FC225EB5-CEA5-44A5-B58F-326BCE53908B}.Final|x64.Build.0 = Final|x64
		{FC225EB5-CEA5-44A5-B58F-326BCE53908B}.Purify_Debug|Win32.ActiveCfg = Purify_Debug|Win32
		{FC225EB5-CEA5-44A5-B58F-326BCE53908B}.Purify_Debug|Win32.Build.0 = Purify_Debug|Win32
		{FC225EB5-CEA5-44A5-B58F-326BCE53908B}.Purify_Debug|x64.ActiveCfg = Purify_Debug|x64
		{FC225EB5-CEA5-44A5-B58F-326BCE53908B}.Purify_Debug|x64.Build.0 = Purify_Debug|x64
		{FC225EB5-CEA5-44A5-B58F-326BCE53908B}.Purify_Release|Win32.ActiveCfg = Purify_Release|Win32
		{FC225EB5-CEA5-44A5-B58F-326BCE53908B}.Purify_Release|Win32.Build.0 = Purify_Release|Win32
		{FC225EB5-CEA5-44A5-B58F-326BCE53908B}.Purify_Release|x64.ActiveCfg = Purify_Release|x64
		{FC225EB5-CEA5-44A5-B58F-326BCE53908B}.Purify_Release|x64.Build.0 = Purify_Release|x64
		{FC225EB5-CEA5-44A5-B58F-326BCE53908B}.Release|Win32.ActiveCfg = Release|Win32
		{FC225EB5-CEA5-44A5-B58F-326BCE53908B}.Release|Win32.Build.0 = Release|Win32
		{FC225EB5-CEA5-44A5-B58F-326BCE53908B}.Release|x64.ActiveCfg = Release|x64
		{FC225EB5-CEA5-44A5-B58F-326BCE53908B}.Release|x64.Build.0 = Release|x64
	EndGlobalSection
	GlobalSection(SolutionProperties) = preSolution
		HideSolutionNode = FALSE
	EndGlobalSection
EndGlobal
