
Microsoft Visual Studio Solution File, Format Version 10.00
# Visual Studio 2008
# $Id: MDProcess.sln,v 1.123 2015/02/18 13:30:18 ses Exp $
#
# This file was generated by MPC.  Any changes made directly to
# this file will be lost the next time it is generated.
#
# MPC Command:
# X:\ACE_wrappers\BIN\MWC.PL -include X:\WINE\INCLUDE\WINE -include W:\SHARED\SUPPORT\MPC -include W:\SHARED\SUPPORT\MPC\MSVC -include W:\SHARED\PROJECTS -include W:\GARANTPIL\IMPLEMENTATION\PROJECTS\COMMON -include W:\GARANTSERVER\PROJECTS\COMMON -include W:\GARANTINTERNET\PROJECTS\COMMON -template vc9-generic -type vc9 MDProcess.mwc
Project("{8BC9CEB8-8B4A-11D0-8D11-00A0C91BC942}") = "ArchiAdapterLib", "w:\MDProcess\project\ArchiAdapterLib.vcproj", "{2B120CE2-FECA-1BAD-8782-AB04A005DE8B}"
	ProjectSection(ProjectDependencies) = postProject
		{9D00274B-FECA-1BAD-3D19-CA264C17A721} = {9D00274B-FECA-1BAD-3D19-CA264C17A721}
		{B90470AD-FECA-1BAD-437B-8A634C17A721} = {B90470AD-FECA-1BAD-437B-8A634C17A721}
		{F412124B-FECA-1BAD-6D1F-5B05A005DE8B} = {F412124B-FECA-1BAD-6D1F-5B05A005DE8B}
	EndProjectSection
EndProject
Project("{8BC9CEB8-8B4A-11D0-8D11-00A0C91BC942}") = "ArchiAdapterLib_tie", "w:\MDProcess\project\ArchiAdapterLib_tie.vcproj", "{017C2EA3-FECA-1BAD-A390-0DE6A005DE8B}"
	ProjectSection(ProjectDependencies) = postProject
		{2B120CE2-FECA-1BAD-8782-AB04A005DE8B} = {2B120CE2-FECA-1BAD-8782-AB04A005DE8B}
	EndProjectSection
EndProject
Project("{8BC9CEB8-8B4A-11D0-8D11-00A0C91BC942}") = "ArchiGate", "w:\MDProcess\project\ArchiGate.vcproj", "{1D5AA5FC-FECA-1BAD-1661-CF8EA005DE8B}"
	ProjectSection(ProjectDependencies) = postProject
		{9D00274B-FECA-1BAD-3D19-CA264C17A721} = {9D00274B-FECA-1BAD-3D19-CA264C17A721}
		{F412124B-FECA-1BAD-6D1F-5B05A005DE8B} = {F412124B-FECA-1BAD-6D1F-5B05A005DE8B}
	EndProjectSection
EndProject
Project("{8BC9CEB8-8B4A-11D0-8D11-00A0C91BC942}") = "ArchiGate_cs", "w:\MDProcess\project\ArchiGate_cs.vcproj", "{F412124B-FECA-1BAD-6D1F-5B05A005DE8B}"
	ProjectSection(ProjectDependencies) = postProject
		{9D00274B-FECA-1BAD-3D19-CA264C17A721} = {9D00274B-FECA-1BAD-3D19-CA264C17A721}
	EndProjectSection
EndProject
Project("{8BC9CEB8-8B4A-11D0-8D11-00A0C91BC942}") = "BuildSupportLib", "w:\MDProcess\project\BuildSupportLib.vcproj", "{2A3FDE21-FECA-1BAD-ABB2-B9D9A005DE8B}"
	ProjectSection(ProjectDependencies) = postProject
		{9D00274B-FECA-1BAD-3D19-CA264C17A721} = {9D00274B-FECA-1BAD-3D19-CA264C17A721}
		{3F17065E-FECA-1BAD-2C43-EB54A005DE8B} = {3F17065E-FECA-1BAD-2C43-EB54A005DE8B}
	EndProjectSection
EndProject
Project("{8BC9CEB8-8B4A-11D0-8D11-00A0C91BC942}") = "BuildTestLib", "w:\MDProcess\project\BuildTestLib.vcproj", "{A826710A-FECA-1BAD-590A-9843A005DE8B}"
	ProjectSection(ProjectDependencies) = postProject
		{9D00274B-FECA-1BAD-3D19-CA264C17A721} = {9D00274B-FECA-1BAD-3D19-CA264C17A721}
		{395D791C-FECA-1BAD-D863-8FF3A005DE8B} = {395D791C-FECA-1BAD-D863-8FF3A005DE8B}
		{E90470AD-FECA-1BAD-437E-8A634C17A721} = {E90470AD-FECA-1BAD-437E-8A634C17A721}
		{3F17065E-FECA-1BAD-2C43-EB54A005DE8B} = {3F17065E-FECA-1BAD-2C43-EB54A005DE8B}
	EndProjectSection
EndProject
Project("{8BC9CEB8-8B4A-11D0-8D11-00A0C91BC942}") = "BuildTestLib_cs", "w:\MDProcess\project\BuildTestLib_cs.vcproj", "{395D791C-FECA-1BAD-D863-8FF3A005DE8B}"
	ProjectSection(ProjectDependencies) = postProject
		{9D00274B-FECA-1BAD-3D19-CA264C17A721} = {9D00274B-FECA-1BAD-3D19-CA264C17A721}
		{E90470AD-FECA-1BAD-437E-8A634C17A721} = {E90470AD-FECA-1BAD-437E-8A634C17A721}
		{3F17065E-FECA-1BAD-2C43-EB54A005DE8B} = {3F17065E-FECA-1BAD-2C43-EB54A005DE8B}
	EndProjectSection
EndProject
Project("{8BC9CEB8-8B4A-11D0-8D11-00A0C91BC942}") = "FilePublishLib", "w:\MDProcess\project\FilePublishLib.vcproj", "{3DEAD232-FECA-1BAD-6A83-C489A005DE8B}"
	ProjectSection(ProjectDependencies) = postProject
		{9D00274B-FECA-1BAD-3D19-CA264C17A721} = {9D00274B-FECA-1BAD-3D19-CA264C17A721}
		{395D791C-FECA-1BAD-D863-8FF3A005DE8B} = {395D791C-FECA-1BAD-D863-8FF3A005DE8B}
	EndProjectSection
EndProject
Project("{8BC9CEB8-8B4A-11D0-8D11-00A0C91BC942}") = "KPageToolLib", "w:\MDProcess\project\KPageToolLib.vcproj", "{192DA252-FECA-1BAD-6C81-88FEA005DE8B}"
	ProjectSection(ProjectDependencies) = postProject
		{9D00274B-FECA-1BAD-3D19-CA264C17A721} = {9D00274B-FECA-1BAD-3D19-CA264C17A721}
		{3F17065E-FECA-1BAD-2C43-EB54A005DE8B} = {3F17065E-FECA-1BAD-2C43-EB54A005DE8B}
	EndProjectSection
EndProject
Project("{8BC9CEB8-8B4A-11D0-8D11-00A0C91BC942}") = "LinkSupport", "w:\MDProcess\project\LinkSupport.vcproj", "{E74606B0-FECA-1BAD-22AE-6E44A005DE8B}"
	ProjectSection(ProjectDependencies) = postProject
		{9D00274B-FECA-1BAD-3D19-CA264C17A721} = {9D00274B-FECA-1BAD-3D19-CA264C17A721}
		{3E26DDEA-FECA-1BAD-9703-F849A005DE8B} = {3E26DDEA-FECA-1BAD-9703-F849A005DE8B}
	EndProjectSection
EndProject
Project("{8BC9CEB8-8B4A-11D0-8D11-00A0C91BC942}") = "LinkSupport_cs", "w:\MDProcess\project\LinkSupport_cs.vcproj", "{3E26DDEA-FECA-1BAD-9703-F849A005DE8B}"
	ProjectSection(ProjectDependencies) = postProject
		{9D00274B-FECA-1BAD-3D19-CA264C17A721} = {9D00274B-FECA-1BAD-3D19-CA264C17A721}
	EndProjectSection
EndProject
Project("{8BC9CEB8-8B4A-11D0-8D11-00A0C91BC942}") = "MDAAddinLib", "w:\MDProcess\project\MDAAddinLib.vcproj", "{5E268AA5-FECA-1BAD-E3F5-F84CA005DE8B}"
	ProjectSection(ProjectDependencies) = postProject
		{9D00274B-FECA-1BAD-3D19-CA264C17A721} = {9D00274B-FECA-1BAD-3D19-CA264C17A721}
		{E90470AD-FECA-1BAD-437E-8A634C17A721} = {E90470AD-FECA-1BAD-437E-8A634C17A721}
		{A001CDB9-FECA-1BAD-923A-1A38A005DE8B} = {A001CDB9-FECA-1BAD-923A-1A38A005DE8B}
		{EB83CF44-FECA-1BAD-BDEE-A218A005DE8B} = {EB83CF44-FECA-1BAD-BDEE-A218A005DE8B}
		{B9558EBB-FECA-1BAD-A21B-8F7C4C17A721} = {B9558EBB-FECA-1BAD-A21B-8F7C4C17A721}
		{3E26DDEA-FECA-1BAD-9703-F849A005DE8B} = {3E26DDEA-FECA-1BAD-9703-F849A005DE8B}
	EndProjectSection
EndProject
Project("{8BC9CEB8-8B4A-11D0-8D11-00A0C91BC942}") = "MDAFormat", "w:\MDProcess\project\MDAFormat.vcproj", "{F954F028-FECA-1BAD-4B2F-8F6BA005DE8B}"
EndProject
Project("{8BC9CEB8-8B4A-11D0-8D11-00A0C91BC942}") = "MDAModel", "w:\MDProcess\project\MDAModel.vcproj", "{A001CDB9-FECA-1BAD-923A-1A38A005DE8B}"
	ProjectSection(ProjectDependencies) = postProject
		{9D00274B-FECA-1BAD-3D19-CA264C17A721} = {9D00274B-FECA-1BAD-3D19-CA264C17A721}
		{B90470AD-FECA-1BAD-437B-8A634C17A721} = {B90470AD-FECA-1BAD-437B-8A634C17A721}
		{E90470AD-FECA-1BAD-437E-8A634C17A721} = {E90470AD-FECA-1BAD-437E-8A634C17A721}
		{EB83CF44-FECA-1BAD-BDEE-A218A005DE8B} = {EB83CF44-FECA-1BAD-BDEE-A218A005DE8B}
		{3F17065E-FECA-1BAD-2C43-EB54A005DE8B} = {3F17065E-FECA-1BAD-2C43-EB54A005DE8B}
		{B9558EBB-FECA-1BAD-A21B-8F7C4C17A721} = {B9558EBB-FECA-1BAD-A21B-8F7C4C17A721}
	EndProjectSection
EndProject
Project("{8BC9CEB8-8B4A-11D0-8D11-00A0C91BC942}") = "RosePackageLocking", "w:\MDProcess\project\RosePackageLocking.vcproj", "{CDAB5CE1-FECA-1BAD-87BC-C091A005DE8B}"
	ProjectSection(ProjectDependencies) = postProject
		{9D00274B-FECA-1BAD-3D19-CA264C17A721} = {9D00274B-FECA-1BAD-3D19-CA264C17A721}
		{EB83CF44-FECA-1BAD-BDEE-A218A005DE8B} = {EB83CF44-FECA-1BAD-BDEE-A218A005DE8B}
		{E90470AD-FECA-1BAD-437E-8A634C17A721} = {E90470AD-FECA-1BAD-437E-8A634C17A721}
		{3F17065E-FECA-1BAD-2C43-EB54A005DE8B} = {3F17065E-FECA-1BAD-2C43-EB54A005DE8B}
	EndProjectSection
EndProject
Project("{8BC9CEB8-8B4A-11D0-8D11-00A0C91BC942}") = "RosePackageLocking_cs", "w:\MDProcess\project\RosePackageLocking_cs.vcproj", "{EB83CF44-FECA-1BAD-BDEE-A218A005DE8B}"
	ProjectSection(ProjectDependencies) = postProject
		{9D00274B-FECA-1BAD-3D19-CA264C17A721} = {9D00274B-FECA-1BAD-3D19-CA264C17A721}
		{E90470AD-FECA-1BAD-437E-8A634C17A721} = {E90470AD-FECA-1BAD-437E-8A634C17A721}
		{3F17065E-FECA-1BAD-2C43-EB54A005DE8B} = {3F17065E-FECA-1BAD-2C43-EB54A005DE8B}
	EndProjectSection
EndProject
Project("{8BC9CEB8-8B4A-11D0-8D11-00A0C91BC942}") = "SahiTestLib", "w:\MDProcess\project\SahiTestLib.vcproj", "{E5263162-FECA-1BAD-5F8E-4847A005DE8B}"
	ProjectSection(ProjectDependencies) = postProject
		{9D00274B-FECA-1BAD-3D19-CA264C17A721} = {9D00274B-FECA-1BAD-3D19-CA264C17A721}
		{3DEAD232-FECA-1BAD-6A83-C489A005DE8B} = {3DEAD232-FECA-1BAD-6A83-C489A005DE8B}
	EndProjectSection
EndProject
Project("{8BC9CEB8-8B4A-11D0-8D11-00A0C91BC942}") = "Security", "w:\MDProcess\project\Security.vcproj", "{EC305079-FECA-1BAD-4E3E-D921A005DE8B}"
	ProjectSection(ProjectDependencies) = postProject
		{9D00274B-FECA-1BAD-3D19-CA264C17A721} = {9D00274B-FECA-1BAD-3D19-CA264C17A721}
		{3F17065E-FECA-1BAD-2C43-EB54A005DE8B} = {3F17065E-FECA-1BAD-2C43-EB54A005DE8B}
	EndProjectSection
EndProject
Project("{8BC9CEB8-8B4A-11D0-8D11-00A0C91BC942}") = "ServerGate", "w:\MDProcess\project\ServerGate.vcproj", "{5C0615AD-FECA-1BAD-1375-DA45A005DE8B}"
	ProjectSection(ProjectDependencies) = postProject
		{9D00274B-FECA-1BAD-3D19-CA264C17A721} = {9D00274B-FECA-1BAD-3D19-CA264C17A721}
		{3F17065E-FECA-1BAD-2C43-EB54A005DE8B} = {3F17065E-FECA-1BAD-2C43-EB54A005DE8B}
	EndProjectSection
EndProject
Project("{8BC9CEB8-8B4A-11D0-8D11-00A0C91BC942}") = "ServerGate_cs", "w:\MDProcess\project\ServerGate_cs.vcproj", "{3F17065E-FECA-1BAD-2C43-EB54A005DE8B}"
	ProjectSection(ProjectDependencies) = postProject
		{9D00274B-FECA-1BAD-3D19-CA264C17A721} = {9D00274B-FECA-1BAD-3D19-CA264C17A721}
	EndProjectSection
EndProject
Project("{8BC9CEB8-8B4A-11D0-8D11-00A0C91BC942}") = "T_ArchiAdapter", "w:\MDProcess\project\T_ArchiAdapter.vcproj", "{E427A5FD-FECA-1BAD-167E-585EA005DE8B}"
	ProjectSection(ProjectDependencies) = postProject
		{7904311E-FECA-1BAD-5847-8A674C17A721} = {7904311E-FECA-1BAD-5847-8A674C17A721}
		{9D00274B-FECA-1BAD-3D19-CA264C17A721} = {9D00274B-FECA-1BAD-3D19-CA264C17A721}
		{4D5C34DF-FECA-1BAD-0454-CFE74C17A721} = {4D5C34DF-FECA-1BAD-0454-CFE74C17A721}
		{2B120CE2-FECA-1BAD-8782-AB04A005DE8B} = {2B120CE2-FECA-1BAD-8782-AB04A005DE8B}
		{017C2EA3-FECA-1BAD-A390-0DE6A005DE8B} = {017C2EA3-FECA-1BAD-A390-0DE6A005DE8B}
		{F412124B-FECA-1BAD-6D1F-5B05A005DE8B} = {F412124B-FECA-1BAD-6D1F-5B05A005DE8B}
		{B90470AD-FECA-1BAD-437B-8A634C17A721} = {B90470AD-FECA-1BAD-437B-8A634C17A721}
		{7D33BCB5-FECA-1BAD-82F7-C91F4C17A721} = {7D33BCB5-FECA-1BAD-82F7-C91F4C17A721}
		{E90470AD-FECA-1BAD-437E-8A634C17A721} = {E90470AD-FECA-1BAD-437E-8A634C17A721}
	EndProjectSection
EndProject
Project("{8BC9CEB8-8B4A-11D0-8D11-00A0C91BC942}") = "T_BuildTestServer", "w:\MDProcess\project\T_BuildTestServer.vcproj", "{3642AB8F-FECA-1BAD-F153-7E0EA005DE8B}"
	ProjectSection(ProjectDependencies) = postProject
		{7904311E-FECA-1BAD-5847-8A674C17A721} = {7904311E-FECA-1BAD-5847-8A674C17A721}
		{9D00274B-FECA-1BAD-3D19-CA264C17A721} = {9D00274B-FECA-1BAD-3D19-CA264C17A721}
		{4D5C34DF-FECA-1BAD-0454-CFE74C17A721} = {4D5C34DF-FECA-1BAD-0454-CFE74C17A721}
		{395D791C-FECA-1BAD-D863-8FF3A005DE8B} = {395D791C-FECA-1BAD-D863-8FF3A005DE8B}
		{A826710A-FECA-1BAD-590A-9843A005DE8B} = {A826710A-FECA-1BAD-590A-9843A005DE8B}
		{E90470AD-FECA-1BAD-437E-8A634C17A721} = {E90470AD-FECA-1BAD-437E-8A634C17A721}
		{3F17065E-FECA-1BAD-2C43-EB54A005DE8B} = {3F17065E-FECA-1BAD-2C43-EB54A005DE8B}
	EndProjectSection
EndProject
Project("{8BC9CEB8-8B4A-11D0-8D11-00A0C91BC942}") = "T_KPageTool", "w:\MDProcess\project\T_KPageTool.vcproj", "{0F757318-FECA-1BAD-7820-ED73A005DE8B}"
	ProjectSection(ProjectDependencies) = postProject
		{7904311E-FECA-1BAD-5847-8A674C17A721} = {7904311E-FECA-1BAD-5847-8A674C17A721}
		{9D00274B-FECA-1BAD-3D19-CA264C17A721} = {9D00274B-FECA-1BAD-3D19-CA264C17A721}
		{4D5C34DF-FECA-1BAD-0454-CFE74C17A721} = {4D5C34DF-FECA-1BAD-0454-CFE74C17A721}
		{192DA252-FECA-1BAD-6C81-88FEA005DE8B} = {192DA252-FECA-1BAD-6C81-88FEA005DE8B}
		{3F17065E-FECA-1BAD-2C43-EB54A005DE8B} = {3F17065E-FECA-1BAD-2C43-EB54A005DE8B}
	EndProjectSection
EndProject
Project("{8BC9CEB8-8B4A-11D0-8D11-00A0C91BC942}") = "T_MDAGenerator", "w:\MDProcess\project\T_MDAGenerator.vcproj", "{1AD78BB7-FECA-1BAD-F2D1-B75CA005DE8B}"
	ProjectSection(ProjectDependencies) = postProject
		{7904311E-FECA-1BAD-5847-8A674C17A721} = {7904311E-FECA-1BAD-5847-8A674C17A721}
		{9D00274B-FECA-1BAD-3D19-CA264C17A721} = {9D00274B-FECA-1BAD-3D19-CA264C17A721}
		{4D5C34DF-FECA-1BAD-0454-CFE74C17A721} = {4D5C34DF-FECA-1BAD-0454-CFE74C17A721}
		{5E268AA5-FECA-1BAD-E3F5-F84CA005DE8B} = {5E268AA5-FECA-1BAD-E3F5-F84CA005DE8B}
		{E90470AD-FECA-1BAD-437E-8A634C17A721} = {E90470AD-FECA-1BAD-437E-8A634C17A721}
		{A001CDB9-FECA-1BAD-923A-1A38A005DE8B} = {A001CDB9-FECA-1BAD-923A-1A38A005DE8B}
		{B90470AD-FECA-1BAD-437B-8A634C17A721} = {B90470AD-FECA-1BAD-437B-8A634C17A721}
		{E90470AD-FECA-1BAD-437E-8A634C17A721} = {E90470AD-FECA-1BAD-437E-8A634C17A721}
		{E90470AD-FECA-1BAD-437E-8A634C17A721} = {E90470AD-FECA-1BAD-437E-8A634C17A721}
		{EB83CF44-FECA-1BAD-BDEE-A218A005DE8B} = {EB83CF44-FECA-1BAD-BDEE-A218A005DE8B}
		{3F17065E-FECA-1BAD-2C43-EB54A005DE8B} = {3F17065E-FECA-1BAD-2C43-EB54A005DE8B}
		{B9558EBB-FECA-1BAD-A21B-8F7C4C17A721} = {B9558EBB-FECA-1BAD-A21B-8F7C4C17A721}
		{E90470AD-FECA-1BAD-437E-8A634C17A721} = {E90470AD-FECA-1BAD-437E-8A634C17A721}
		{EB83CF44-FECA-1BAD-BDEE-A218A005DE8B} = {EB83CF44-FECA-1BAD-BDEE-A218A005DE8B}
		{B9558EBB-FECA-1BAD-A21B-8F7C4C17A721} = {B9558EBB-FECA-1BAD-A21B-8F7C4C17A721}
		{E90470AD-FECA-1BAD-437E-8A634C17A721} = {E90470AD-FECA-1BAD-437E-8A634C17A721}
		{3E26DDEA-FECA-1BAD-9703-F849A005DE8B} = {3E26DDEA-FECA-1BAD-9703-F849A005DE8B}
	EndProjectSection
EndProject
Project("{8BC9CEB8-8B4A-11D0-8D11-00A0C91BC942}") = "T_MDPSupportServer", "w:\MDProcess\project\T_MDPSupportServer.vcproj", "{350413BF-FECA-1BAD-7253-4A65A005DE8B}"
	ProjectSection(ProjectDependencies) = postProject
		{7904311E-FECA-1BAD-5847-8A674C17A721} = {7904311E-FECA-1BAD-5847-8A674C17A721}
		{9D00274B-FECA-1BAD-3D19-CA264C17A721} = {9D00274B-FECA-1BAD-3D19-CA264C17A721}
		{4D5C34DF-FECA-1BAD-0454-CFE74C17A721} = {4D5C34DF-FECA-1BAD-0454-CFE74C17A721}
		{EB83CF44-FECA-1BAD-BDEE-A218A005DE8B} = {EB83CF44-FECA-1BAD-BDEE-A218A005DE8B}
		{CDAB5CE1-FECA-1BAD-87BC-C091A005DE8B} = {CDAB5CE1-FECA-1BAD-87BC-C091A005DE8B}
		{E90470AD-FECA-1BAD-437E-8A634C17A721} = {E90470AD-FECA-1BAD-437E-8A634C17A721}
		{3F17065E-FECA-1BAD-2C43-EB54A005DE8B} = {3F17065E-FECA-1BAD-2C43-EB54A005DE8B}
		{EC305079-FECA-1BAD-4E3E-D921A005DE8B} = {EC305079-FECA-1BAD-4E3E-D921A005DE8B}
		{3F17065E-FECA-1BAD-2C43-EB54A005DE8B} = {3F17065E-FECA-1BAD-2C43-EB54A005DE8B}
	EndProjectSection
EndProject
Project("{8BC9CEB8-8B4A-11D0-8D11-00A0C91BC942}") = "T_MakeBuild", "w:\MDProcess\project\T_MakeBuild.vcproj", "{DED5227B-FECA-1BAD-6E1D-F776A005DE8B}"
	ProjectSection(ProjectDependencies) = postProject
		{7904311E-FECA-1BAD-5847-8A674C17A721} = {7904311E-FECA-1BAD-5847-8A674C17A721}
		{9D00274B-FECA-1BAD-3D19-CA264C17A721} = {9D00274B-FECA-1BAD-3D19-CA264C17A721}
		{4D5C34DF-FECA-1BAD-0454-CFE74C17A721} = {4D5C34DF-FECA-1BAD-0454-CFE74C17A721}
		{2A3FDE21-FECA-1BAD-ABB2-B9D9A005DE8B} = {2A3FDE21-FECA-1BAD-ABB2-B9D9A005DE8B}
		{3F17065E-FECA-1BAD-2C43-EB54A005DE8B} = {3F17065E-FECA-1BAD-2C43-EB54A005DE8B}
	EndProjectSection
EndProject
Project("{8BC9CEB8-8B4A-11D0-8D11-00A0C91BC942}") = "T_SahiTestPerformer", "w:\MDProcess\project\T_SahiTestPerformer.vcproj", "{3CA8D773-FECA-1BAD-3E93-D0A9A005DE8B}"
	ProjectSection(ProjectDependencies) = postProject
		{7904311E-FECA-1BAD-5847-8A674C17A721} = {7904311E-FECA-1BAD-5847-8A674C17A721}
		{9D00274B-FECA-1BAD-3D19-CA264C17A721} = {9D00274B-FECA-1BAD-3D19-CA264C17A721}
		{4D5C34DF-FECA-1BAD-0454-CFE74C17A721} = {4D5C34DF-FECA-1BAD-0454-CFE74C17A721}
		{E5263162-FECA-1BAD-5F8E-4847A005DE8B} = {E5263162-FECA-1BAD-5F8E-4847A005DE8B}
		{3DEAD232-FECA-1BAD-6A83-C489A005DE8B} = {3DEAD232-FECA-1BAD-6A83-C489A005DE8B}
		{395D791C-FECA-1BAD-D863-8FF3A005DE8B} = {395D791C-FECA-1BAD-D863-8FF3A005DE8B}
	EndProjectSection
EndProject
Project("{8BC9CEB8-8B4A-11D0-8D11-00A0C91BC942}") = "Core", "w:\shared\project\Core.vcproj", "{7904311E-FECA-1BAD-5847-8A674C17A721}"
EndProject
Project("{8BC9CEB8-8B4A-11D0-8D11-00A0C91BC942}") = "CoreSrv", "w:\shared\project\CoreSrv.vcproj", "{4D5C34DF-FECA-1BAD-0454-CFE74C17A721}"
	ProjectSection(ProjectDependencies) = postProject
		{9D00274B-FECA-1BAD-3D19-CA264C17A721} = {9D00274B-FECA-1BAD-3D19-CA264C17A721}
		{7904311E-FECA-1BAD-5847-8A674C17A721} = {7904311E-FECA-1BAD-5847-8A674C17A721}
	EndProjectSection
EndProject
Project("{8BC9CEB8-8B4A-11D0-8D11-00A0C91BC942}") = "CoreSrv_cs", "w:\shared\project\CoreSrv_cs.vcproj", "{9D00274B-FECA-1BAD-3D19-CA264C17A721}"
	ProjectSection(ProjectDependencies) = postProject
		{7904311E-FECA-1BAD-5847-8A674C17A721} = {7904311E-FECA-1BAD-5847-8A674C17A721}
	EndProjectSection
EndProject
Project("{8BC9CEB8-8B4A-11D0-8D11-00A0C91BC942}") = "GCI", "w:\shared\project\GCI.vcproj", "{B90470AD-FECA-1BAD-437B-8A634C17A721}"
	ProjectSection(ProjectDependencies) = postProject
		{E90470AD-FECA-1BAD-437E-8A634C17A721} = {E90470AD-FECA-1BAD-437E-8A634C17A721}
	EndProjectSection
EndProject
Project("{8BC9CEB8-8B4A-11D0-8D11-00A0C91BC942}") = "GCI_tie", "w:\shared\project\GCI_tie.vcproj", "{7D33BCB5-FECA-1BAD-82F7-C91F4C17A721}"
	ProjectSection(ProjectDependencies) = postProject
		{B90470AD-FECA-1BAD-437B-8A634C17A721} = {B90470AD-FECA-1BAD-437B-8A634C17A721}
	EndProjectSection
EndProject
Project("{8BC9CEB8-8B4A-11D0-8D11-00A0C91BC942}") = "GCL", "w:\shared\project\GCL.vcproj", "{E90470AD-FECA-1BAD-437E-8A634C17A721}"
EndProject
Project("{8BC9CEB8-8B4A-11D0-8D11-00A0C91BC942}") = "WinGUI", "w:\shared\project\WinGUI.vcproj", "{B9558EBB-FECA-1BAD-A21B-8F7C4C17A721}"
	ProjectSection(ProjectDependencies) = postProject
		{E90470AD-FECA-1BAD-437E-8A634C17A721} = {E90470AD-FECA-1BAD-437E-8A634C17A721}
	EndProjectSection
EndProject
Global
	GlobalSection(SolutionConfigurationPlatforms) = preSolution
		Debug|Win32 = Debug|Win32
		Debug|x64 = Debug|x64
		Final|Win32 = Final|Win32
		Final|x64 = Final|x64
		Purify_Debug|Win32 = Purify_Debug|Win32
		Purify_Debug|x64 = Purify_Debug|x64
		Purify_Release|Win32 = Purify_Release|Win32
		Purify_Release|x64 = Purify_Release|x64
		Release|Win32 = Release|Win32
		Release|x64 = Release|x64
	EndGlobalSection
	GlobalSection(ProjectConfigurationPlatforms) = postSolution
		{2B120CE2-FECA-1BAD-8782-AB04A005DE8B}.Debug|Win32.ActiveCfg = Debug|Win32
		{2B120CE2-FECA-1BAD-8782-AB04A005DE8B}.Debug|Win32.Build.0 = Debug|Win32
		{2B120CE2-FECA-1BAD-8782-AB04A005DE8B}.Debug|x64.ActiveCfg = Debug|x64
		{2B120CE2-FECA-1BAD-8782-AB04A005DE8B}.Debug|x64.Build.0 = Debug|x64
		{2B120CE2-FECA-1BAD-8782-AB04A005DE8B}.Final|Win32.ActiveCfg = Final|Win32
		{2B120CE2-FECA-1BAD-8782-AB04A005DE8B}.Final|Win32.Build.0 = Final|Win32
		{2B120CE2-FECA-1BAD-8782-AB04A005DE8B}.Final|x64.ActiveCfg = Final|x64
		{2B120CE2-FECA-1BAD-8782-AB04A005DE8B}.Final|x64.Build.0 = Final|x64
		{2B120CE2-FECA-1BAD-8782-AB04A005DE8B}.Purify_Debug|Win32.ActiveCfg = Purify_Debug|Win32
		{2B120CE2-FECA-1BAD-8782-AB04A005DE8B}.Purify_Debug|Win32.Build.0 = Purify_Debug|Win32
		{2B120CE2-FECA-1BAD-8782-AB04A005DE8B}.Purify_Debug|x64.ActiveCfg = Purify_Debug|x64
		{2B120CE2-FECA-1BAD-8782-AB04A005DE8B}.Purify_Debug|x64.Build.0 = Purify_Debug|x64
		{2B120CE2-FECA-1BAD-8782-AB04A005DE8B}.Purify_Release|Win32.ActiveCfg = Purify_Release|Win32
		{2B120CE2-FECA-1BAD-8782-AB04A005DE8B}.Purify_Release|Win32.Build.0 = Purify_Release|Win32
		{2B120CE2-FECA-1BAD-8782-AB04A005DE8B}.Purify_Release|x64.ActiveCfg = Purify_Release|x64
		{2B120CE2-FECA-1BAD-8782-AB04A005DE8B}.Purify_Release|x64.Build.0 = Purify_Release|x64
		{2B120CE2-FECA-1BAD-8782-AB04A005DE8B}.Release|Win32.ActiveCfg = Release|Win32
		{2B120CE2-FECA-1BAD-8782-AB04A005DE8B}.Release|Win32.Build.0 = Release|Win32
		{2B120CE2-FECA-1BAD-8782-AB04A005DE8B}.Release|x64.ActiveCfg = Release|x64
		{2B120CE2-FECA-1BAD-8782-AB04A005DE8B}.Release|x64.Build.0 = Release|x64
		{017C2EA3-FECA-1BAD-A390-0DE6A005DE8B}.Debug|Win32.ActiveCfg = Debug|Win32
		{017C2EA3-FECA-1BAD-A390-0DE6A005DE8B}.Debug|Win32.Build.0 = Debug|Win32
		{017C2EA3-FECA-1BAD-A390-0DE6A005DE8B}.Debug|x64.ActiveCfg = Debug|x64
		{017C2EA3-FECA-1BAD-A390-0DE6A005DE8B}.Debug|x64.Build.0 = Debug|x64
		{017C2EA3-FECA-1BAD-A390-0DE6A005DE8B}.Final|Win32.ActiveCfg = Final|Win32
		{017C2EA3-FECA-1BAD-A390-0DE6A005DE8B}.Final|Win32.Build.0 = Final|Win32
		{017C2EA3-FECA-1BAD-A390-0DE6A005DE8B}.Final|x64.ActiveCfg = Final|x64
		{017C2EA3-FECA-1BAD-A390-0DE6A005DE8B}.Final|x64.Build.0 = Final|x64
		{017C2EA3-FECA-1BAD-A390-0DE6A005DE8B}.Purify_Debug|Win32.ActiveCfg = Purify_Debug|Win32
		{017C2EA3-FECA-1BAD-A390-0DE6A005DE8B}.Purify_Debug|Win32.Build.0 = Purify_Debug|Win32
		{017C2EA3-FECA-1BAD-A390-0DE6A005DE8B}.Purify_Debug|x64.ActiveCfg = Purify_Debug|x64
		{017C2EA3-FECA-1BAD-A390-0DE6A005DE8B}.Purify_Debug|x64.Build.0 = Purify_Debug|x64
		{017C2EA3-FECA-1BAD-A390-0DE6A005DE8B}.Purify_Release|Win32.ActiveCfg = Purify_Release|Win32
		{017C2EA3-FECA-1BAD-A390-0DE6A005DE8B}.Purify_Release|Win32.Build.0 = Purify_Release|Win32
		{017C2EA3-FECA-1BAD-A390-0DE6A005DE8B}.Purify_Release|x64.ActiveCfg = Purify_Release|x64
		{017C2EA3-FECA-1BAD-A390-0DE6A005DE8B}.Purify_Release|x64.Build.0 = Purify_Release|x64
		{017C2EA3-FECA-1BAD-A390-0DE6A005DE8B}.Release|Win32.ActiveCfg = Release|Win32
		{017C2EA3-FECA-1BAD-A390-0DE6A005DE8B}.Release|Win32.Build.0 = Release|Win32
		{017C2EA3-FECA-1BAD-A390-0DE6A005DE8B}.Release|x64.ActiveCfg = Release|x64
		{017C2EA3-FECA-1BAD-A390-0DE6A005DE8B}.Release|x64.Build.0 = Release|x64
		{1D5AA5FC-FECA-1BAD-1661-CF8EA005DE8B}.Debug|Win32.ActiveCfg = Debug|Win32
		{1D5AA5FC-FECA-1BAD-1661-CF8EA005DE8B}.Debug|Win32.Build.0 = Debug|Win32
		{1D5AA5FC-FECA-1BAD-1661-CF8EA005DE8B}.Debug|x64.ActiveCfg = Debug|x64
		{1D5AA5FC-FECA-1BAD-1661-CF8EA005DE8B}.Debug|x64.Build.0 = Debug|x64
		{1D5AA5FC-FECA-1BAD-1661-CF8EA005DE8B}.Final|Win32.ActiveCfg = Final|Win32
		{1D5AA5FC-FECA-1BAD-1661-CF8EA005DE8B}.Final|Win32.Build.0 = Final|Win32
		{1D5AA5FC-FECA-1BAD-1661-CF8EA005DE8B}.Final|x64.ActiveCfg = Final|x64
		{1D5AA5FC-FECA-1BAD-1661-CF8EA005DE8B}.Final|x64.Build.0 = Final|x64
		{1D5AA5FC-FECA-1BAD-1661-CF8EA005DE8B}.Purify_Debug|Win32.ActiveCfg = Purify_Debug|Win32
		{1D5AA5FC-FECA-1BAD-1661-CF8EA005DE8B}.Purify_Debug|Win32.Build.0 = Purify_Debug|Win32
		{1D5AA5FC-FECA-1BAD-1661-CF8EA005DE8B}.Purify_Debug|x64.ActiveCfg = Purify_Debug|x64
		{1D5AA5FC-FECA-1BAD-1661-CF8EA005DE8B}.Purify_Debug|x64.Build.0 = Purify_Debug|x64
		{1D5AA5FC-FECA-1BAD-1661-CF8EA005DE8B}.Purify_Release|Win32.ActiveCfg = Purify_Release|Win32
		{1D5AA5FC-FECA-1BAD-1661-CF8EA005DE8B}.Purify_Release|Win32.Build.0 = Purify_Release|Win32
		{1D5AA5FC-FECA-1BAD-1661-CF8EA005DE8B}.Purify_Release|x64.ActiveCfg = Purify_Release|x64
		{1D5AA5FC-FECA-1BAD-1661-CF8EA005DE8B}.Purify_Release|x64.Build.0 = Purify_Release|x64
		{1D5AA5FC-FECA-1BAD-1661-CF8EA005DE8B}.Release|Win32.ActiveCfg = Release|Win32
		{1D5AA5FC-FECA-1BAD-1661-CF8EA005DE8B}.Release|Win32.Build.0 = Release|Win32
		{1D5AA5FC-FECA-1BAD-1661-CF8EA005DE8B}.Release|x64.ActiveCfg = Release|x64
		{1D5AA5FC-FECA-1BAD-1661-CF8EA005DE8B}.Release|x64.Build.0 = Release|x64
		{F412124B-FECA-1BAD-6D1F-5B05A005DE8B}.Debug|Win32.ActiveCfg = Debug|Win32
		{F412124B-FECA-1BAD-6D1F-5B05A005DE8B}.Debug|Win32.Build.0 = Debug|Win32
		{F412124B-FECA-1BAD-6D1F-5B05A005DE8B}.Debug|x64.ActiveCfg = Debug|x64
		{F412124B-FECA-1BAD-6D1F-5B05A005DE8B}.Debug|x64.Build.0 = Debug|x64
		{F412124B-FECA-1BAD-6D1F-5B05A005DE8B}.Final|Win32.ActiveCfg = Final|Win32
		{F412124B-FECA-1BAD-6D1F-5B05A005DE8B}.Final|Win32.Build.0 = Final|Win32
		{F412124B-FECA-1BAD-6D1F-5B05A005DE8B}.Final|x64.ActiveCfg = Final|x64
		{F412124B-FECA-1BAD-6D1F-5B05A005DE8B}.Final|x64.Build.0 = Final|x64
		{F412124B-FECA-1BAD-6D1F-5B05A005DE8B}.Purify_Debug|Win32.ActiveCfg = Purify_Debug|Win32
		{F412124B-FECA-1BAD-6D1F-5B05A005DE8B}.Purify_Debug|Win32.Build.0 = Purify_Debug|Win32
		{F412124B-FECA-1BAD-6D1F-5B05A005DE8B}.Purify_Debug|x64.ActiveCfg = Purify_Debug|x64
		{F412124B-FECA-1BAD-6D1F-5B05A005DE8B}.Purify_Debug|x64.Build.0 = Purify_Debug|x64
		{F412124B-FECA-1BAD-6D1F-5B05A005DE8B}.Purify_Release|Win32.ActiveCfg = Purify_Release|Win32
		{F412124B-FECA-1BAD-6D1F-5B05A005DE8B}.Purify_Release|Win32.Build.0 = Purify_Release|Win32
		{F412124B-FECA-1BAD-6D1F-5B05A005DE8B}.Purify_Release|x64.ActiveCfg = Purify_Release|x64
		{F412124B-FECA-1BAD-6D1F-5B05A005DE8B}.Purify_Release|x64.Build.0 = Purify_Release|x64
		{F412124B-FECA-1BAD-6D1F-5B05A005DE8B}.Release|Win32.ActiveCfg = Release|Win32
		{F412124B-FECA-1BAD-6D1F-5B05A005DE8B}.Release|Win32.Build.0 = Release|Win32
		{F412124B-FECA-1BAD-6D1F-5B05A005DE8B}.Release|x64.ActiveCfg = Release|x64
		{F412124B-FECA-1BAD-6D1F-5B05A005DE8B}.Release|x64.Build.0 = Release|x64
		{2A3FDE21-FECA-1BAD-ABB2-B9D9A005DE8B}.Debug|Win32.ActiveCfg = Debug|Win32
		{2A3FDE21-FECA-1BAD-ABB2-B9D9A005DE8B}.Debug|Win32.Build.0 = Debug|Win32
		{2A3FDE21-FECA-1BAD-ABB2-B9D9A005DE8B}.Debug|x64.ActiveCfg = Debug|x64
		{2A3FDE21-FECA-1BAD-ABB2-B9D9A005DE8B}.Debug|x64.Build.0 = Debug|x64
		{2A3FDE21-FECA-1BAD-ABB2-B9D9A005DE8B}.Final|Win32.ActiveCfg = Final|Win32
		{2A3FDE21-FECA-1BAD-ABB2-B9D9A005DE8B}.Final|Win32.Build.0 = Final|Win32
		{2A3FDE21-FECA-1BAD-ABB2-B9D9A005DE8B}.Final|x64.ActiveCfg = Final|x64
		{2A3FDE21-FECA-1BAD-ABB2-B9D9A005DE8B}.Final|x64.Build.0 = Final|x64
		{2A3FDE21-FECA-1BAD-ABB2-B9D9A005DE8B}.Purify_Debug|Win32.ActiveCfg = Purify_Debug|Win32
		{2A3FDE21-FECA-1BAD-ABB2-B9D9A005DE8B}.Purify_Debug|Win32.Build.0 = Purify_Debug|Win32
		{2A3FDE21-FECA-1BAD-ABB2-B9D9A005DE8B}.Purify_Debug|x64.ActiveCfg = Purify_Debug|x64
		{2A3FDE21-FECA-1BAD-ABB2-B9D9A005DE8B}.Purify_Debug|x64.Build.0 = Purify_Debug|x64
		{2A3FDE21-FECA-1BAD-ABB2-B9D9A005DE8B}.Purify_Release|Win32.ActiveCfg = Purify_Release|Win32
		{2A3FDE21-FECA-1BAD-ABB2-B9D9A005DE8B}.Purify_Release|Win32.Build.0 = Purify_Release|Win32
		{2A3FDE21-FECA-1BAD-ABB2-B9D9A005DE8B}.Purify_Release|x64.ActiveCfg = Purify_Release|x64
		{2A3FDE21-FECA-1BAD-ABB2-B9D9A005DE8B}.Purify_Release|x64.Build.0 = Purify_Release|x64
		{2A3FDE21-FECA-1BAD-ABB2-B9D9A005DE8B}.Release|Win32.ActiveCfg = Release|Win32
		{2A3FDE21-FECA-1BAD-ABB2-B9D9A005DE8B}.Release|Win32.Build.0 = Release|Win32
		{2A3FDE21-FECA-1BAD-ABB2-B9D9A005DE8B}.Release|x64.ActiveCfg = Release|x64
		{2A3FDE21-FECA-1BAD-ABB2-B9D9A005DE8B}.Release|x64.Build.0 = Release|x64
		{A826710A-FECA-1BAD-590A-9843A005DE8B}.Debug|Win32.ActiveCfg = Debug|Win32
		{A826710A-FECA-1BAD-590A-9843A005DE8B}.Debug|Win32.Build.0 = Debug|Win32
		{A826710A-FECA-1BAD-590A-9843A005DE8B}.Debug|x64.ActiveCfg = Debug|x64
		{A826710A-FECA-1BAD-590A-9843A005DE8B}.Debug|x64.Build.0 = Debug|x64
		{A826710A-FECA-1BAD-590A-9843A005DE8B}.Final|Win32.ActiveCfg = Final|Win32
		{A826710A-FECA-1BAD-590A-9843A005DE8B}.Final|Win32.Build.0 = Final|Win32
		{A826710A-FECA-1BAD-590A-9843A005DE8B}.Final|x64.ActiveCfg = Final|x64
		{A826710A-FECA-1BAD-590A-9843A005DE8B}.Final|x64.Build.0 = Final|x64
		{A826710A-FECA-1BAD-590A-9843A005DE8B}.Purify_Debug|Win32.ActiveCfg = Purify_Debug|Win32
		{A826710A-FECA-1BAD-590A-9843A005DE8B}.Purify_Debug|Win32.Build.0 = Purify_Debug|Win32
		{A826710A-FECA-1BAD-590A-9843A005DE8B}.Purify_Debug|x64.ActiveCfg = Purify_Debug|x64
		{A826710A-FECA-1BAD-590A-9843A005DE8B}.Purify_Debug|x64.Build.0 = Purify_Debug|x64
		{A826710A-FECA-1BAD-590A-9843A005DE8B}.Purify_Release|Win32.ActiveCfg = Purify_Release|Win32
		{A826710A-FECA-1BAD-590A-9843A005DE8B}.Purify_Release|Win32.Build.0 = Purify_Release|Win32
		{A826710A-FECA-1BAD-590A-9843A005DE8B}.Purify_Release|x64.ActiveCfg = Purify_Release|x64
		{A826710A-FECA-1BAD-590A-9843A005DE8B}.Purify_Release|x64.Build.0 = Purify_Release|x64
		{A826710A-FECA-1BAD-590A-9843A005DE8B}.Release|Win32.ActiveCfg = Release|Win32
		{A826710A-FECA-1BAD-590A-9843A005DE8B}.Release|Win32.Build.0 = Release|Win32
		{A826710A-FECA-1BAD-590A-9843A005DE8B}.Release|x64.ActiveCfg = Release|x64
		{A826710A-FECA-1BAD-590A-9843A005DE8B}.Release|x64.Build.0 = Release|x64
		{395D791C-FECA-1BAD-D863-8FF3A005DE8B}.Debug|Win32.ActiveCfg = Debug|Win32
		{395D791C-FECA-1BAD-D863-8FF3A005DE8B}.Debug|Win32.Build.0 = Debug|Win32
		{395D791C-FECA-1BAD-D863-8FF3A005DE8B}.Debug|x64.ActiveCfg = Debug|x64
		{395D791C-FECA-1BAD-D863-8FF3A005DE8B}.Debug|x64.Build.0 = Debug|x64
		{395D791C-FECA-1BAD-D863-8FF3A005DE8B}.Final|Win32.ActiveCfg = Final|Win32
		{395D791C-FECA-1BAD-D863-8FF3A005DE8B}.Final|Win32.Build.0 = Final|Win32
		{395D791C-FECA-1BAD-D863-8FF3A005DE8B}.Final|x64.ActiveCfg = Final|x64
		{395D791C-FECA-1BAD-D863-8FF3A005DE8B}.Final|x64.Build.0 = Final|x64
		{395D791C-FECA-1BAD-D863-8FF3A005DE8B}.Purify_Debug|Win32.ActiveCfg = Purify_Debug|Win32
		{395D791C-FECA-1BAD-D863-8FF3A005DE8B}.Purify_Debug|Win32.Build.0 = Purify_Debug|Win32
		{395D791C-FECA-1BAD-D863-8FF3A005DE8B}.Purify_Debug|x64.ActiveCfg = Purify_Debug|x64
		{395D791C-FECA-1BAD-D863-8FF3A005DE8B}.Purify_Debug|x64.Build.0 = Purify_Debug|x64
		{395D791C-FECA-1BAD-D863-8FF3A005DE8B}.Purify_Release|Win32.ActiveCfg = Purify_Release|Win32
		{395D791C-FECA-1BAD-D863-8FF3A005DE8B}.Purify_Release|Win32.Build.0 = Purify_Release|Win32
		{395D791C-FECA-1BAD-D863-8FF3A005DE8B}.Purify_Release|x64.ActiveCfg = Purify_Release|x64
		{395D791C-FECA-1BAD-D863-8FF3A005DE8B}.Purify_Release|x64.Build.0 = Purify_Release|x64
		{395D791C-FECA-1BAD-D863-8FF3A005DE8B}.Release|Win32.ActiveCfg = Release|Win32
		{395D791C-FECA-1BAD-D863-8FF3A005DE8B}.Release|Win32.Build.0 = Release|Win32
		{395D791C-FECA-1BAD-D863-8FF3A005DE8B}.Release|x64.ActiveCfg = Release|x64
		{395D791C-FECA-1BAD-D863-8FF3A005DE8B}.Release|x64.Build.0 = Release|x64
		{3DEAD232-FECA-1BAD-6A83-C489A005DE8B}.Debug|Win32.ActiveCfg = Debug|Win32
		{3DEAD232-FECA-1BAD-6A83-C489A005DE8B}.Debug|Win32.Build.0 = Debug|Win32
		{3DEAD232-FECA-1BAD-6A83-C489A005DE8B}.Debug|x64.ActiveCfg = Debug|x64
		{3DEAD232-FECA-1BAD-6A83-C489A005DE8B}.Debug|x64.Build.0 = Debug|x64
		{3DEAD232-FECA-1BAD-6A83-C489A005DE8B}.Final|Win32.ActiveCfg = Final|Win32
		{3DEAD232-FECA-1BAD-6A83-C489A005DE8B}.Final|Win32.Build.0 = Final|Win32
		{3DEAD232-FECA-1BAD-6A83-C489A005DE8B}.Final|x64.ActiveCfg = Final|x64
		{3DEAD232-FECA-1BAD-6A83-C489A005DE8B}.Final|x64.Build.0 = Final|x64
		{3DEAD232-FECA-1BAD-6A83-C489A005DE8B}.Purify_Debug|Win32.ActiveCfg = Purify_Debug|Win32
		{3DEAD232-FECA-1BAD-6A83-C489A005DE8B}.Purify_Debug|Win32.Build.0 = Purify_Debug|Win32
		{3DEAD232-FECA-1BAD-6A83-C489A005DE8B}.Purify_Debug|x64.ActiveCfg = Purify_Debug|x64
		{3DEAD232-FECA-1BAD-6A83-C489A005DE8B}.Purify_Debug|x64.Build.0 = Purify_Debug|x64
		{3DEAD232-FECA-1BAD-6A83-C489A005DE8B}.Purify_Release|Win32.ActiveCfg = Purify_Release|Win32
		{3DEAD232-FECA-1BAD-6A83-C489A005DE8B}.Purify_Release|Win32.Build.0 = Purify_Release|Win32
		{3DEAD232-FECA-1BAD-6A83-C489A005DE8B}.Purify_Release|x64.ActiveCfg = Purify_Release|x64
		{3DEAD232-FECA-1BAD-6A83-C489A005DE8B}.Purify_Release|x64.Build.0 = Purify_Release|x64
		{3DEAD232-FECA-1BAD-6A83-C489A005DE8B}.Release|Win32.ActiveCfg = Release|Win32
		{3DEAD232-FECA-1BAD-6A83-C489A005DE8B}.Release|Win32.Build.0 = Release|Win32
		{3DEAD232-FECA-1BAD-6A83-C489A005DE8B}.Release|x64.ActiveCfg = Release|x64
		{3DEAD232-FECA-1BAD-6A83-C489A005DE8B}.Release|x64.Build.0 = Release|x64
		{192DA252-FECA-1BAD-6C81-88FEA005DE8B}.Debug|Win32.ActiveCfg = Debug|Win32
		{192DA252-FECA-1BAD-6C81-88FEA005DE8B}.Debug|Win32.Build.0 = Debug|Win32
		{192DA252-FECA-1BAD-6C81-88FEA005DE8B}.Debug|x64.ActiveCfg = Debug|x64
		{192DA252-FECA-1BAD-6C81-88FEA005DE8B}.Debug|x64.Build.0 = Debug|x64
		{192DA252-FECA-1BAD-6C81-88FEA005DE8B}.Final|Win32.ActiveCfg = Final|Win32
		{192DA252-FECA-1BAD-6C81-88FEA005DE8B}.Final|Win32.Build.0 = Final|Win32
		{192DA252-FECA-1BAD-6C81-88FEA005DE8B}.Final|x64.ActiveCfg = Final|x64
		{192DA252-FECA-1BAD-6C81-88FEA005DE8B}.Final|x64.Build.0 = Final|x64
		{192DA252-FECA-1BAD-6C81-88FEA005DE8B}.Purify_Debug|Win32.ActiveCfg = Purify_Debug|Win32
		{192DA252-FECA-1BAD-6C81-88FEA005DE8B}.Purify_Debug|Win32.Build.0 = Purify_Debug|Win32
		{192DA252-FECA-1BAD-6C81-88FEA005DE8B}.Purify_Debug|x64.ActiveCfg = Purify_Debug|x64
		{192DA252-FECA-1BAD-6C81-88FEA005DE8B}.Purify_Debug|x64.Build.0 = Purify_Debug|x64
		{192DA252-FECA-1BAD-6C81-88FEA005DE8B}.Purify_Release|Win32.ActiveCfg = Purify_Release|Win32
		{192DA252-FECA-1BAD-6C81-88FEA005DE8B}.Purify_Release|Win32.Build.0 = Purify_Release|Win32
		{192DA252-FECA-1BAD-6C81-88FEA005DE8B}.Purify_Release|x64.ActiveCfg = Purify_Release|x64
		{192DA252-FECA-1BAD-6C81-88FEA005DE8B}.Purify_Release|x64.Build.0 = Purify_Release|x64
		{192DA252-FECA-1BAD-6C81-88FEA005DE8B}.Release|Win32.ActiveCfg = Release|Win32
		{192DA252-FECA-1BAD-6C81-88FEA005DE8B}.Release|Win32.Build.0 = Release|Win32
		{192DA252-FECA-1BAD-6C81-88FEA005DE8B}.Release|x64.ActiveCfg = Release|x64
		{192DA252-FECA-1BAD-6C81-88FEA005DE8B}.Release|x64.Build.0 = Release|x64
		{E74606B0-FECA-1BAD-22AE-6E44A005DE8B}.Debug|Win32.ActiveCfg = Debug|Win32
		{E74606B0-FECA-1BAD-22AE-6E44A005DE8B}.Debug|Win32.Build.0 = Debug|Win32
		{E74606B0-FECA-1BAD-22AE-6E44A005DE8B}.Debug|x64.ActiveCfg = Debug|x64
		{E74606B0-FECA-1BAD-22AE-6E44A005DE8B}.Debug|x64.Build.0 = Debug|x64
		{E74606B0-FECA-1BAD-22AE-6E44A005DE8B}.Final|Win32.ActiveCfg = Final|Win32
		{E74606B0-FECA-1BAD-22AE-6E44A005DE8B}.Final|Win32.Build.0 = Final|Win32
		{E74606B0-FECA-1BAD-22AE-6E44A005DE8B}.Final|x64.ActiveCfg = Final|x64
		{E74606B0-FECA-1BAD-22AE-6E44A005DE8B}.Final|x64.Build.0 = Final|x64
		{E74606B0-FECA-1BAD-22AE-6E44A005DE8B}.Purify_Debug|Win32.ActiveCfg = Purify_Debug|Win32
		{E74606B0-FECA-1BAD-22AE-6E44A005DE8B}.Purify_Debug|Win32.Build.0 = Purify_Debug|Win32
		{E74606B0-FECA-1BAD-22AE-6E44A005DE8B}.Purify_Debug|x64.ActiveCfg = Purify_Debug|x64
		{E74606B0-FECA-1BAD-22AE-6E44A005DE8B}.Purify_Debug|x64.Build.0 = Purify_Debug|x64
		{E74606B0-FECA-1BAD-22AE-6E44A005DE8B}.Purify_Release|Win32.ActiveCfg = Purify_Release|Win32
		{E74606B0-FECA-1BAD-22AE-6E44A005DE8B}.Purify_Release|Win32.Build.0 = Purify_Release|Win32
		{E74606B0-FECA-1BAD-22AE-6E44A005DE8B}.Purify_Release|x64.ActiveCfg = Purify_Release|x64
		{E74606B0-FECA-1BAD-22AE-6E44A005DE8B}.Purify_Release|x64.Build.0 = Purify_Release|x64
		{E74606B0-FECA-1BAD-22AE-6E44A005DE8B}.Release|Win32.ActiveCfg = Release|Win32
		{E74606B0-FECA-1BAD-22AE-6E44A005DE8B}.Release|Win32.Build.0 = Release|Win32
		{E74606B0-FECA-1BAD-22AE-6E44A005DE8B}.Release|x64.ActiveCfg = Release|x64
		{E74606B0-FECA-1BAD-22AE-6E44A005DE8B}.Release|x64.Build.0 = Release|x64
		{3E26DDEA-FECA-1BAD-9703-F849A005DE8B}.Debug|Win32.ActiveCfg = Debug|Win32
		{3E26DDEA-FECA-1BAD-9703-F849A005DE8B}.Debug|Win32.Build.0 = Debug|Win32
		{3E26DDEA-FECA-1BAD-9703-F849A005DE8B}.Debug|x64.ActiveCfg = Debug|x64
		{3E26DDEA-FECA-1BAD-9703-F849A005DE8B}.Debug|x64.Build.0 = Debug|x64
		{3E26DDEA-FECA-1BAD-9703-F849A005DE8B}.Final|Win32.ActiveCfg = Final|Win32
		{3E26DDEA-FECA-1BAD-9703-F849A005DE8B}.Final|Win32.Build.0 = Final|Win32
		{3E26DDEA-FECA-1BAD-9703-F849A005DE8B}.Final|x64.ActiveCfg = Final|x64
		{3E26DDEA-FECA-1BAD-9703-F849A005DE8B}.Final|x64.Build.0 = Final|x64
		{3E26DDEA-FECA-1BAD-9703-F849A005DE8B}.Purify_Debug|Win32.ActiveCfg = Purify_Debug|Win32
		{3E26DDEA-FECA-1BAD-9703-F849A005DE8B}.Purify_Debug|Win32.Build.0 = Purify_Debug|Win32
		{3E26DDEA-FECA-1BAD-9703-F849A005DE8B}.Purify_Debug|x64.ActiveCfg = Purify_Debug|x64
		{3E26DDEA-FECA-1BAD-9703-F849A005DE8B}.Purify_Debug|x64.Build.0 = Purify_Debug|x64
		{3E26DDEA-FECA-1BAD-9703-F849A005DE8B}.Purify_Release|Win32.ActiveCfg = Purify_Release|Win32
		{3E26DDEA-FECA-1BAD-9703-F849A005DE8B}.Purify_Release|Win32.Build.0 = Purify_Release|Win32
		{3E26DDEA-FECA-1BAD-9703-F849A005DE8B}.Purify_Release|x64.ActiveCfg = Purify_Release|x64
		{3E26DDEA-FECA-1BAD-9703-F849A005DE8B}.Purify_Release|x64.Build.0 = Purify_Release|x64
		{3E26DDEA-FECA-1BAD-9703-F849A005DE8B}.Release|Win32.ActiveCfg = Release|Win32
		{3E26DDEA-FECA-1BAD-9703-F849A005DE8B}.Release|Win32.Build.0 = Release|Win32
		{3E26DDEA-FECA-1BAD-9703-F849A005DE8B}.Release|x64.ActiveCfg = Release|x64
		{3E26DDEA-FECA-1BAD-9703-F849A005DE8B}.Release|x64.Build.0 = Release|x64
		{5E268AA5-FECA-1BAD-E3F5-F84CA005DE8B}.Debug|Win32.ActiveCfg = Debug|Win32
		{5E268AA5-FECA-1BAD-E3F5-F84CA005DE8B}.Debug|Win32.Build.0 = Debug|Win32
		{5E268AA5-FECA-1BAD-E3F5-F84CA005DE8B}.Debug|x64.ActiveCfg = Debug|x64
		{5E268AA5-FECA-1BAD-E3F5-F84CA005DE8B}.Debug|x64.Build.0 = Debug|x64
		{5E268AA5-FECA-1BAD-E3F5-F84CA005DE8B}.Final|Win32.ActiveCfg = Final|Win32
		{5E268AA5-FECA-1BAD-E3F5-F84CA005DE8B}.Final|Win32.Build.0 = Final|Win32
		{5E268AA5-FECA-1BAD-E3F5-F84CA005DE8B}.Final|x64.ActiveCfg = Final|x64
		{5E268AA5-FECA-1BAD-E3F5-F84CA005DE8B}.Final|x64.Build.0 = Final|x64
		{5E268AA5-FECA-1BAD-E3F5-F84CA005DE8B}.Purify_Debug|Win32.ActiveCfg = Purify_Debug|Win32
		{5E268AA5-FECA-1BAD-E3F5-F84CA005DE8B}.Purify_Debug|Win32.Build.0 = Purify_Debug|Win32
		{5E268AA5-FECA-1BAD-E3F5-F84CA005DE8B}.Purify_Debug|x64.ActiveCfg = Purify_Debug|x64
		{5E268AA5-FECA-1BAD-E3F5-F84CA005DE8B}.Purify_Debug|x64.Build.0 = Purify_Debug|x64
		{5E268AA5-FECA-1BAD-E3F5-F84CA005DE8B}.Purify_Release|Win32.ActiveCfg = Purify_Release|Win32
		{5E268AA5-FECA-1BAD-E3F5-F84CA005DE8B}.Purify_Release|Win32.Build.0 = Purify_Release|Win32
		{5E268AA5-FECA-1BAD-E3F5-F84CA005DE8B}.Purify_Release|x64.ActiveCfg = Purify_Release|x64
		{5E268AA5-FECA-1BAD-E3F5-F84CA005DE8B}.Purify_Release|x64.Build.0 = Purify_Release|x64
		{5E268AA5-FECA-1BAD-E3F5-F84CA005DE8B}.Release|Win32.ActiveCfg = Release|Win32
		{5E268AA5-FECA-1BAD-E3F5-F84CA005DE8B}.Release|Win32.Build.0 = Release|Win32
		{5E268AA5-FECA-1BAD-E3F5-F84CA005DE8B}.Release|x64.ActiveCfg = Release|x64
		{5E268AA5-FECA-1BAD-E3F5-F84CA005DE8B}.Release|x64.Build.0 = Release|x64
		{F954F028-FECA-1BAD-4B2F-8F6BA005DE8B}.Debug|Win32.ActiveCfg = Debug|Win32
		{F954F028-FECA-1BAD-4B2F-8F6BA005DE8B}.Debug|Win32.Build.0 = Debug|Win32
		{F954F028-FECA-1BAD-4B2F-8F6BA005DE8B}.Debug|x64.ActiveCfg = Debug|x64
		{F954F028-FECA-1BAD-4B2F-8F6BA005DE8B}.Debug|x64.Build.0 = Debug|x64
		{F954F028-FECA-1BAD-4B2F-8F6BA005DE8B}.Final|Win32.ActiveCfg = Final|Win32
		{F954F028-FECA-1BAD-4B2F-8F6BA005DE8B}.Final|Win32.Build.0 = Final|Win32
		{F954F028-FECA-1BAD-4B2F-8F6BA005DE8B}.Final|x64.ActiveCfg = Final|x64
		{F954F028-FECA-1BAD-4B2F-8F6BA005DE8B}.Final|x64.Build.0 = Final|x64
		{F954F028-FECA-1BAD-4B2F-8F6BA005DE8B}.Purify_Debug|Win32.ActiveCfg = Purify_Debug|Win32
		{F954F028-FECA-1BAD-4B2F-8F6BA005DE8B}.Purify_Debug|Win32.Build.0 = Purify_Debug|Win32
		{F954F028-FECA-1BAD-4B2F-8F6BA005DE8B}.Purify_Debug|x64.ActiveCfg = Purify_Debug|x64
		{F954F028-FECA-1BAD-4B2F-8F6BA005DE8B}.Purify_Debug|x64.Build.0 = Purify_Debug|x64
		{F954F028-FECA-1BAD-4B2F-8F6BA005DE8B}.Purify_Release|Win32.ActiveCfg = Purify_Release|Win32
		{F954F028-FECA-1BAD-4B2F-8F6BA005DE8B}.Purify_Release|Win32.Build.0 = Purify_Release|Win32
		{F954F028-FECA-1BAD-4B2F-8F6BA005DE8B}.Purify_Release|x64.ActiveCfg = Purify_Release|x64
		{F954F028-FECA-1BAD-4B2F-8F6BA005DE8B}.Purify_Release|x64.Build.0 = Purify_Release|x64
		{F954F028-FECA-1BAD-4B2F-8F6BA005DE8B}.Release|Win32.ActiveCfg = Release|Win32
		{F954F028-FECA-1BAD-4B2F-8F6BA005DE8B}.Release|Win32.Build.0 = Release|Win32
		{F954F028-FECA-1BAD-4B2F-8F6BA005DE8B}.Release|x64.ActiveCfg = Release|x64
		{F954F028-FECA-1BAD-4B2F-8F6BA005DE8B}.Release|x64.Build.0 = Release|x64
		{A001CDB9-FECA-1BAD-923A-1A38A005DE8B}.Debug|Win32.ActiveCfg = Debug|Win32
		{A001CDB9-FECA-1BAD-923A-1A38A005DE8B}.Debug|Win32.Build.0 = Debug|Win32
		{A001CDB9-FECA-1BAD-923A-1A38A005DE8B}.Debug|x64.ActiveCfg = Debug|x64
		{A001CDB9-FECA-1BAD-923A-1A38A005DE8B}.Debug|x64.Build.0 = Debug|x64
		{A001CDB9-FECA-1BAD-923A-1A38A005DE8B}.Final|Win32.ActiveCfg = Final|Win32
		{A001CDB9-FECA-1BAD-923A-1A38A005DE8B}.Final|Win32.Build.0 = Final|Win32
		{A001CDB9-FECA-1BAD-923A-1A38A005DE8B}.Final|x64.ActiveCfg = Final|x64
		{A001CDB9-FECA-1BAD-923A-1A38A005DE8B}.Final|x64.Build.0 = Final|x64
		{A001CDB9-FECA-1BAD-923A-1A38A005DE8B}.Purify_Debug|Win32.ActiveCfg = Purify_Debug|Win32
		{A001CDB9-FECA-1BAD-923A-1A38A005DE8B}.Purify_Debug|Win32.Build.0 = Purify_Debug|Win32
		{A001CDB9-FECA-1BAD-923A-1A38A005DE8B}.Purify_Debug|x64.ActiveCfg = Purify_Debug|x64
		{A001CDB9-FECA-1BAD-923A-1A38A005DE8B}.Purify_Debug|x64.Build.0 = Purify_Debug|x64
		{A001CDB9-FECA-1BAD-923A-1A38A005DE8B}.Purify_Release|Win32.ActiveCfg = Purify_Release|Win32
		{A001CDB9-FECA-1BAD-923A-1A38A005DE8B}.Purify_Release|Win32.Build.0 = Purify_Release|Win32
		{A001CDB9-FECA-1BAD-923A-1A38A005DE8B}.Purify_Release|x64.ActiveCfg = Purify_Release|x64
		{A001CDB9-FECA-1BAD-923A-1A38A005DE8B}.Purify_Release|x64.Build.0 = Purify_Release|x64
		{A001CDB9-FECA-1BAD-923A-1A38A005DE8B}.Release|Win32.ActiveCfg = Release|Win32
		{A001CDB9-FECA-1BAD-923A-1A38A005DE8B}.Release|Win32.Build.0 = Release|Win32
		{A001CDB9-FECA-1BAD-923A-1A38A005DE8B}.Release|x64.ActiveCfg = Release|x64
		{A001CDB9-FECA-1BAD-923A-1A38A005DE8B}.Release|x64.Build.0 = Release|x64
		{CDAB5CE1-FECA-1BAD-87BC-C091A005DE8B}.Debug|Win32.ActiveCfg = Debug|Win32
		{CDAB5CE1-FECA-1BAD-87BC-C091A005DE8B}.Debug|Win32.Build.0 = Debug|Win32
		{CDAB5CE1-FECA-1BAD-87BC-C091A005DE8B}.Debug|x64.ActiveCfg = Debug|x64
		{CDAB5CE1-FECA-1BAD-87BC-C091A005DE8B}.Debug|x64.Build.0 = Debug|x64
		{CDAB5CE1-FECA-1BAD-87BC-C091A005DE8B}.Final|Win32.ActiveCfg = Final|Win32
		{CDAB5CE1-FECA-1BAD-87BC-C091A005DE8B}.Final|Win32.Build.0 = Final|Win32
		{CDAB5CE1-FECA-1BAD-87BC-C091A005DE8B}.Final|x64.ActiveCfg = Final|x64
		{CDAB5CE1-FECA-1BAD-87BC-C091A005DE8B}.Final|x64.Build.0 = Final|x64
		{CDAB5CE1-FECA-1BAD-87BC-C091A005DE8B}.Purify_Debug|Win32.ActiveCfg = Purify_Debug|Win32
		{CDAB5CE1-FECA-1BAD-87BC-C091A005DE8B}.Purify_Debug|Win32.Build.0 = Purify_Debug|Win32
		{CDAB5CE1-FECA-1BAD-87BC-C091A005DE8B}.Purify_Debug|x64.ActiveCfg = Purify_Debug|x64
		{CDAB5CE1-FECA-1BAD-87BC-C091A005DE8B}.Purify_Debug|x64.Build.0 = Purify_Debug|x64
		{CDAB5CE1-FECA-1BAD-87BC-C091A005DE8B}.Purify_Release|Win32.ActiveCfg = Purify_Release|Win32
		{CDAB5CE1-FECA-1BAD-87BC-C091A005DE8B}.Purify_Release|Win32.Build.0 = Purify_Release|Win32
		{CDAB5CE1-FECA-1BAD-87BC-C091A005DE8B}.Purify_Release|x64.ActiveCfg = Purify_Release|x64
		{CDAB5CE1-FECA-1BAD-87BC-C091A005DE8B}.Purify_Release|x64.Build.0 = Purify_Release|x64
		{CDAB5CE1-FECA-1BAD-87BC-C091A005DE8B}.Release|Win32.ActiveCfg = Release|Win32
		{CDAB5CE1-FECA-1BAD-87BC-C091A005DE8B}.Release|Win32.Build.0 = Release|Win32
		{CDAB5CE1-FECA-1BAD-87BC-C091A005DE8B}.Release|x64.ActiveCfg = Release|x64
		{CDAB5CE1-FECA-1BAD-87BC-C091A005DE8B}.Release|x64.Build.0 = Release|x64
		{EB83CF44-FECA-1BAD-BDEE-A218A005DE8B}.Debug|Win32.ActiveCfg = Debug|Win32
		{EB83CF44-FECA-1BAD-BDEE-A218A005DE8B}.Debug|Win32.Build.0 = Debug|Win32
		{EB83CF44-FECA-1BAD-BDEE-A218A005DE8B}.Debug|x64.ActiveCfg = Debug|x64
		{EB83CF44-FECA-1BAD-BDEE-A218A005DE8B}.Debug|x64.Build.0 = Debug|x64
		{EB83CF44-FECA-1BAD-BDEE-A218A005DE8B}.Final|Win32.ActiveCfg = Final|Win32
		{EB83CF44-FECA-1BAD-BDEE-A218A005DE8B}.Final|Win32.Build.0 = Final|Win32
		{EB83CF44-FECA-1BAD-BDEE-A218A005DE8B}.Final|x64.ActiveCfg = Final|x64
		{EB83CF44-FECA-1BAD-BDEE-A218A005DE8B}.Final|x64.Build.0 = Final|x64
		{EB83CF44-FECA-1BAD-BDEE-A218A005DE8B}.Purify_Debug|Win32.ActiveCfg = Purify_Debug|Win32
		{EB83CF44-FECA-1BAD-BDEE-A218A005DE8B}.Purify_Debug|Win32.Build.0 = Purify_Debug|Win32
		{EB83CF44-FECA-1BAD-BDEE-A218A005DE8B}.Purify_Debug|x64.ActiveCfg = Purify_Debug|x64
		{EB83CF44-FECA-1BAD-BDEE-A218A005DE8B}.Purify_Debug|x64.Build.0 = Purify_Debug|x64
		{EB83CF44-FECA-1BAD-BDEE-A218A005DE8B}.Purify_Release|Win32.ActiveCfg = Purify_Release|Win32
		{EB83CF44-FECA-1BAD-BDEE-A218A005DE8B}.Purify_Release|Win32.Build.0 = Purify_Release|Win32
		{EB83CF44-FECA-1BAD-BDEE-A218A005DE8B}.Purify_Release|x64.ActiveCfg = Purify_Release|x64
		{EB83CF44-FECA-1BAD-BDEE-A218A005DE8B}.Purify_Release|x64.Build.0 = Purify_Release|x64
		{EB83CF44-FECA-1BAD-BDEE-A218A005DE8B}.Release|Win32.ActiveCfg = Release|Win32
		{EB83CF44-FECA-1BAD-BDEE-A218A005DE8B}.Release|Win32.Build.0 = Release|Win32
		{EB83CF44-FECA-1BAD-BDEE-A218A005DE8B}.Release|x64.ActiveCfg = Release|x64
		{EB83CF44-FECA-1BAD-BDEE-A218A005DE8B}.Release|x64.Build.0 = Release|x64
		{E5263162-FECA-1BAD-5F8E-4847A005DE8B}.Debug|Win32.ActiveCfg = Debug|Win32
		{E5263162-FECA-1BAD-5F8E-4847A005DE8B}.Debug|Win32.Build.0 = Debug|Win32
		{E5263162-FECA-1BAD-5F8E-4847A005DE8B}.Debug|x64.ActiveCfg = Debug|x64
		{E5263162-FECA-1BAD-5F8E-4847A005DE8B}.Debug|x64.Build.0 = Debug|x64
		{E5263162-FECA-1BAD-5F8E-4847A005DE8B}.Final|Win32.ActiveCfg = Final|Win32
		{E5263162-FECA-1BAD-5F8E-4847A005DE8B}.Final|Win32.Build.0 = Final|Win32
		{E5263162-FECA-1BAD-5F8E-4847A005DE8B}.Final|x64.ActiveCfg = Final|x64
		{E5263162-FECA-1BAD-5F8E-4847A005DE8B}.Final|x64.Build.0 = Final|x64
		{E5263162-FECA-1BAD-5F8E-4847A005DE8B}.Purify_Debug|Win32.ActiveCfg = Purify_Debug|Win32
		{E5263162-FECA-1BAD-5F8E-4847A005DE8B}.Purify_Debug|Win32.Build.0 = Purify_Debug|Win32
		{E5263162-FECA-1BAD-5F8E-4847A005DE8B}.Purify_Debug|x64.ActiveCfg = Purify_Debug|x64
		{E5263162-FECA-1BAD-5F8E-4847A005DE8B}.Purify_Debug|x64.Build.0 = Purify_Debug|x64
		{E5263162-FECA-1BAD-5F8E-4847A005DE8B}.Purify_Release|Win32.ActiveCfg = Purify_Release|Win32
		{E5263162-FECA-1BAD-5F8E-4847A005DE8B}.Purify_Release|Win32.Build.0 = Purify_Release|Win32
		{E5263162-FECA-1BAD-5F8E-4847A005DE8B}.Purify_Release|x64.ActiveCfg = Purify_Release|x64
		{E5263162-FECA-1BAD-5F8E-4847A005DE8B}.Purify_Release|x64.Build.0 = Purify_Release|x64
		{E5263162-FECA-1BAD-5F8E-4847A005DE8B}.Release|Win32.ActiveCfg = Release|Win32
		{E5263162-FECA-1BAD-5F8E-4847A005DE8B}.Release|Win32.Build.0 = Release|Win32
		{E5263162-FECA-1BAD-5F8E-4847A005DE8B}.Release|x64.ActiveCfg = Release|x64
		{E5263162-FECA-1BAD-5F8E-4847A005DE8B}.Release|x64.Build.0 = Release|x64
		{EC305079-FECA-1BAD-4E3E-D921A005DE8B}.Debug|Win32.ActiveCfg = Debug|Win32
		{EC305079-FECA-1BAD-4E3E-D921A005DE8B}.Debug|Win32.Build.0 = Debug|Win32
		{EC305079-FECA-1BAD-4E3E-D921A005DE8B}.Debug|x64.ActiveCfg = Debug|x64
		{EC305079-FECA-1BAD-4E3E-D921A005DE8B}.Debug|x64.Build.0 = Debug|x64
		{EC305079-FECA-1BAD-4E3E-D921A005DE8B}.Final|Win32.ActiveCfg = Final|Win32
		{EC305079-FECA-1BAD-4E3E-D921A005DE8B}.Final|Win32.Build.0 = Final|Win32
		{EC305079-FECA-1BAD-4E3E-D921A005DE8B}.Final|x64.ActiveCfg = Final|x64
		{EC305079-FECA-1BAD-4E3E-D921A005DE8B}.Final|x64.Build.0 = Final|x64
		{EC305079-FECA-1BAD-4E3E-D921A005DE8B}.Purify_Debug|Win32.ActiveCfg = Purify_Debug|Win32
		{EC305079-FECA-1BAD-4E3E-D921A005DE8B}.Purify_Debug|Win32.Build.0 = Purify_Debug|Win32
		{EC305079-FECA-1BAD-4E3E-D921A005DE8B}.Purify_Debug|x64.ActiveCfg = Purify_Debug|x64
		{EC305079-FECA-1BAD-4E3E-D921A005DE8B}.Purify_Debug|x64.Build.0 = Purify_Debug|x64
		{EC305079-FECA-1BAD-4E3E-D921A005DE8B}.Purify_Release|Win32.ActiveCfg = Purify_Release|Win32
		{EC305079-FECA-1BAD-4E3E-D921A005DE8B}.Purify_Release|Win32.Build.0 = Purify_Release|Win32
		{EC305079-FECA-1BAD-4E3E-D921A005DE8B}.Purify_Release|x64.ActiveCfg = Purify_Release|x64
		{EC305079-FECA-1BAD-4E3E-D921A005DE8B}.Purify_Release|x64.Build.0 = Purify_Release|x64
		{EC305079-FECA-1BAD-4E3E-D921A005DE8B}.Release|Win32.ActiveCfg = Release|Win32
		{EC305079-FECA-1BAD-4E3E-D921A005DE8B}.Release|Win32.Build.0 = Release|Win32
		{EC305079-FECA-1BAD-4E3E-D921A005DE8B}.Release|x64.ActiveCfg = Release|x64
		{EC305079-FECA-1BAD-4E3E-D921A005DE8B}.Release|x64.Build.0 = Release|x64
		{5C0615AD-FECA-1BAD-1375-DA45A005DE8B}.Debug|Win32.ActiveCfg = Debug|Win32
		{5C0615AD-FECA-1BAD-1375-DA45A005DE8B}.Debug|Win32.Build.0 = Debug|Win32
		{5C0615AD-FECA-1BAD-1375-DA45A005DE8B}.Debug|x64.ActiveCfg = Debug|x64
		{5C0615AD-FECA-1BAD-1375-DA45A005DE8B}.Debug|x64.Build.0 = Debug|x64
		{5C0615AD-FECA-1BAD-1375-DA45A005DE8B}.Final|Win32.ActiveCfg = Final|Win32
		{5C0615AD-FECA-1BAD-1375-DA45A005DE8B}.Final|Win32.Build.0 = Final|Win32
		{5C0615AD-FECA-1BAD-1375-DA45A005DE8B}.Final|x64.ActiveCfg = Final|x64
		{5C0615AD-FECA-1BAD-1375-DA45A005DE8B}.Final|x64.Build.0 = Final|x64
		{5C0615AD-FECA-1BAD-1375-DA45A005DE8B}.Purify_Debug|Win32.ActiveCfg = Purify_Debug|Win32
		{5C0615AD-FECA-1BAD-1375-DA45A005DE8B}.Purify_Debug|Win32.Build.0 = Purify_Debug|Win32
		{5C0615AD-FECA-1BAD-1375-DA45A005DE8B}.Purify_Debug|x64.ActiveCfg = Purify_Debug|x64
		{5C0615AD-FECA-1BAD-1375-DA45A005DE8B}.Purify_Debug|x64.Build.0 = Purify_Debug|x64
		{5C0615AD-FECA-1BAD-1375-DA45A005DE8B}.Purify_Release|Win32.ActiveCfg = Purify_Release|Win32
		{5C0615AD-FECA-1BAD-1375-DA45A005DE8B}.Purify_Release|Win32.Build.0 = Purify_Release|Win32
		{5C0615AD-FECA-1BAD-1375-DA45A005DE8B}.Purify_Release|x64.ActiveCfg = Purify_Release|x64
		{5C0615AD-FECA-1BAD-1375-DA45A005DE8B}.Purify_Release|x64.Build.0 = Purify_Release|x64
		{5C0615AD-FECA-1BAD-1375-DA45A005DE8B}.Release|Win32.ActiveCfg = Release|Win32
		{5C0615AD-FECA-1BAD-1375-DA45A005DE8B}.Release|Win32.Build.0 = Release|Win32
		{5C0615AD-FECA-1BAD-1375-DA45A005DE8B}.Release|x64.ActiveCfg = Release|x64
		{5C0615AD-FECA-1BAD-1375-DA45A005DE8B}.Release|x64.Build.0 = Release|x64
		{3F17065E-FECA-1BAD-2C43-EB54A005DE8B}.Debug|Win32.ActiveCfg = Debug|Win32
		{3F17065E-FECA-1BAD-2C43-EB54A005DE8B}.Debug|Win32.Build.0 = Debug|Win32
		{3F17065E-FECA-1BAD-2C43-EB54A005DE8B}.Debug|x64.ActiveCfg = Debug|x64
		{3F17065E-FECA-1BAD-2C43-EB54A005DE8B}.Debug|x64.Build.0 = Debug|x64
		{3F17065E-FECA-1BAD-2C43-EB54A005DE8B}.Final|Win32.ActiveCfg = Final|Win32
		{3F17065E-FECA-1BAD-2C43-EB54A005DE8B}.Final|Win32.Build.0 = Final|Win32
		{3F17065E-FECA-1BAD-2C43-EB54A005DE8B}.Final|x64.ActiveCfg = Final|x64
		{3F17065E-FECA-1BAD-2C43-EB54A005DE8B}.Final|x64.Build.0 = Final|x64
		{3F17065E-FECA-1BAD-2C43-EB54A005DE8B}.Purify_Debug|Win32.ActiveCfg = Purify_Debug|Win32
		{3F17065E-FECA-1BAD-2C43-EB54A005DE8B}.Purify_Debug|Win32.Build.0 = Purify_Debug|Win32
		{3F17065E-FECA-1BAD-2C43-EB54A005DE8B}.Purify_Debug|x64.ActiveCfg = Purify_Debug|x64
		{3F17065E-FECA-1BAD-2C43-EB54A005DE8B}.Purify_Debug|x64.Build.0 = Purify_Debug|x64
		{3F17065E-FECA-1BAD-2C43-EB54A005DE8B}.Purify_Release|Win32.ActiveCfg = Purify_Release|Win32
		{3F17065E-FECA-1BAD-2C43-EB54A005DE8B}.Purify_Release|Win32.Build.0 = Purify_Release|Win32
		{3F17065E-FECA-1BAD-2C43-EB54A005DE8B}.Purify_Release|x64.ActiveCfg = Purify_Release|x64
		{3F17065E-FECA-1BAD-2C43-EB54A005DE8B}.Purify_Release|x64.Build.0 = Purify_Release|x64
		{3F17065E-FECA-1BAD-2C43-EB54A005DE8B}.Release|Win32.ActiveCfg = Release|Win32
		{3F17065E-FECA-1BAD-2C43-EB54A005DE8B}.Release|Win32.Build.0 = Release|Win32
		{3F17065E-FECA-1BAD-2C43-EB54A005DE8B}.Release|x64.ActiveCfg = Release|x64
		{3F17065E-FECA-1BAD-2C43-EB54A005DE8B}.Release|x64.Build.0 = Release|x64
		{E427A5FD-FECA-1BAD-167E-585EA005DE8B}.Debug|Win32.ActiveCfg = Debug|Win32
		{E427A5FD-FECA-1BAD-167E-585EA005DE8B}.Debug|Win32.Build.0 = Debug|Win32
		{E427A5FD-FECA-1BAD-167E-585EA005DE8B}.Debug|x64.ActiveCfg = Debug|x64
		{E427A5FD-FECA-1BAD-167E-585EA005DE8B}.Debug|x64.Build.0 = Debug|x64
		{E427A5FD-FECA-1BAD-167E-585EA005DE8B}.Final|Win32.ActiveCfg = Final|Win32
		{E427A5FD-FECA-1BAD-167E-585EA005DE8B}.Final|Win32.Build.0 = Final|Win32
		{E427A5FD-FECA-1BAD-167E-585EA005DE8B}.Final|x64.ActiveCfg = Final|x64
		{E427A5FD-FECA-1BAD-167E-585EA005DE8B}.Final|x64.Build.0 = Final|x64
		{E427A5FD-FECA-1BAD-167E-585EA005DE8B}.Purify_Debug|Win32.ActiveCfg = Purify_Debug|Win32
		{E427A5FD-FECA-1BAD-167E-585EA005DE8B}.Purify_Debug|Win32.Build.0 = Purify_Debug|Win32
		{E427A5FD-FECA-1BAD-167E-585EA005DE8B}.Purify_Debug|x64.ActiveCfg = Purify_Debug|x64
		{E427A5FD-FECA-1BAD-167E-585EA005DE8B}.Purify_Debug|x64.Build.0 = Purify_Debug|x64
		{E427A5FD-FECA-1BAD-167E-585EA005DE8B}.Purify_Release|Win32.ActiveCfg = Purify_Release|Win32
		{E427A5FD-FECA-1BAD-167E-585EA005DE8B}.Purify_Release|Win32.Build.0 = Purify_Release|Win32
		{E427A5FD-FECA-1BAD-167E-585EA005DE8B}.Purify_Release|x64.ActiveCfg = Purify_Release|x64
		{E427A5FD-FECA-1BAD-167E-585EA005DE8B}.Purify_Release|x64.Build.0 = Purify_Release|x64
		{E427A5FD-FECA-1BAD-167E-585EA005DE8B}.Release|Win32.ActiveCfg = Release|Win32
		{E427A5FD-FECA-1BAD-167E-585EA005DE8B}.Release|Win32.Build.0 = Release|Win32
		{E427A5FD-FECA-1BAD-167E-585EA005DE8B}.Release|x64.ActiveCfg = Release|x64
		{E427A5FD-FECA-1BAD-167E-585EA005DE8B}.Release|x64.Build.0 = Release|x64
		{3642AB8F-FECA-1BAD-F153-7E0EA005DE8B}.Debug|Win32.ActiveCfg = Debug|Win32
		{3642AB8F-FECA-1BAD-F153-7E0EA005DE8B}.Debug|Win32.Build.0 = Debug|Win32
		{3642AB8F-FECA-1BAD-F153-7E0EA005DE8B}.Debug|x64.ActiveCfg = Debug|x64
		{3642AB8F-FECA-1BAD-F153-7E0EA005DE8B}.Debug|x64.Build.0 = Debug|x64
		{3642AB8F-FECA-1BAD-F153-7E0EA005DE8B}.Final|Win32.ActiveCfg = Final|Win32
		{3642AB8F-FECA-1BAD-F153-7E0EA005DE8B}.Final|Win32.Build.0 = Final|Win32
		{3642AB8F-FECA-1BAD-F153-7E0EA005DE8B}.Final|x64.ActiveCfg = Final|x64
		{3642AB8F-FECA-1BAD-F153-7E0EA005DE8B}.Final|x64.Build.0 = Final|x64
		{3642AB8F-FECA-1BAD-F153-7E0EA005DE8B}.Purify_Debug|Win32.ActiveCfg = Purify_Debug|Win32
		{3642AB8F-FECA-1BAD-F153-7E0EA005DE8B}.Purify_Debug|Win32.Build.0 = Purify_Debug|Win32
		{3642AB8F-FECA-1BAD-F153-7E0EA005DE8B}.Purify_Debug|x64.ActiveCfg = Purify_Debug|x64
		{3642AB8F-FECA-1BAD-F153-7E0EA005DE8B}.Purify_Debug|x64.Build.0 = Purify_Debug|x64
		{3642AB8F-FECA-1BAD-F153-7E0EA005DE8B}.Purify_Release|Win32.ActiveCfg = Purify_Release|Win32
		{3642AB8F-FECA-1BAD-F153-7E0EA005DE8B}.Purify_Release|Win32.Build.0 = Purify_Release|Win32
		{3642AB8F-FECA-1BAD-F153-7E0EA005DE8B}.Purify_Release|x64.ActiveCfg = Purify_Release|x64
		{3642AB8F-FECA-1BAD-F153-7E0EA005DE8B}.Purify_Release|x64.Build.0 = Purify_Release|x64
		{3642AB8F-FECA-1BAD-F153-7E0EA005DE8B}.Release|Win32.ActiveCfg = Release|Win32
		{3642AB8F-FECA-1BAD-F153-7E0EA005DE8B}.Release|Win32.Build.0 = Release|Win32
		{3642AB8F-FECA-1BAD-F153-7E0EA005DE8B}.Release|x64.ActiveCfg = Release|x64
		{3642AB8F-FECA-1BAD-F153-7E0EA005DE8B}.Release|x64.Build.0 = Release|x64
		{0F757318-FECA-1BAD-7820-ED73A005DE8B}.Debug|Win32.ActiveCfg = Debug|Win32
		{0F757318-FECA-1BAD-7820-ED73A005DE8B}.Debug|Win32.Build.0 = Debug|Win32
		{0F757318-FECA-1BAD-7820-ED73A005DE8B}.Debug|x64.ActiveCfg = Debug|x64
		{0F757318-FECA-1BAD-7820-ED73A005DE8B}.Debug|x64.Build.0 = Debug|x64
		{0F757318-FECA-1BAD-7820-ED73A005DE8B}.Final|Win32.ActiveCfg = Final|Win32
		{0F757318-FECA-1BAD-7820-ED73A005DE8B}.Final|Win32.Build.0 = Final|Win32
		{0F757318-FECA-1BAD-7820-ED73A005DE8B}.Final|x64.ActiveCfg = Final|x64
		{0F757318-FECA-1BAD-7820-ED73A005DE8B}.Final|x64.Build.0 = Final|x64
		{0F757318-FECA-1BAD-7820-ED73A005DE8B}.Purify_Debug|Win32.ActiveCfg = Purify_Debug|Win32
		{0F757318-FECA-1BAD-7820-ED73A005DE8B}.Purify_Debug|Win32.Build.0 = Purify_Debug|Win32
		{0F757318-FECA-1BAD-7820-ED73A005DE8B}.Purify_Debug|x64.ActiveCfg = Purify_Debug|x64
		{0F757318-FECA-1BAD-7820-ED73A005DE8B}.Purify_Debug|x64.Build.0 = Purify_Debug|x64
		{0F757318-FECA-1BAD-7820-ED73A005DE8B}.Purify_Release|Win32.ActiveCfg = Purify_Release|Win32
		{0F757318-FECA-1BAD-7820-ED73A005DE8B}.Purify_Release|Win32.Build.0 = Purify_Release|Win32
		{0F757318-FECA-1BAD-7820-ED73A005DE8B}.Purify_Release|x64.ActiveCfg = Purify_Release|x64
		{0F757318-FECA-1BAD-7820-ED73A005DE8B}.Purify_Release|x64.Build.0 = Purify_Release|x64
		{0F757318-FECA-1BAD-7820-ED73A005DE8B}.Release|Win32.ActiveCfg = Release|Win32
		{0F757318-FECA-1BAD-7820-ED73A005DE8B}.Release|Win32.Build.0 = Release|Win32
		{0F757318-FECA-1BAD-7820-ED73A005DE8B}.Release|x64.ActiveCfg = Release|x64
		{0F757318-FECA-1BAD-7820-ED73A005DE8B}.Release|x64.Build.0 = Release|x64
		{1AD78BB7-FECA-1BAD-F2D1-B75CA005DE8B}.Debug|Win32.ActiveCfg = Debug|Win32
		{1AD78BB7-FECA-1BAD-F2D1-B75CA005DE8B}.Debug|Win32.Build.0 = Debug|Win32
		{1AD78BB7-FECA-1BAD-F2D1-B75CA005DE8B}.Debug|x64.ActiveCfg = Debug|x64
		{1AD78BB7-FECA-1BAD-F2D1-B75CA005DE8B}.Debug|x64.Build.0 = Debug|x64
		{1AD78BB7-FECA-1BAD-F2D1-B75CA005DE8B}.Final|Win32.ActiveCfg = Final|Win32
		{1AD78BB7-FECA-1BAD-F2D1-B75CA005DE8B}.Final|Win32.Build.0 = Final|Win32
		{1AD78BB7-FECA-1BAD-F2D1-B75CA005DE8B}.Final|x64.ActiveCfg = Final|x64
		{1AD78BB7-FECA-1BAD-F2D1-B75CA005DE8B}.Final|x64.Build.0 = Final|x64
		{1AD78BB7-FECA-1BAD-F2D1-B75CA005DE8B}.Purify_Debug|Win32.ActiveCfg = Purify_Debug|Win32
		{1AD78BB7-FECA-1BAD-F2D1-B75CA005DE8B}.Purify_Debug|Win32.Build.0 = Purify_Debug|Win32
		{1AD78BB7-FECA-1BAD-F2D1-B75CA005DE8B}.Purify_Debug|x64.ActiveCfg = Purify_Debug|x64
		{1AD78BB7-FECA-1BAD-F2D1-B75CA005DE8B}.Purify_Debug|x64.Build.0 = Purify_Debug|x64
		{1AD78BB7-FECA-1BAD-F2D1-B75CA005DE8B}.Purify_Release|Win32.ActiveCfg = Purify_Release|Win32
		{1AD78BB7-FECA-1BAD-F2D1-B75CA005DE8B}.Purify_Release|Win32.Build.0 = Purify_Release|Win32
		{1AD78BB7-FECA-1BAD-F2D1-B75CA005DE8B}.Purify_Release|x64.ActiveCfg = Purify_Release|x64
		{1AD78BB7-FECA-1BAD-F2D1-B75CA005DE8B}.Purify_Release|x64.Build.0 = Purify_Release|x64
		{1AD78BB7-FECA-1BAD-F2D1-B75CA005DE8B}.Release|Win32.ActiveCfg = Release|Win32
		{1AD78BB7-FECA-1BAD-F2D1-B75CA005DE8B}.Release|Win32.Build.0 = Release|Win32
		{1AD78BB7-FECA-1BAD-F2D1-B75CA005DE8B}.Release|x64.ActiveCfg = Release|x64
		{1AD78BB7-FECA-1BAD-F2D1-B75CA005DE8B}.Release|x64.Build.0 = Release|x64
		{350413BF-FECA-1BAD-7253-4A65A005DE8B}.Debug|Win32.ActiveCfg = Debug|Win32
		{350413BF-FECA-1BAD-7253-4A65A005DE8B}.Debug|Win32.Build.0 = Debug|Win32
		{350413BF-FECA-1BAD-7253-4A65A005DE8B}.Debug|x64.ActiveCfg = Debug|x64
		{350413BF-FECA-1BAD-7253-4A65A005DE8B}.Debug|x64.Build.0 = Debug|x64
		{350413BF-FECA-1BAD-7253-4A65A005DE8B}.Final|Win32.ActiveCfg = Final|Win32
		{350413BF-FECA-1BAD-7253-4A65A005DE8B}.Final|Win32.Build.0 = Final|Win32
		{350413BF-FECA-1BAD-7253-4A65A005DE8B}.Final|x64.ActiveCfg = Final|x64
		{350413BF-FECA-1BAD-7253-4A65A005DE8B}.Final|x64.Build.0 = Final|x64
		{350413BF-FECA-1BAD-7253-4A65A005DE8B}.Purify_Debug|Win32.ActiveCfg = Purify_Debug|Win32
		{350413BF-FECA-1BAD-7253-4A65A005DE8B}.Purify_Debug|Win32.Build.0 = Purify_Debug|Win32
		{350413BF-FECA-1BAD-7253-4A65A005DE8B}.Purify_Debug|x64.ActiveCfg = Purify_Debug|x64
		{350413BF-FECA-1BAD-7253-4A65A005DE8B}.Purify_Debug|x64.Build.0 = Purify_Debug|x64
		{350413BF-FECA-1BAD-7253-4A65A005DE8B}.Purify_Release|Win32.ActiveCfg = Purify_Release|Win32
		{350413BF-FECA-1BAD-7253-4A65A005DE8B}.Purify_Release|Win32.Build.0 = Purify_Release|Win32
		{350413BF-FECA-1BAD-7253-4A65A005DE8B}.Purify_Release|x64.ActiveCfg = Purify_Release|x64
		{350413BF-FECA-1BAD-7253-4A65A005DE8B}.Purify_Release|x64.Build.0 = Purify_Release|x64
		{350413BF-FECA-1BAD-7253-4A65A005DE8B}.Release|Win32.ActiveCfg = Release|Win32
		{350413BF-FECA-1BAD-7253-4A65A005DE8B}.Release|Win32.Build.0 = Release|Win32
		{350413BF-FECA-1BAD-7253-4A65A005DE8B}.Release|x64.ActiveCfg = Release|x64
		{350413BF-FECA-1BAD-7253-4A65A005DE8B}.Release|x64.Build.0 = Release|x64
		{DED5227B-FECA-1BAD-6E1D-F776A005DE8B}.Debug|Win32.ActiveCfg = Debug|Win32
		{DED5227B-FECA-1BAD-6E1D-F776A005DE8B}.Debug|Win32.Build.0 = Debug|Win32
		{DED5227B-FECA-1BAD-6E1D-F776A005DE8B}.Debug|x64.ActiveCfg = Debug|x64
		{DED5227B-FECA-1BAD-6E1D-F776A005DE8B}.Debug|x64.Build.0 = Debug|x64
		{DED5227B-FECA-1BAD-6E1D-F776A005DE8B}.Final|Win32.ActiveCfg = Final|Win32
		{DED5227B-FECA-1BAD-6E1D-F776A005DE8B}.Final|Win32.Build.0 = Final|Win32
		{DED5227B-FECA-1BAD-6E1D-F776A005DE8B}.Final|x64.ActiveCfg = Final|x64
		{DED5227B-FECA-1BAD-6E1D-F776A005DE8B}.Final|x64.Build.0 = Final|x64
		{DED5227B-FECA-1BAD-6E1D-F776A005DE8B}.Purify_Debug|Win32.ActiveCfg = Purify_Debug|Win32
		{DED5227B-FECA-1BAD-6E1D-F776A005DE8B}.Purify_Debug|Win32.Build.0 = Purify_Debug|Win32
		{DED5227B-FECA-1BAD-6E1D-F776A005DE8B}.Purify_Debug|x64.ActiveCfg = Purify_Debug|x64
		{DED5227B-FECA-1BAD-6E1D-F776A005DE8B}.Purify_Debug|x64.Build.0 = Purify_Debug|x64
		{DED5227B-FECA-1BAD-6E1D-F776A005DE8B}.Purify_Release|Win32.ActiveCfg = Purify_Release|Win32
		{DED5227B-FECA-1BAD-6E1D-F776A005DE8B}.Purify_Release|Win32.Build.0 = Purify_Release|Win32
		{DED5227B-FECA-1BAD-6E1D-F776A005DE8B}.Purify_Release|x64.ActiveCfg = Purify_Release|x64
		{DED5227B-FECA-1BAD-6E1D-F776A005DE8B}.Purify_Release|x64.Build.0 = Purify_Release|x64
		{DED5227B-FECA-1BAD-6E1D-F776A005DE8B}.Release|Win32.ActiveCfg = Release|Win32
		{DED5227B-FECA-1BAD-6E1D-F776A005DE8B}.Release|Win32.Build.0 = Release|Win32
		{DED5227B-FECA-1BAD-6E1D-F776A005DE8B}.Release|x64.ActiveCfg = Release|x64
		{DED5227B-FECA-1BAD-6E1D-F776A005DE8B}.Release|x64.Build.0 = Release|x64
		{3CA8D773-FECA-1BAD-3E93-D0A9A005DE8B}.Debug|Win32.ActiveCfg = Debug|Win32
		{3CA8D773-FECA-1BAD-3E93-D0A9A005DE8B}.Debug|Win32.Build.0 = Debug|Win32
		{3CA8D773-FECA-1BAD-3E93-D0A9A005DE8B}.Debug|x64.ActiveCfg = Debug|x64
		{3CA8D773-FECA-1BAD-3E93-D0A9A005DE8B}.Debug|x64.Build.0 = Debug|x64
		{3CA8D773-FECA-1BAD-3E93-D0A9A005DE8B}.Final|Win32.ActiveCfg = Final|Win32
		{3CA8D773-FECA-1BAD-3E93-D0A9A005DE8B}.Final|Win32.Build.0 = Final|Win32
		{3CA8D773-FECA-1BAD-3E93-D0A9A005DE8B}.Final|x64.ActiveCfg = Final|x64
		{3CA8D773-FECA-1BAD-3E93-D0A9A005DE8B}.Final|x64.Build.0 = Final|x64
		{3CA8D773-FECA-1BAD-3E93-D0A9A005DE8B}.Purify_Debug|Win32.ActiveCfg = Purify_Debug|Win32
		{3CA8D773-FECA-1BAD-3E93-D0A9A005DE8B}.Purify_Debug|Win32.Build.0 = Purify_Debug|Win32
		{3CA8D773-FECA-1BAD-3E93-D0A9A005DE8B}.Purify_Debug|x64.ActiveCfg = Purify_Debug|x64
		{3CA8D773-FECA-1BAD-3E93-D0A9A005DE8B}.Purify_Debug|x64.Build.0 = Purify_Debug|x64
		{3CA8D773-FECA-1BAD-3E93-D0A9A005DE8B}.Purify_Release|Win32.ActiveCfg = Purify_Release|Win32
		{3CA8D773-FECA-1BAD-3E93-D0A9A005DE8B}.Purify_Release|Win32.Build.0 = Purify_Release|Win32
		{3CA8D773-FECA-1BAD-3E93-D0A9A005DE8B}.Purify_Release|x64.ActiveCfg = Purify_Release|x64
		{3CA8D773-FECA-1BAD-3E93-D0A9A005DE8B}.Purify_Release|x64.Build.0 = Purify_Release|x64
		{3CA8D773-FECA-1BAD-3E93-D0A9A005DE8B}.Release|Win32.ActiveCfg = Release|Win32
		{3CA8D773-FECA-1BAD-3E93-D0A9A005DE8B}.Release|Win32.Build.0 = Release|Win32
		{3CA8D773-FECA-1BAD-3E93-D0A9A005DE8B}.Release|x64.ActiveCfg = Release|x64
		{3CA8D773-FECA-1BAD-3E93-D0A9A005DE8B}.Release|x64.Build.0 = Release|x64
		{7904311E-FECA-1BAD-5847-8A674C17A721}.Debug|Win32.ActiveCfg = Debug|Win32
		{7904311E-FECA-1BAD-5847-8A674C17A721}.Debug|Win32.Build.0 = Debug|Win32
		{7904311E-FECA-1BAD-5847-8A674C17A721}.Debug|x64.ActiveCfg = Debug|x64
		{7904311E-FECA-1BAD-5847-8A674C17A721}.Debug|x64.Build.0 = Debug|x64
		{7904311E-FECA-1BAD-5847-8A674C17A721}.Final|Win32.ActiveCfg = Final|Win32
		{7904311E-FECA-1BAD-5847-8A674C17A721}.Final|Win32.Build.0 = Final|Win32
		{7904311E-FECA-1BAD-5847-8A674C17A721}.Final|x64.ActiveCfg = Final|x64
		{7904311E-FECA-1BAD-5847-8A674C17A721}.Final|x64.Build.0 = Final|x64
		{7904311E-FECA-1BAD-5847-8A674C17A721}.Purify_Debug|Win32.ActiveCfg = Purify_Debug|Win32
		{7904311E-FECA-1BAD-5847-8A674C17A721}.Purify_Debug|Win32.Build.0 = Purify_Debug|Win32
		{7904311E-FECA-1BAD-5847-8A674C17A721}.Purify_Debug|x64.ActiveCfg = Purify_Debug|x64
		{7904311E-FECA-1BAD-5847-8A674C17A721}.Purify_Debug|x64.Build.0 = Purify_Debug|x64
		{7904311E-FECA-1BAD-5847-8A674C17A721}.Purify_Release|Win32.ActiveCfg = Purify_Release|Win32
		{7904311E-FECA-1BAD-5847-8A674C17A721}.Purify_Release|Win32.Build.0 = Purify_Release|Win32
		{7904311E-FECA-1BAD-5847-8A674C17A721}.Purify_Release|x64.ActiveCfg = Purify_Release|x64
		{7904311E-FECA-1BAD-5847-8A674C17A721}.Purify_Release|x64.Build.0 = Purify_Release|x64
		{7904311E-FECA-1BAD-5847-8A674C17A721}.Release|Win32.ActiveCfg = Release|Win32
		{7904311E-FECA-1BAD-5847-8A674C17A721}.Release|Win32.Build.0 = Release|Win32
		{7904311E-FECA-1BAD-5847-8A674C17A721}.Release|x64.ActiveCfg = Release|x64
		{7904311E-FECA-1BAD-5847-8A674C17A721}.Release|x64.Build.0 = Release|x64
		{4D5C34DF-FECA-1BAD-0454-CFE74C17A721}.Debug|Win32.ActiveCfg = Debug|Win32
		{4D5C34DF-FECA-1BAD-0454-CFE74C17A721}.Debug|Win32.Build.0 = Debug|Win32
		{4D5C34DF-FECA-1BAD-0454-CFE74C17A721}.Debug|x64.ActiveCfg = Debug|x64
		{4D5C34DF-FECA-1BAD-0454-CFE74C17A721}.Debug|x64.Build.0 = Debug|x64
		{4D5C34DF-FECA-1BAD-0454-CFE74C17A721}.Final|Win32.ActiveCfg = Final|Win32
		{4D5C34DF-FECA-1BAD-0454-CFE74C17A721}.Final|Win32.Build.0 = Final|Win32
		{4D5C34DF-FECA-1BAD-0454-CFE74C17A721}.Final|x64.ActiveCfg = Final|x64
		{4D5C34DF-FECA-1BAD-0454-CFE74C17A721}.Final|x64.Build.0 = Final|x64
		{4D5C34DF-FECA-1BAD-0454-CFE74C17A721}.Purify_Debug|Win32.ActiveCfg = Purify_Debug|Win32
		{4D5C34DF-FECA-1BAD-0454-CFE74C17A721}.Purify_Debug|Win32.Build.0 = Purify_Debug|Win32
		{4D5C34DF-FECA-1BAD-0454-CFE74C17A721}.Purify_Debug|x64.ActiveCfg = Purify_Debug|x64
		{4D5C34DF-FECA-1BAD-0454-CFE74C17A721}.Purify_Debug|x64.Build.0 = Purify_Debug|x64
		{4D5C34DF-FECA-1BAD-0454-CFE74C17A721}.Purify_Release|Win32.ActiveCfg = Purify_Release|Win32
		{4D5C34DF-FECA-1BAD-0454-CFE74C17A721}.Purify_Release|Win32.Build.0 = Purify_Release|Win32
		{4D5C34DF-FECA-1BAD-0454-CFE74C17A721}.Purify_Release|x64.ActiveCfg = Purify_Release|x64
		{4D5C34DF-FECA-1BAD-0454-CFE74C17A721}.Purify_Release|x64.Build.0 = Purify_Release|x64
		{4D5C34DF-FECA-1BAD-0454-CFE74C17A721}.Release|Win32.ActiveCfg = Release|Win32
		{4D5C34DF-FECA-1BAD-0454-CFE74C17A721}.Release|Win32.Build.0 = Release|Win32
		{4D5C34DF-FECA-1BAD-0454-CFE74C17A721}.Release|x64.ActiveCfg = Release|x64
		{4D5C34DF-FECA-1BAD-0454-CFE74C17A721}.Release|x64.Build.0 = Release|x64
		{9D00274B-FECA-1BAD-3D19-CA264C17A721}.Debug|Win32.ActiveCfg = Debug|Win32
		{9D00274B-FECA-1BAD-3D19-CA264C17A721}.Debug|Win32.Build.0 = Debug|Win32
		{9D00274B-FECA-1BAD-3D19-CA264C17A721}.Debug|x64.ActiveCfg = Debug|x64
		{9D00274B-FECA-1BAD-3D19-CA264C17A721}.Debug|x64.Build.0 = Debug|x64
		{9D00274B-FECA-1BAD-3D19-CA264C17A721}.Final|Win32.ActiveCfg = Final|Win32
		{9D00274B-FECA-1BAD-3D19-CA264C17A721}.Final|Win32.Build.0 = Final|Win32
		{9D00274B-FECA-1BAD-3D19-CA264C17A721}.Final|x64.ActiveCfg = Final|x64
		{9D00274B-FECA-1BAD-3D19-CA264C17A721}.Final|x64.Build.0 = Final|x64
		{9D00274B-FECA-1BAD-3D19-CA264C17A721}.Purify_Debug|Win32.ActiveCfg = Purify_Debug|Win32
		{9D00274B-FECA-1BAD-3D19-CA264C17A721}.Purify_Debug|Win32.Build.0 = Purify_Debug|Win32
		{9D00274B-FECA-1BAD-3D19-CA264C17A721}.Purify_Debug|x64.ActiveCfg = Purify_Debug|x64
		{9D00274B-FECA-1BAD-3D19-CA264C17A721}.Purify_Debug|x64.Build.0 = Purify_Debug|x64
		{9D00274B-FECA-1BAD-3D19-CA264C17A721}.Purify_Release|Win32.ActiveCfg = Purify_Release|Win32
		{9D00274B-FECA-1BAD-3D19-CA264C17A721}.Purify_Release|Win32.Build.0 = Purify_Release|Win32
		{9D00274B-FECA-1BAD-3D19-CA264C17A721}.Purify_Release|x64.ActiveCfg = Purify_Release|x64
		{9D00274B-FECA-1BAD-3D19-CA264C17A721}.Purify_Release|x64.Build.0 = Purify_Release|x64
		{9D00274B-FECA-1BAD-3D19-CA264C17A721}.Release|Win32.ActiveCfg = Release|Win32
		{9D00274B-FECA-1BAD-3D19-CA264C17A721}.Release|Win32.Build.0 = Release|Win32
		{9D00274B-FECA-1BAD-3D19-CA264C17A721}.Release|x64.ActiveCfg = Release|x64
		{9D00274B-FECA-1BAD-3D19-CA264C17A721}.Release|x64.Build.0 = Release|x64
		{B90470AD-FECA-1BAD-437B-8A634C17A721}.Debug|Win32.ActiveCfg = Debug|Win32
		{B90470AD-FECA-1BAD-437B-8A634C17A721}.Debug|Win32.Build.0 = Debug|Win32
		{B90470AD-FECA-1BAD-437B-8A634C17A721}.Debug|x64.ActiveCfg = Debug|x64
		{B90470AD-FECA-1BAD-437B-8A634C17A721}.Debug|x64.Build.0 = Debug|x64
		{B90470AD-FECA-1BAD-437B-8A634C17A721}.Final|Win32.ActiveCfg = Final|Win32
		{B90470AD-FECA-1BAD-437B-8A634C17A721}.Final|Win32.Build.0 = Final|Win32
		{B90470AD-FECA-1BAD-437B-8A634C17A721}.Final|x64.ActiveCfg = Final|x64
		{B90470AD-FECA-1BAD-437B-8A634C17A721}.Final|x64.Build.0 = Final|x64
		{B90470AD-FECA-1BAD-437B-8A634C17A721}.Purify_Debug|Win32.ActiveCfg = Purify_Debug|Win32
		{B90470AD-FECA-1BAD-437B-8A634C17A721}.Purify_Debug|Win32.Build.0 = Purify_Debug|Win32
		{B90470AD-FECA-1BAD-437B-8A634C17A721}.Purify_Debug|x64.ActiveCfg = Purify_Debug|x64
		{B90470AD-FECA-1BAD-437B-8A634C17A721}.Purify_Debug|x64.Build.0 = Purify_Debug|x64
		{B90470AD-FECA-1BAD-437B-8A634C17A721}.Purify_Release|Win32.ActiveCfg = Purify_Release|Win32
		{B90470AD-FECA-1BAD-437B-8A634C17A721}.Purify_Release|Win32.Build.0 = Purify_Release|Win32
		{B90470AD-FECA-1BAD-437B-8A634C17A721}.Purify_Release|x64.ActiveCfg = Purify_Release|x64
		{B90470AD-FECA-1BAD-437B-8A634C17A721}.Purify_Release|x64.Build.0 = Purify_Release|x64
		{B90470AD-FECA-1BAD-437B-8A634C17A721}.Release|Win32.ActiveCfg = Release|Win32
		{B90470AD-FECA-1BAD-437B-8A634C17A721}.Release|Win32.Build.0 = Release|Win32
		{B90470AD-FECA-1BAD-437B-8A634C17A721}.Release|x64.ActiveCfg = Release|x64
		{B90470AD-FECA-1BAD-437B-8A634C17A721}.Release|x64.Build.0 = Release|x64
		{7D33BCB5-FECA-1BAD-82F7-C91F4C17A721}.Debug|Win32.ActiveCfg = Debug|Win32
		{7D33BCB5-FECA-1BAD-82F7-C91F4C17A721}.Debug|Win32.Build.0 = Debug|Win32
		{7D33BCB5-FECA-1BAD-82F7-C91F4C17A721}.Debug|x64.ActiveCfg = Debug|x64
		{7D33BCB5-FECA-1BAD-82F7-C91F4C17A721}.Debug|x64.Build.0 = Debug|x64
		{7D33BCB5-FECA-1BAD-82F7-C91F4C17A721}.Final|Win32.ActiveCfg = Final|Win32
		{7D33BCB5-FECA-1BAD-82F7-C91F4C17A721}.Final|Win32.Build.0 = Final|Win32
		{7D33BCB5-FECA-1BAD-82F7-C91F4C17A721}.Final|x64.ActiveCfg = Final|x64
		{7D33BCB5-FECA-1BAD-82F7-C91F4C17A721}.Final|x64.Build.0 = Final|x64
		{7D33BCB5-FECA-1BAD-82F7-C91F4C17A721}.Purify_Debug|Win32.ActiveCfg = Purify_Debug|Win32
		{7D33BCB5-FECA-1BAD-82F7-C91F4C17A721}.Purify_Debug|Win32.Build.0 = Purify_Debug|Win32
		{7D33BCB5-FECA-1BAD-82F7-C91F4C17A721}.Purify_Debug|x64.ActiveCfg = Purify_Debug|x64
		{7D33BCB5-FECA-1BAD-82F7-C91F4C17A721}.Purify_Debug|x64.Build.0 = Purify_Debug|x64
		{7D33BCB5-FECA-1BAD-82F7-C91F4C17A721}.Purify_Release|Win32.ActiveCfg = Purify_Release|Win32
		{7D33BCB5-FECA-1BAD-82F7-C91F4C17A721}.Purify_Release|Win32.Build.0 = Purify_Release|Win32
		{7D33BCB5-FECA-1BAD-82F7-C91F4C17A721}.Purify_Release|x64.ActiveCfg = Purify_Release|x64
		{7D33BCB5-FECA-1BAD-82F7-C91F4C17A721}.Purify_Release|x64.Build.0 = Purify_Release|x64
		{7D33BCB5-FECA-1BAD-82F7-C91F4C17A721}.Release|Win32.ActiveCfg = Release|Win32
		{7D33BCB5-FECA-1BAD-82F7-C91F4C17A721}.Release|Win32.Build.0 = Release|Win32
		{7D33BCB5-FECA-1BAD-82F7-C91F4C17A721}.Release|x64.ActiveCfg = Release|x64
		{7D33BCB5-FECA-1BAD-82F7-C91F4C17A721}.Release|x64.Build.0 = Release|x64
		{E90470AD-FECA-1BAD-437E-8A634C17A721}.Debug|Win32.ActiveCfg = Debug|Win32
		{E90470AD-FECA-1BAD-437E-8A634C17A721}.Debug|Win32.Build.0 = Debug|Win32
		{E90470AD-FECA-1BAD-437E-8A634C17A721}.Debug|x64.ActiveCfg = Debug|x64
		{E90470AD-FECA-1BAD-437E-8A634C17A721}.Debug|x64.Build.0 = Debug|x64
		{E90470AD-FECA-1BAD-437E-8A634C17A721}.Final|Win32.ActiveCfg = Final|Win32
		{E90470AD-FECA-1BAD-437E-8A634C17A721}.Final|Win32.Build.0 = Final|Win32
		{E90470AD-FECA-1BAD-437E-8A634C17A721}.Final|x64.ActiveCfg = Final|x64
		{E90470AD-FECA-1BAD-437E-8A634C17A721}.Final|x64.Build.0 = Final|x64
		{E90470AD-FECA-1BAD-437E-8A634C17A721}.Purify_Debug|Win32.ActiveCfg = Purify_Debug|Win32
		{E90470AD-FECA-1BAD-437E-8A634C17A721}.Purify_Debug|Win32.Build.0 = Purify_Debug|Win32
		{E90470AD-FECA-1BAD-437E-8A634C17A721}.Purify_Debug|x64.ActiveCfg = Purify_Debug|x64
		{E90470AD-FECA-1BAD-437E-8A634C17A721}.Purify_Debug|x64.Build.0 = Purify_Debug|x64
		{E90470AD-FECA-1BAD-437E-8A634C17A721}.Purify_Release|Win32.ActiveCfg = Purify_Release|Win32
		{E90470AD-FECA-1BAD-437E-8A634C17A721}.Purify_Release|Win32.Build.0 = Purify_Release|Win32
		{E90470AD-FECA-1BAD-437E-8A634C17A721}.Purify_Release|x64.ActiveCfg = Purify_Release|x64
		{E90470AD-FECA-1BAD-437E-8A634C17A721}.Purify_Release|x64.Build.0 = Purify_Release|x64
		{E90470AD-FECA-1BAD-437E-8A634C17A721}.Release|Win32.ActiveCfg = Release|Win32
		{E90470AD-FECA-1BAD-437E-8A634C17A721}.Release|Win32.Build.0 = Release|Win32
		{E90470AD-FECA-1BAD-437E-8A634C17A721}.Release|x64.ActiveCfg = Release|x64
		{E90470AD-FECA-1BAD-437E-8A634C17A721}.Release|x64.Build.0 = Release|x64
		{B9558EBB-FECA-1BAD-A21B-8F7C4C17A721}.Debug|Win32.ActiveCfg = Debug|Win32
		{B9558EBB-FECA-1BAD-A21B-8F7C4C17A721}.Debug|Win32.Build.0 = Debug|Win32
		{B9558EBB-FECA-1BAD-A21B-8F7C4C17A721}.Debug|x64.ActiveCfg = Debug|x64
		{B9558EBB-FECA-1BAD-A21B-8F7C4C17A721}.Debug|x64.Build.0 = Debug|x64
		{B9558EBB-FECA-1BAD-A21B-8F7C4C17A721}.Final|Win32.ActiveCfg = Final|Win32
		{B9558EBB-FECA-1BAD-A21B-8F7C4C17A721}.Final|Win32.Build.0 = Final|Win32
		{B9558EBB-FECA-1BAD-A21B-8F7C4C17A721}.Final|x64.ActiveCfg = Final|x64
		{B9558EBB-FECA-1BAD-A21B-8F7C4C17A721}.Final|x64.Build.0 = Final|x64
		{B9558EBB-FECA-1BAD-A21B-8F7C4C17A721}.Purify_Debug|Win32.ActiveCfg = Purify_Debug|Win32
		{B9558EBB-FECA-1BAD-A21B-8F7C4C17A721}.Purify_Debug|Win32.Build.0 = Purify_Debug|Win32
		{B9558EBB-FECA-1BAD-A21B-8F7C4C17A721}.Purify_Debug|x64.ActiveCfg = Purify_Debug|x64
		{B9558EBB-FECA-1BAD-A21B-8F7C4C17A721}.Purify_Debug|x64.Build.0 = Purify_Debug|x64
		{B9558EBB-FECA-1BAD-A21B-8F7C4C17A721}.Purify_Release|Win32.ActiveCfg = Purify_Release|Win32
		{B9558EBB-FECA-1BAD-A21B-8F7C4C17A721}.Purify_Release|Win32.Build.0 = Purify_Release|Win32
		{B9558EBB-FECA-1BAD-A21B-8F7C4C17A721}.Purify_Release|x64.ActiveCfg = Purify_Release|x64
		{B9558EBB-FECA-1BAD-A21B-8F7C4C17A721}.Purify_Release|x64.Build.0 = Purify_Release|x64
		{B9558EBB-FECA-1BAD-A21B-8F7C4C17A721}.Release|Win32.ActiveCfg = Release|Win32
		{B9558EBB-FECA-1BAD-A21B-8F7C4C17A721}.Release|Win32.Build.0 = Release|Win32
		{B9558EBB-FECA-1BAD-A21B-8F7C4C17A721}.Release|x64.ActiveCfg = Release|x64
		{B9558EBB-FECA-1BAD-A21B-8F7C4C17A721}.Release|x64.Build.0 = Release|x64
	EndGlobalSection
	GlobalSection(SolutionProperties) = preSolution
		HideSolutionNode = FALSE
	EndGlobalSection
EndGlobal
